{
    "version": 3,
    "terraform_version": "0.7.0",
    "serial": 10,
    "lineage": "b547c8ba-f044-45d6-97d4-459c62f88ecd",
    "modules": [
        {
            "path": [
                "root"
            ],
            "outputs": {},
            "resources": {
                "aws_autoscaling_group.docmosis": {
                    "type": "aws_autoscaling_group",
                    "depends_on": [
                        "aws_elb.docmosis",
                        "aws_launch_configuration.docmosis",
                        "aws_subnet.us-west-2a-private",
                        "aws_subnet.us-west-2b-private"
                    ],
                    "primary": {
                        "id": "dragonair-docmosis-autoscale-group",
                        "attributes": {
                            "availability_zones.#": "2",
                            "availability_zones.221770259": "us-west-2b",
                            "availability_zones.2487133097": "us-west-2a",
                            "default_cooldown": "300",
                            "desired_capacity": "0",
                            "force_delete": "false",
                            "health_check_grace_period": "300",
                            "health_check_type": "EC2",
                            "id": "dragonair-docmosis-autoscale-group",
                            "launch_configuration": "dragonair_docmosis_lc",
                            "load_balancers.#": "1",
                            "load_balancers.573893115": "dragonair-docmosis-elb",
                            "max_size": "2",
                            "metrics_granularity": "1Minute",
                            "min_size": "0",
                            "name": "dragonair-docmosis-autoscale-group",
                            "placement_group": "",
                            "protect_from_scale_in": "false",
                            "tag.#": "0",
                            "termination_policies.#": "0",
                            "vpc_zone_identifier.#": "2",
                            "vpc_zone_identifier.1744556144": "subnet-864476e2",
                            "vpc_zone_identifier.3189112557": "subnet-bbf1bbcd",
                            "wait_for_capacity_timeout": "10m"
                        }
                    }
                },
                "aws_autoscaling_group.nginx": {
                    "type": "aws_autoscaling_group",
                    "depends_on": [
                        "aws_elb.nginx",
                        "aws_launch_configuration.nginx",
                        "aws_subnet.us-west-2a-public",
                        "aws_subnet.us-west-2b-public"
                    ],
                    "primary": {
                        "id": "dragonair-nginx-autoscale-group",
                        "attributes": {
                            "availability_zones.#": "2",
                            "availability_zones.221770259": "us-west-2b",
                            "availability_zones.2487133097": "us-west-2a",
                            "default_cooldown": "300",
                            "desired_capacity": "0",
                            "force_delete": "false",
                            "health_check_grace_period": "300",
                            "health_check_type": "EC2",
                            "id": "dragonair-nginx-autoscale-group",
                            "launch_configuration": "dragonair_nginx_lc",
                            "load_balancers.#": "1",
                            "load_balancers.1382369139": "dragonair-nginx-elb",
                            "max_size": "2",
                            "metrics_granularity": "1Minute",
                            "min_size": "0",
                            "name": "dragonair-nginx-autoscale-group",
                            "placement_group": "",
                            "protect_from_scale_in": "false",
                            "tag.#": "0",
                            "termination_policies.#": "0",
                            "vpc_zone_identifier.#": "2",
                            "vpc_zone_identifier.1320646786": "subnet-b8f1bbce",
                            "vpc_zone_identifier.3062623058": "subnet-874476e3",
                            "wait_for_capacity_timeout": "10m"
                        }
                    }
                },
                "aws_autoscaling_group.sync_gateway": {
                    "type": "aws_autoscaling_group",
                    "depends_on": [
                        "aws_elb.sync_gateway",
                        "aws_launch_configuration.sync_gateway",
                        "aws_subnet.us-west-2a-private"
                    ],
                    "primary": {
                        "id": "dragonair-sg-autoscale-group",
                        "attributes": {
                            "availability_zones.#": "1",
                            "availability_zones.2487133097": "us-west-2a",
                            "default_cooldown": "300",
                            "desired_capacity": "0",
                            "force_delete": "false",
                            "health_check_grace_period": "300",
                            "health_check_type": "EC2",
                            "id": "dragonair-sg-autoscale-group",
                            "launch_configuration": "dragonair_sync_gateway_lc",
                            "load_balancers.#": "1",
                            "load_balancers.3941002789": "dragonair-sync-gateway-elb",
                            "max_size": "2",
                            "metrics_granularity": "1Minute",
                            "min_size": "0",
                            "name": "dragonair-sg-autoscale-group",
                            "placement_group": "",
                            "protect_from_scale_in": "false",
                            "tag.#": "0",
                            "termination_policies.#": "0",
                            "vpc_zone_identifier.#": "1",
                            "vpc_zone_identifier.0": "",
                            "wait_for_capacity_timeout": "10m"
                        }
                    }
                },
                "aws_eip.nat": {
                    "type": "aws_eip",
                    "primary": {
                        "id": "eipalloc-9974dbfe",
                        "attributes": {
                            "association_id": "eipassoc-e699d59e",
                            "domain": "vpc",
                            "id": "eipalloc-9974dbfe",
                            "instance": "",
                            "network_interface": "eni-7290270d",
                            "private_ip": "10.0.12.234",
                            "public_ip": "54.70.233.146"
                        }
                    }
                },
                "aws_elb.docmosis": {
                    "type": "aws_elb",
                    "depends_on": [
                        "aws_security_group.private",
                        "aws_subnet.us-west-2a-private"
                    ],
                    "primary": {
                        "id": "dragonair-docmosis-elb",
                        "attributes": {
                            "access_logs.#": "0",
                            "availability_zones.#": "1",
                            "availability_zones.2487133097": "us-west-2a",
                            "connection_draining": "false",
                            "connection_draining_timeout": "300",
                            "cross_zone_load_balancing": "true",
                            "dns_name": "internal-dragonair-docmosis-elb-1938570848.us-west-2.elb.amazonaws.com",
                            "health_check.#": "1",
                            "health_check.0.healthy_threshold": "10",
                            "health_check.0.interval": "30",
                            "health_check.0.target": "http:8080/tornado.html",
                            "health_check.0.timeout": "5",
                            "health_check.0.unhealthy_threshold": "2",
                            "id": "dragonair-docmosis-elb",
                            "idle_timeout": "60",
                            "instances.#": "0",
                            "internal": "true",
                            "listener.#": "1",
                            "listener.1092403652.instance_port": "8080",
                            "listener.1092403652.instance_protocol": "http",
                            "listener.1092403652.lb_port": "8080",
                            "listener.1092403652.lb_protocol": "http",
                            "listener.1092403652.ssl_certificate_id": "",
                            "name": "dragonair-docmosis-elb",
                            "security_groups.#": "1",
                            "security_groups.1992966212": "sg-72a77b0b",
                            "source_security_group": "905856206022/DRAGONAIR_private_secgroup",
                            "source_security_group_id": "sg-72a77b0b",
                            "subnets.#": "1",
                            "subnets.1744556144": "subnet-864476e2",
                            "tags.%": "0",
                            "zone_id": "Z1H1FL5HABSF5"
                        }
                    }
                },
                "aws_elb.nginx": {
                    "type": "aws_elb",
                    "depends_on": [
                        "aws_security_group.web",
                        "aws_subnet.us-west-2a-public"
                    ],
                    "primary": {
                        "id": "dragonair-nginx-elb",
                        "attributes": {
                            "access_logs.#": "0",
                            "availability_zones.#": "1",
                            "availability_zones.2487133097": "us-west-2a",
                            "connection_draining": "false",
                            "connection_draining_timeout": "300",
                            "cross_zone_load_balancing": "true",
                            "dns_name": "dragonair-nginx-elb-124387055.us-west-2.elb.amazonaws.com",
                            "health_check.#": "1",
                            "health_check.0.healthy_threshold": "10",
                            "health_check.0.interval": "30",
                            "health_check.0.target": "http:80/elb-status",
                            "health_check.0.timeout": "5",
                            "health_check.0.unhealthy_threshold": "2",
                            "id": "dragonair-nginx-elb",
                            "idle_timeout": "60",
                            "instances.#": "0",
                            "internal": "false",
                            "listener.#": "4",
                            "listener.2947843709.instance_port": "4985",
                            "listener.2947843709.instance_protocol": "http",
                            "listener.2947843709.lb_port": "4985",
                            "listener.2947843709.lb_protocol": "https",
                            "listener.2947843709.ssl_certificate_id": "arn:aws:iam::905856206022:server-certificate/star_kordata_com1",
                            "listener.3057123346.instance_port": "80",
                            "listener.3057123346.instance_protocol": "http",
                            "listener.3057123346.lb_port": "80",
                            "listener.3057123346.lb_protocol": "http",
                            "listener.3057123346.ssl_certificate_id": "",
                            "listener.3471836349.instance_port": "5000",
                            "listener.3471836349.instance_protocol": "http",
                            "listener.3471836349.lb_port": "443",
                            "listener.3471836349.lb_protocol": "https",
                            "listener.3471836349.ssl_certificate_id": "arn:aws:iam::905856206022:server-certificate/star_kordata_com1",
                            "listener.407673830.instance_port": "4984",
                            "listener.407673830.instance_protocol": "http",
                            "listener.407673830.lb_port": "4984",
                            "listener.407673830.lb_protocol": "https",
                            "listener.407673830.ssl_certificate_id": "arn:aws:iam::905856206022:server-certificate/star_kordata_com1",
                            "name": "dragonair-nginx-elb",
                            "security_groups.#": "1",
                            "security_groups.3295301212": "sg-75a77b0c",
                            "source_security_group": "905856206022/DRAGONAIR_public_secgroup",
                            "source_security_group_id": "sg-75a77b0c",
                            "subnets.#": "1",
                            "subnets.3062623058": "subnet-874476e3",
                            "tags.%": "0",
                            "zone_id": "Z1H1FL5HABSF5"
                        }
                    }
                },
                "aws_elb.sync_gateway": {
                    "type": "aws_elb",
                    "depends_on": [
                        "aws_security_group.private",
                        "aws_subnet.us-west-2a-public"
                    ],
                    "primary": {
                        "id": "dragonair-sync-gateway-elb",
                        "attributes": {
                            "access_logs.#": "0",
                            "availability_zones.#": "1",
                            "availability_zones.2487133097": "us-west-2a",
                            "connection_draining": "false",
                            "connection_draining_timeout": "300",
                            "cross_zone_load_balancing": "true",
                            "dns_name": "internal-dragonair-sync-gateway-elb-89397784.us-west-2.elb.amazonaws.com",
                            "health_check.#": "1",
                            "health_check.0.healthy_threshold": "4",
                            "health_check.0.interval": "20",
                            "health_check.0.target": "http:4984/",
                            "health_check.0.timeout": "10",
                            "health_check.0.unhealthy_threshold": "2",
                            "id": "dragonair-sync-gateway-elb",
                            "idle_timeout": "60",
                            "instances.#": "0",
                            "internal": "true",
                            "listener.#": "2",
                            "listener.3569284979.instance_port": "4985",
                            "listener.3569284979.instance_protocol": "http",
                            "listener.3569284979.lb_port": "4985",
                            "listener.3569284979.lb_protocol": "http",
                            "listener.3569284979.ssl_certificate_id": "",
                            "listener.4148576524.instance_port": "4984",
                            "listener.4148576524.instance_protocol": "http",
                            "listener.4148576524.lb_port": "4984",
                            "listener.4148576524.lb_protocol": "http",
                            "listener.4148576524.ssl_certificate_id": "",
                            "name": "dragonair-sync-gateway-elb",
                            "security_groups.#": "1",
                            "security_groups.1992966212": "sg-72a77b0b",
                            "source_security_group": "905856206022/DRAGONAIR_private_secgroup",
                            "source_security_group_id": "sg-72a77b0b",
                            "subnets.#": "1",
                            "subnets.3062623058": "subnet-874476e3",
                            "tags.%": "0",
                            "zone_id": "Z1H1FL5HABSF5"
                        }
                    }
                },
                "aws_instance.bastion": {
                    "type": "aws_instance",
                    "depends_on": [
                        "aws_nat_gateway.gw",
                        "aws_security_group.web",
                        "aws_subnet.us-west-2a-public"
                    ],
                    "primary": {
                        "id": "i-9235888a",
                        "attributes": {
                            "ami": "ami-a2579cc2",
                            "associate_public_ip_address": "true",
                            "availability_zone": "us-west-2a",
                            "disable_api_termination": "false",
                            "ebs_block_device.#": "0",
                            "ebs_optimized": "false",
                            "ephemeral_block_device.#": "0",
                            "iam_instance_profile": "",
                            "id": "i-9235888a",
                            "instance_state": "running",
                            "instance_type": "t2.small",
                            "key_name": "dragonrush",
                            "monitoring": "false",
                            "network_interface_id": "eni-8377c0fc",
                            "private_dns": "ip-10-0-12-25.us-west-2.compute.internal",
                            "private_ip": "10.0.12.25",
                            "public_dns": "ec2-54-70-220-108.us-west-2.compute.amazonaws.com",
                            "public_ip": "54.70.220.108",
                            "root_block_device.#": "1",
                            "root_block_device.0.delete_on_termination": "true",
                            "root_block_device.0.iops": "100",
                            "root_block_device.0.volume_size": "8",
                            "root_block_device.0.volume_type": "gp2",
                            "security_groups.#": "0",
                            "source_dest_check": "true",
                            "subnet_id": "subnet-874476e3",
                            "tags.%": "1",
                            "tags.Name": "DRAGONAIR.bastion",
                            "tenancy": "default",
                            "vpc_security_group_ids.#": "1",
                            "vpc_security_group_ids.3295301212": "sg-75a77b0c"
                        },
                        "meta": {
                            "schema_version": "1"
                        }
                    }
                },
                "aws_internet_gateway.default": {
                    "type": "aws_internet_gateway",
                    "depends_on": [
                        "aws_vpc.default"
                    ],
                    "primary": {
                        "id": "igw-47f95723",
                        "attributes": {
                            "id": "igw-47f95723",
                            "tags.%": "0",
                            "vpc_id": "vpc-b1b7bfd5"
                        }
                    }
                },
                "aws_launch_configuration.docmosis": {
                    "type": "aws_launch_configuration",
                    "depends_on": [
                        "aws_security_group.private"
                    ],
                    "primary": {
                        "id": "dragonair_docmosis_lc",
                        "attributes": {
                            "associate_public_ip_address": "false",
                            "ebs_block_device.#": "0",
                            "ebs_optimized": "false",
                            "enable_monitoring": "true",
                            "ephemeral_block_device.#": "0",
                            "iam_instance_profile": "",
                            "id": "dragonair_docmosis_lc",
                            "image_id": "ami-7fb1711f",
                            "instance_type": "t2.small",
                            "key_name": "dragonrush",
                            "name": "dragonair_docmosis_lc",
                            "root_block_device.#": "0",
                            "security_groups.#": "1",
                            "security_groups.1992966212": "sg-72a77b0b",
                            "spot_price": "",
                            "user_data": "bfee5824d8da4fe8ca154ba8e999ebd633395837",
                            "vpc_classic_link_id": "",
                            "vpc_classic_link_security_groups.#": "0"
                        }
                    }
                },
                "aws_launch_configuration.nginx": {
                    "type": "aws_launch_configuration",
                    "depends_on": [
                        "aws_security_group.web"
                    ],
                    "primary": {
                        "id": "dragonair_nginx_lc",
                        "attributes": {
                            "associate_public_ip_address": "true",
                            "ebs_block_device.#": "0",
                            "ebs_optimized": "false",
                            "enable_monitoring": "true",
                            "ephemeral_block_device.#": "0",
                            "iam_instance_profile": "",
                            "id": "dragonair_nginx_lc",
                            "image_id": "ami-9627ecf6",
                            "instance_type": "t2.small",
                            "key_name": "dragonrush",
                            "name": "dragonair_nginx_lc",
                            "root_block_device.#": "0",
                            "security_groups.#": "1",
                            "security_groups.3295301212": "sg-75a77b0c",
                            "spot_price": "",
                            "user_data": "2452c9f7619719ee2f3d8c2ef8796336edf624d7",
                            "vpc_classic_link_id": "",
                            "vpc_classic_link_security_groups.#": "0"
                        }
                    }
                },
                "aws_launch_configuration.sync_gateway": {
                    "type": "aws_launch_configuration",
                    "depends_on": [
                        "aws_security_group.private"
                    ],
                    "primary": {
                        "id": "dragonair_sync_gateway_lc",
                        "attributes": {
                            "associate_public_ip_address": "false",
                            "ebs_block_device.#": "0",
                            "ebs_optimized": "false",
                            "enable_monitoring": "true",
                            "ephemeral_block_device.#": "0",
                            "iam_instance_profile": "",
                            "id": "dragonair_sync_gateway_lc",
                            "image_id": "ami-ef11db8f",
                            "instance_type": "t2.small",
                            "key_name": "dragonrush",
                            "name": "dragonair_sync_gateway_lc",
                            "root_block_device.#": "0",
                            "security_groups.#": "1",
                            "security_groups.1992966212": "sg-72a77b0b",
                            "spot_price": "",
                            "user_data": "2452c9f7619719ee2f3d8c2ef8796336edf624d7",
                            "vpc_classic_link_id": "",
                            "vpc_classic_link_security_groups.#": "0"
                        }
                    }
                },
                "aws_nat_gateway.gw": {
                    "type": "aws_nat_gateway",
                    "depends_on": [
                        "aws_eip.nat",
                        "aws_internet_gateway.default",
                        "aws_subnet.us-west-2a-public"
                    ],
                    "primary": {
                        "id": "nat-093fc53c756380153",
                        "attributes": {
                            "allocation_id": "eipalloc-9974dbfe",
                            "id": "nat-093fc53c756380153",
                            "network_interface_id": "eni-7290270d",
                            "private_ip": "10.0.12.234",
                            "public_ip": "54.70.233.146",
                            "subnet_id": "subnet-874476e3"
                        }
                    }
                },
                "aws_route_table.us-west-2a-private": {
                    "type": "aws_route_table",
                    "depends_on": [
                        "aws_nat_gateway.gw",
                        "aws_vpc.default"
                    ],
                    "primary": {
                        "id": "rtb-3db27b5a",
                        "attributes": {
                            "id": "rtb-3db27b5a",
                            "propagating_vgws.#": "0",
                            "route.#": "1",
                            "route.2880968622.cidr_block": "0.0.0.0/0",
                            "route.2880968622.gateway_id": "",
                            "route.2880968622.instance_id": "",
                            "route.2880968622.nat_gateway_id": "nat-093fc53c756380153",
                            "route.2880968622.network_interface_id": "",
                            "route.2880968622.vpc_peering_connection_id": "",
                            "tags.%": "3",
                            "tags.Category": "Kordata",
                            "tags.Environment": "Dragonair",
                            "tags.Name": "DRAGONAIR-private-2a",
                            "vpc_id": "vpc-b1b7bfd5"
                        }
                    }
                },
                "aws_route_table.us-west-2a-public": {
                    "type": "aws_route_table",
                    "depends_on": [
                        "aws_internet_gateway.default",
                        "aws_vpc.default"
                    ],
                    "primary": {
                        "id": "rtb-deb37ab9",
                        "attributes": {
                            "id": "rtb-deb37ab9",
                            "propagating_vgws.#": "0",
                            "route.#": "1",
                            "route.3671054539.cidr_block": "0.0.0.0/0",
                            "route.3671054539.gateway_id": "igw-47f95723",
                            "route.3671054539.instance_id": "",
                            "route.3671054539.nat_gateway_id": "",
                            "route.3671054539.network_interface_id": "",
                            "route.3671054539.vpc_peering_connection_id": "",
                            "tags.%": "3",
                            "tags.Category": "Kordata",
                            "tags.Environment": "Dragonair",
                            "tags.Name": "DRAGONAIR-Public-2a",
                            "vpc_id": "vpc-b1b7bfd5"
                        }
                    }
                },
                "aws_route_table.us-west-2b-private": {
                    "type": "aws_route_table",
                    "depends_on": [
                        "aws_nat_gateway.gw",
                        "aws_vpc.default"
                    ],
                    "primary": {
                        "id": "rtb-3eb27b59",
                        "attributes": {
                            "id": "rtb-3eb27b59",
                            "propagating_vgws.#": "0",
                            "route.#": "1",
                            "route.2880968622.cidr_block": "0.0.0.0/0",
                            "route.2880968622.gateway_id": "",
                            "route.2880968622.instance_id": "",
                            "route.2880968622.nat_gateway_id": "nat-093fc53c756380153",
                            "route.2880968622.network_interface_id": "",
                            "route.2880968622.vpc_peering_connection_id": "",
                            "tags.%": "3",
                            "tags.Category": "Kordata",
                            "tags.Environment": "Dragonair",
                            "tags.Name": "DRAGONAIR-private-2b",
                            "vpc_id": "vpc-b1b7bfd5"
                        }
                    }
                },
                "aws_route_table.us-west-2b-public": {
                    "type": "aws_route_table",
                    "depends_on": [
                        "aws_internet_gateway.default",
                        "aws_vpc.default"
                    ],
                    "primary": {
                        "id": "rtb-dfb37ab8",
                        "attributes": {
                            "id": "rtb-dfb37ab8",
                            "propagating_vgws.#": "0",
                            "route.#": "1",
                            "route.3671054539.cidr_block": "0.0.0.0/0",
                            "route.3671054539.gateway_id": "igw-47f95723",
                            "route.3671054539.instance_id": "",
                            "route.3671054539.nat_gateway_id": "",
                            "route.3671054539.network_interface_id": "",
                            "route.3671054539.vpc_peering_connection_id": "",
                            "tags.%": "3",
                            "tags.Category": "Kordata",
                            "tags.Environment": "Dragonair",
                            "tags.Name": "DRAGONAIR-Public-2b",
                            "vpc_id": "vpc-b1b7bfd5"
                        }
                    }
                },
                "aws_route_table_association.us-west-2a-private": {
                    "type": "aws_route_table_association",
                    "depends_on": [
                        "aws_route_table.us-west-2a-private",
                        "aws_subnet.us-west-2a-private"
                    ],
                    "primary": {
                        "id": "rtbassoc-7ff5c018",
                        "attributes": {
                            "id": "rtbassoc-7ff5c018",
                            "route_table_id": "rtb-3db27b5a",
                            "subnet_id": "subnet-864476e2"
                        }
                    }
                },
                "aws_route_table_association.us-west-2a-public": {
                    "type": "aws_route_table_association",
                    "depends_on": [
                        "aws_route_table.us-west-2a-public",
                        "aws_subnet.us-west-2a-public"
                    ],
                    "primary": {
                        "id": "rtbassoc-5e0a3f39",
                        "attributes": {
                            "id": "rtbassoc-5e0a3f39",
                            "route_table_id": "rtb-deb37ab9",
                            "subnet_id": "subnet-874476e3"
                        }
                    }
                },
                "aws_route_table_association.us-west-2b-private": {
                    "type": "aws_route_table_association",
                    "depends_on": [
                        "aws_route_table.us-west-2b-private",
                        "aws_subnet.us-west-2b-private"
                    ],
                    "primary": {
                        "id": "rtbassoc-7ef5c019",
                        "attributes": {
                            "id": "rtbassoc-7ef5c019",
                            "route_table_id": "rtb-3eb27b59",
                            "subnet_id": "subnet-bbf1bbcd"
                        }
                    }
                },
                "aws_route_table_association.us-west-2b-public": {
                    "type": "aws_route_table_association",
                    "depends_on": [
                        "aws_route_table.us-west-2b-public",
                        "aws_subnet.us-west-2b-public"
                    ],
                    "primary": {
                        "id": "rtbassoc-590a3f3e",
                        "attributes": {
                            "id": "rtbassoc-590a3f3e",
                            "route_table_id": "rtb-dfb37ab8",
                            "subnet_id": "subnet-b8f1bbce"
                        }
                    }
                },
                "aws_security_group.private": {
                    "type": "aws_security_group",
                    "depends_on": [
                        "aws_vpc.default"
                    ],
                    "primary": {
                        "id": "sg-72a77b0b",
                        "attributes": {
                            "description": "Allow incoming web/database connections.",
                            "egress.#": "16",
                            "egress.1401313523.cidr_blocks.#": "1",
                            "egress.1401313523.cidr_blocks.0": "10.0.0.0/16",
                            "egress.1401313523.from_port": "9500",
                            "egress.1401313523.prefix_list_ids.#": "0",
                            "egress.1401313523.protocol": "tcp",
                            "egress.1401313523.security_groups.#": "0",
                            "egress.1401313523.self": "false",
                            "egress.1401313523.to_port": "9500",
                            "egress.1614566449.cidr_blocks.#": "1",
                            "egress.1614566449.cidr_blocks.0": "10.0.0.0/16",
                            "egress.1614566449.from_port": "18901",
                            "egress.1614566449.prefix_list_ids.#": "0",
                            "egress.1614566449.protocol": "tcp",
                            "egress.1614566449.security_groups.#": "0",
                            "egress.1614566449.self": "false",
                            "egress.1614566449.to_port": "18905",
                            "egress.1705025304.cidr_blocks.#": "1",
                            "egress.1705025304.cidr_blocks.0": "10.0.0.0/16",
                            "egress.1705025304.from_port": "4984",
                            "egress.1705025304.prefix_list_ids.#": "0",
                            "egress.1705025304.protocol": "tcp",
                            "egress.1705025304.security_groups.#": "0",
                            "egress.1705025304.self": "false",
                            "egress.1705025304.to_port": "4985",
                            "egress.2214680975.cidr_blocks.#": "1",
                            "egress.2214680975.cidr_blocks.0": "0.0.0.0/0",
                            "egress.2214680975.from_port": "80",
                            "egress.2214680975.prefix_list_ids.#": "0",
                            "egress.2214680975.protocol": "tcp",
                            "egress.2214680975.security_groups.#": "0",
                            "egress.2214680975.self": "false",
                            "egress.2214680975.to_port": "80",
                            "egress.2557024631.cidr_blocks.#": "1",
                            "egress.2557024631.cidr_blocks.0": "10.0.0.0/16",
                            "egress.2557024631.from_port": "4369",
                            "egress.2557024631.prefix_list_ids.#": "0",
                            "egress.2557024631.protocol": "tcp",
                            "egress.2557024631.security_groups.#": "0",
                            "egress.2557024631.self": "false",
                            "egress.2557024631.to_port": "4369",
                            "egress.2617001939.cidr_blocks.#": "1",
                            "egress.2617001939.cidr_blocks.0": "0.0.0.0/0",
                            "egress.2617001939.from_port": "443",
                            "egress.2617001939.prefix_list_ids.#": "0",
                            "egress.2617001939.protocol": "tcp",
                            "egress.2617001939.security_groups.#": "0",
                            "egress.2617001939.self": "false",
                            "egress.2617001939.to_port": "443",
                            "egress.284779734.cidr_blocks.#": "1",
                            "egress.284779734.cidr_blocks.0": "10.0.0.0/16",
                            "egress.284779734.from_port": "9998",
                            "egress.284779734.prefix_list_ids.#": "0",
                            "egress.284779734.protocol": "tcp",
                            "egress.284779734.security_groups.#": "0",
                            "egress.284779734.self": "false",
                            "egress.284779734.to_port": "9999",
                            "egress.2863568401.cidr_blocks.#": "1",
                            "egress.2863568401.cidr_blocks.0": "10.0.0.0/16",
                            "egress.2863568401.from_port": "9100",
                            "egress.2863568401.prefix_list_ids.#": "0",
                            "egress.2863568401.protocol": "tcp",
                            "egress.2863568401.security_groups.#": "0",
                            "egress.2863568401.self": "false",
                            "egress.2863568401.to_port": "9105",
                            "egress.3019688685.cidr_blocks.#": "1",
                            "egress.3019688685.cidr_blocks.0": "10.0.0.0/16",
                            "egress.3019688685.from_port": "21100",
                            "egress.3019688685.prefix_list_ids.#": "0",
                            "egress.3019688685.protocol": "tcp",
                            "egress.3019688685.security_groups.#": "0",
                            "egress.3019688685.self": "false",
                            "egress.3019688685.to_port": "21299",
                            "egress.542945394.cidr_blocks.#": "1",
                            "egress.542945394.cidr_blocks.0": "10.0.0.0/16",
                            "egress.542945394.from_port": "8080",
                            "egress.542945394.prefix_list_ids.#": "0",
                            "egress.542945394.protocol": "tcp",
                            "egress.542945394.security_groups.#": "0",
                            "egress.542945394.self": "false",
                            "egress.542945394.to_port": "8080",
                            "egress.551729666.cidr_blocks.#": "1",
                            "egress.551729666.cidr_blocks.0": "10.1.0.0/16",
                            "egress.551729666.from_port": "11207",
                            "egress.551729666.prefix_list_ids.#": "0",
                            "egress.551729666.protocol": "tcp",
                            "egress.551729666.security_groups.#": "0",
                            "egress.551729666.self": "false",
                            "egress.551729666.to_port": "11215",
                            "egress.636024171.cidr_blocks.#": "1",
                            "egress.636024171.cidr_blocks.0": "10.1.0.0/16",
                            "egress.636024171.from_port": "8091",
                            "egress.636024171.prefix_list_ids.#": "0",
                            "egress.636024171.protocol": "tcp",
                            "egress.636024171.security_groups.#": "0",
                            "egress.636024171.self": "false",
                            "egress.636024171.to_port": "8095",
                            "egress.669341511.cidr_blocks.#": "1",
                            "egress.669341511.cidr_blocks.0": "10.1.0.0/16",
                            "egress.669341511.from_port": "18091",
                            "egress.669341511.prefix_list_ids.#": "0",
                            "egress.669341511.protocol": "tcp",
                            "egress.669341511.security_groups.#": "0",
                            "egress.669341511.self": "false",
                            "egress.669341511.to_port": "18095",
                            "egress.848552232.cidr_blocks.#": "1",
                            "egress.848552232.cidr_blocks.0": "10.0.0.0/16",
                            "egress.848552232.from_port": "8091",
                            "egress.848552232.prefix_list_ids.#": "0",
                            "egress.848552232.protocol": "tcp",
                            "egress.848552232.security_groups.#": "0",
                            "egress.848552232.self": "false",
                            "egress.848552232.to_port": "8095",
                            "egress.931551850.cidr_blocks.#": "1",
                            "egress.931551850.cidr_blocks.0": "10.0.0.0/16",
                            "egress.931551850.from_port": "22",
                            "egress.931551850.prefix_list_ids.#": "0",
                            "egress.931551850.protocol": "tcp",
                            "egress.931551850.security_groups.#": "0",
                            "egress.931551850.self": "false",
                            "egress.931551850.to_port": "22",
                            "egress.932818497.cidr_blocks.#": "1",
                            "egress.932818497.cidr_blocks.0": "10.0.0.0/16",
                            "egress.932818497.from_port": "11207",
                            "egress.932818497.prefix_list_ids.#": "0",
                            "egress.932818497.protocol": "tcp",
                            "egress.932818497.security_groups.#": "0",
                            "egress.932818497.self": "false",
                            "egress.932818497.to_port": "11215",
                            "id": "sg-72a77b0b",
                            "ingress.#": "18",
                            "ingress.1401313523.cidr_blocks.#": "1",
                            "ingress.1401313523.cidr_blocks.0": "10.0.0.0/16",
                            "ingress.1401313523.from_port": "9500",
                            "ingress.1401313523.protocol": "tcp",
                            "ingress.1401313523.security_groups.#": "0",
                            "ingress.1401313523.self": "false",
                            "ingress.1401313523.to_port": "9500",
                            "ingress.1829582617.cidr_blocks.#": "1",
                            "ingress.1829582617.cidr_blocks.0": "10.0.0.0/16",
                            "ingress.1829582617.from_port": "443",
                            "ingress.1829582617.protocol": "tcp",
                            "ingress.1829582617.security_groups.#": "0",
                            "ingress.1829582617.self": "false",
                            "ingress.1829582617.to_port": "443",
                            "ingress.2165049311.cidr_blocks.#": "1",
                            "ingress.2165049311.cidr_blocks.0": "10.0.0.0/16",
                            "ingress.2165049311.from_port": "80",
                            "ingress.2165049311.protocol": "tcp",
                            "ingress.2165049311.security_groups.#": "0",
                            "ingress.2165049311.self": "false",
                            "ingress.2165049311.to_port": "80",
                            "ingress.2367571557.cidr_blocks.#": "1",
                            "ingress.2367571557.cidr_blocks.0": "10.0.0.0/16",
                            "ingress.2367571557.from_port": "3001",
                            "ingress.2367571557.protocol": "tcp",
                            "ingress.2367571557.security_groups.#": "0",
                            "ingress.2367571557.self": "false",
                            "ingress.2367571557.to_port": "3001",
                            "ingress.2547516695.cidr_blocks.#": "1",
                            "ingress.2547516695.cidr_blocks.0": "10.1.0.0/16",
                            "ingress.2547516695.from_port": "18091",
                            "ingress.2547516695.protocol": "tcp",
                            "ingress.2547516695.security_groups.#": "0",
                            "ingress.2547516695.self": "false",
                            "ingress.2547516695.to_port": "18093",
                            "ingress.2557024631.cidr_blocks.#": "1",
                            "ingress.2557024631.cidr_blocks.0": "10.0.0.0/16",
                            "ingress.2557024631.from_port": "4369",
                            "ingress.2557024631.protocol": "tcp",
                            "ingress.2557024631.security_groups.#": "0",
                            "ingress.2557024631.self": "false",
                            "ingress.2557024631.to_port": "4369",
                            "ingress.284779734.cidr_blocks.#": "1",
                            "ingress.284779734.cidr_blocks.0": "10.0.0.0/16",
                            "ingress.284779734.from_port": "9998",
                            "ingress.284779734.protocol": "tcp",
                            "ingress.284779734.security_groups.#": "0",
                            "ingress.284779734.self": "false",
                            "ingress.284779734.to_port": "9999",
                            "ingress.2863568401.cidr_blocks.#": "1",
                            "ingress.2863568401.cidr_blocks.0": "10.0.0.0/16",
                            "ingress.2863568401.from_port": "9100",
                            "ingress.2863568401.protocol": "tcp",
                            "ingress.2863568401.security_groups.#": "0",
                            "ingress.2863568401.self": "false",
                            "ingress.2863568401.to_port": "9105",
                            "ingress.3019688685.cidr_blocks.#": "1",
                            "ingress.3019688685.cidr_blocks.0": "10.0.0.0/16",
                            "ingress.3019688685.from_port": "21100",
                            "ingress.3019688685.protocol": "tcp",
                            "ingress.3019688685.security_groups.#": "0",
                            "ingress.3019688685.self": "false",
                            "ingress.3019688685.to_port": "21299",
                            "ingress.3032262572.cidr_blocks.#": "1",
                            "ingress.3032262572.cidr_blocks.0": "0.0.0.0/0",
                            "ingress.3032262572.from_port": "4984",
                            "ingress.3032262572.protocol": "tcp",
                            "ingress.3032262572.security_groups.#": "0",
                            "ingress.3032262572.self": "false",
                            "ingress.3032262572.to_port": "4985",
                            "ingress.542945394.cidr_blocks.#": "1",
                            "ingress.542945394.cidr_blocks.0": "10.0.0.0/16",
                            "ingress.542945394.from_port": "8080",
                            "ingress.542945394.protocol": "tcp",
                            "ingress.542945394.security_groups.#": "0",
                            "ingress.542945394.self": "false",
                            "ingress.542945394.to_port": "8080",
                            "ingress.551729666.cidr_blocks.#": "1",
                            "ingress.551729666.cidr_blocks.0": "10.1.0.0/16",
                            "ingress.551729666.from_port": "11207",
                            "ingress.551729666.protocol": "tcp",
                            "ingress.551729666.security_groups.#": "0",
                            "ingress.551729666.self": "false",
                            "ingress.551729666.to_port": "11215",
                            "ingress.623811199.cidr_blocks.#": "1",
                            "ingress.623811199.cidr_blocks.0": "0.0.0.0/0",
                            "ingress.623811199.from_port": "123",
                            "ingress.623811199.protocol": "tcp",
                            "ingress.623811199.security_groups.#": "0",
                            "ingress.623811199.self": "false",
                            "ingress.623811199.to_port": "123",
                            "ingress.636024171.cidr_blocks.#": "1",
                            "ingress.636024171.cidr_blocks.0": "10.1.0.0/16",
                            "ingress.636024171.from_port": "8091",
                            "ingress.636024171.protocol": "tcp",
                            "ingress.636024171.security_groups.#": "0",
                            "ingress.636024171.self": "false",
                            "ingress.636024171.to_port": "8095",
                            "ingress.815678212.cidr_blocks.#": "1",
                            "ingress.815678212.cidr_blocks.0": "10.0.0.0/16",
                            "ingress.815678212.from_port": "18091",
                            "ingress.815678212.protocol": "tcp",
                            "ingress.815678212.security_groups.#": "0",
                            "ingress.815678212.self": "false",
                            "ingress.815678212.to_port": "18095",
                            "ingress.848552232.cidr_blocks.#": "1",
                            "ingress.848552232.cidr_blocks.0": "10.0.0.0/16",
                            "ingress.848552232.from_port": "8091",
                            "ingress.848552232.protocol": "tcp",
                            "ingress.848552232.security_groups.#": "0",
                            "ingress.848552232.self": "false",
                            "ingress.848552232.to_port": "8095",
                            "ingress.931551850.cidr_blocks.#": "1",
                            "ingress.931551850.cidr_blocks.0": "10.0.0.0/16",
                            "ingress.931551850.from_port": "22",
                            "ingress.931551850.protocol": "tcp",
                            "ingress.931551850.security_groups.#": "0",
                            "ingress.931551850.self": "false",
                            "ingress.931551850.to_port": "22",
                            "ingress.932818497.cidr_blocks.#": "1",
                            "ingress.932818497.cidr_blocks.0": "10.0.0.0/16",
                            "ingress.932818497.from_port": "11207",
                            "ingress.932818497.protocol": "tcp",
                            "ingress.932818497.security_groups.#": "0",
                            "ingress.932818497.self": "false",
                            "ingress.932818497.to_port": "11215",
                            "name": "DRAGONAIR_private_secgroup",
                            "owner_id": "905856206022",
                            "tags.%": "3",
                            "tags.Category": "Kordata",
                            "tags.Environment": "Dragonair",
                            "tags.Name": "DRAGONAIR.private.secgroup",
                            "vpc_id": "vpc-b1b7bfd5"
                        }
                    }
                },
                "aws_security_group.web": {
                    "type": "aws_security_group",
                    "depends_on": [
                        "aws_vpc.default"
                    ],
                    "primary": {
                        "id": "sg-75a77b0c",
                        "attributes": {
                            "description": "Allow incoming HTTP connections.",
                            "egress.#": "18",
                            "egress.111625788.cidr_blocks.#": "1",
                            "egress.111625788.cidr_blocks.0": "10.0.0.0/16",
                            "egress.111625788.from_port": "4985",
                            "egress.111625788.prefix_list_ids.#": "0",
                            "egress.111625788.protocol": "tcp",
                            "egress.111625788.security_groups.#": "0",
                            "egress.111625788.self": "false",
                            "egress.111625788.to_port": "4985",
                            "egress.1401313523.cidr_blocks.#": "1",
                            "egress.1401313523.cidr_blocks.0": "10.0.0.0/16",
                            "egress.1401313523.from_port": "9500",
                            "egress.1401313523.prefix_list_ids.#": "0",
                            "egress.1401313523.protocol": "tcp",
                            "egress.1401313523.security_groups.#": "0",
                            "egress.1401313523.self": "false",
                            "egress.1401313523.to_port": "9500",
                            "egress.1431762526.cidr_blocks.#": "1",
                            "egress.1431762526.cidr_blocks.0": "0.0.0.0/0",
                            "egress.1431762526.from_port": "9418",
                            "egress.1431762526.prefix_list_ids.#": "0",
                            "egress.1431762526.protocol": "tcp",
                            "egress.1431762526.security_groups.#": "0",
                            "egress.1431762526.self": "false",
                            "egress.1431762526.to_port": "9418",
                            "egress.1614566449.cidr_blocks.#": "1",
                            "egress.1614566449.cidr_blocks.0": "10.0.0.0/16",
                            "egress.1614566449.from_port": "18901",
                            "egress.1614566449.prefix_list_ids.#": "0",
                            "egress.1614566449.protocol": "tcp",
                            "egress.1614566449.security_groups.#": "0",
                            "egress.1614566449.self": "false",
                            "egress.1614566449.to_port": "18905",
                            "egress.2214680975.cidr_blocks.#": "1",
                            "egress.2214680975.cidr_blocks.0": "0.0.0.0/0",
                            "egress.2214680975.from_port": "80",
                            "egress.2214680975.prefix_list_ids.#": "0",
                            "egress.2214680975.protocol": "tcp",
                            "egress.2214680975.security_groups.#": "0",
                            "egress.2214680975.self": "false",
                            "egress.2214680975.to_port": "80",
                            "egress.2557024631.cidr_blocks.#": "1",
                            "egress.2557024631.cidr_blocks.0": "10.0.0.0/16",
                            "egress.2557024631.from_port": "4369",
                            "egress.2557024631.prefix_list_ids.#": "0",
                            "egress.2557024631.protocol": "tcp",
                            "egress.2557024631.security_groups.#": "0",
                            "egress.2557024631.self": "false",
                            "egress.2557024631.to_port": "4369",
                            "egress.256376809.cidr_blocks.#": "1",
                            "egress.256376809.cidr_blocks.0": "0.0.0.0/0",
                            "egress.256376809.from_port": "3001",
                            "egress.256376809.prefix_list_ids.#": "0",
                            "egress.256376809.protocol": "tcp",
                            "egress.256376809.security_groups.#": "0",
                            "egress.256376809.self": "false",
                            "egress.256376809.to_port": "3001",
                            "egress.2586488990.cidr_blocks.#": "1",
                            "egress.2586488990.cidr_blocks.0": "10.0.0.0/16",
                            "egress.2586488990.from_port": "5000",
                            "egress.2586488990.prefix_list_ids.#": "0",
                            "egress.2586488990.protocol": "tcp",
                            "egress.2586488990.security_groups.#": "0",
                            "egress.2586488990.self": "false",
                            "egress.2586488990.to_port": "5000",
                            "egress.2617001939.cidr_blocks.#": "1",
                            "egress.2617001939.cidr_blocks.0": "0.0.0.0/0",
                            "egress.2617001939.from_port": "443",
                            "egress.2617001939.prefix_list_ids.#": "0",
                            "egress.2617001939.protocol": "tcp",
                            "egress.2617001939.security_groups.#": "0",
                            "egress.2617001939.self": "false",
                            "egress.2617001939.to_port": "443",
                            "egress.2744435564.cidr_blocks.#": "1",
                            "egress.2744435564.cidr_blocks.0": "0.0.0.0/0",
                            "egress.2744435564.from_port": "4984",
                            "egress.2744435564.prefix_list_ids.#": "0",
                            "egress.2744435564.protocol": "tcp",
                            "egress.2744435564.security_groups.#": "0",
                            "egress.2744435564.self": "false",
                            "egress.2744435564.to_port": "4984",
                            "egress.284779734.cidr_blocks.#": "1",
                            "egress.284779734.cidr_blocks.0": "10.0.0.0/16",
                            "egress.284779734.from_port": "9998",
                            "egress.284779734.prefix_list_ids.#": "0",
                            "egress.284779734.protocol": "tcp",
                            "egress.284779734.security_groups.#": "0",
                            "egress.284779734.self": "false",
                            "egress.284779734.to_port": "9999",
                            "egress.3019688685.cidr_blocks.#": "1",
                            "egress.3019688685.cidr_blocks.0": "10.0.0.0/16",
                            "egress.3019688685.from_port": "21100",
                            "egress.3019688685.prefix_list_ids.#": "0",
                            "egress.3019688685.protocol": "tcp",
                            "egress.3019688685.security_groups.#": "0",
                            "egress.3019688685.self": "false",
                            "egress.3019688685.to_port": "21299",
                            "egress.3464463693.cidr_blocks.#": "1",
                            "egress.3464463693.cidr_blocks.0": "0.0.0.0/0",
                            "egress.3464463693.from_port": "587",
                            "egress.3464463693.prefix_list_ids.#": "0",
                            "egress.3464463693.protocol": "tcp",
                            "egress.3464463693.security_groups.#": "0",
                            "egress.3464463693.self": "false",
                            "egress.3464463693.to_port": "587",
                            "egress.516175195.cidr_blocks.#": "1",
                            "egress.516175195.cidr_blocks.0": "0.0.0.0/0",
                            "egress.516175195.from_port": "8080",
                            "egress.516175195.prefix_list_ids.#": "0",
                            "egress.516175195.protocol": "tcp",
                            "egress.516175195.security_groups.#": "0",
                            "egress.516175195.self": "false",
                            "egress.516175195.to_port": "8080",
                            "egress.623811199.cidr_blocks.#": "1",
                            "egress.623811199.cidr_blocks.0": "0.0.0.0/0",
                            "egress.623811199.from_port": "123",
                            "egress.623811199.prefix_list_ids.#": "0",
                            "egress.623811199.protocol": "tcp",
                            "egress.623811199.security_groups.#": "0",
                            "egress.623811199.self": "false",
                            "egress.623811199.to_port": "123",
                            "egress.848552232.cidr_blocks.#": "1",
                            "egress.848552232.cidr_blocks.0": "10.0.0.0/16",
                            "egress.848552232.from_port": "8091",
                            "egress.848552232.prefix_list_ids.#": "0",
                            "egress.848552232.protocol": "tcp",
                            "egress.848552232.security_groups.#": "0",
                            "egress.848552232.self": "false",
                            "egress.848552232.to_port": "8095",
                            "egress.931551850.cidr_blocks.#": "1",
                            "egress.931551850.cidr_blocks.0": "10.0.0.0/16",
                            "egress.931551850.from_port": "22",
                            "egress.931551850.prefix_list_ids.#": "0",
                            "egress.931551850.protocol": "tcp",
                            "egress.931551850.security_groups.#": "0",
                            "egress.931551850.self": "false",
                            "egress.931551850.to_port": "22",
                            "egress.932818497.cidr_blocks.#": "1",
                            "egress.932818497.cidr_blocks.0": "10.0.0.0/16",
                            "egress.932818497.from_port": "11207",
                            "egress.932818497.prefix_list_ids.#": "0",
                            "egress.932818497.protocol": "tcp",
                            "egress.932818497.security_groups.#": "0",
                            "egress.932818497.self": "false",
                            "egress.932818497.to_port": "11215",
                            "id": "sg-75a77b0c",
                            "ingress.#": "18",
                            "ingress.111625788.cidr_blocks.#": "1",
                            "ingress.111625788.cidr_blocks.0": "10.0.0.0/16",
                            "ingress.111625788.from_port": "4985",
                            "ingress.111625788.protocol": "tcp",
                            "ingress.111625788.security_groups.#": "0",
                            "ingress.111625788.self": "false",
                            "ingress.111625788.to_port": "4985",
                            "ingress.1401313523.cidr_blocks.#": "1",
                            "ingress.1401313523.cidr_blocks.0": "10.0.0.0/16",
                            "ingress.1401313523.from_port": "9500",
                            "ingress.1401313523.protocol": "tcp",
                            "ingress.1401313523.security_groups.#": "0",
                            "ingress.1401313523.self": "false",
                            "ingress.1401313523.to_port": "9500",
                            "ingress.1431762526.cidr_blocks.#": "1",
                            "ingress.1431762526.cidr_blocks.0": "0.0.0.0/0",
                            "ingress.1431762526.from_port": "9418",
                            "ingress.1431762526.protocol": "tcp",
                            "ingress.1431762526.security_groups.#": "0",
                            "ingress.1431762526.self": "false",
                            "ingress.1431762526.to_port": "9418",
                            "ingress.2214680975.cidr_blocks.#": "1",
                            "ingress.2214680975.cidr_blocks.0": "0.0.0.0/0",
                            "ingress.2214680975.from_port": "80",
                            "ingress.2214680975.protocol": "tcp",
                            "ingress.2214680975.security_groups.#": "0",
                            "ingress.2214680975.self": "false",
                            "ingress.2214680975.to_port": "80",
                            "ingress.2419663769.cidr_blocks.#": "1",
                            "ingress.2419663769.cidr_blocks.0": "0.0.0.0/0",
                            "ingress.2419663769.from_port": "5555",
                            "ingress.2419663769.protocol": "tcp",
                            "ingress.2419663769.security_groups.#": "0",
                            "ingress.2419663769.self": "false",
                            "ingress.2419663769.to_port": "5555",
                            "ingress.2491066110.cidr_blocks.#": "1",
                            "ingress.2491066110.cidr_blocks.0": "0.0.0.0/0",
                            "ingress.2491066110.from_port": "5000",
                            "ingress.2491066110.protocol": "tcp",
                            "ingress.2491066110.security_groups.#": "0",
                            "ingress.2491066110.self": "false",
                            "ingress.2491066110.to_port": "5000",
                            "ingress.2557024631.cidr_blocks.#": "1",
                            "ingress.2557024631.cidr_blocks.0": "10.0.0.0/16",
                            "ingress.2557024631.from_port": "4369",
                            "ingress.2557024631.protocol": "tcp",
                            "ingress.2557024631.security_groups.#": "0",
                            "ingress.2557024631.self": "false",
                            "ingress.2557024631.to_port": "4369",
                            "ingress.25588851.cidr_blocks.#": "1",
                            "ingress.25588851.cidr_blocks.0": "10.0.0.0/16",
                            "ingress.25588851.from_port": "18091",
                            "ingress.25588851.protocol": "tcp",
                            "ingress.25588851.security_groups.#": "0",
                            "ingress.25588851.self": "false",
                            "ingress.25588851.to_port": "18092",
                            "ingress.256376809.cidr_blocks.#": "1",
                            "ingress.256376809.cidr_blocks.0": "0.0.0.0/0",
                            "ingress.256376809.from_port": "3001",
                            "ingress.256376809.protocol": "tcp",
                            "ingress.256376809.security_groups.#": "0",
                            "ingress.256376809.self": "false",
                            "ingress.256376809.to_port": "3001",
                            "ingress.2617001939.cidr_blocks.#": "1",
                            "ingress.2617001939.cidr_blocks.0": "0.0.0.0/0",
                            "ingress.2617001939.from_port": "443",
                            "ingress.2617001939.protocol": "tcp",
                            "ingress.2617001939.security_groups.#": "0",
                            "ingress.2617001939.self": "false",
                            "ingress.2617001939.to_port": "443",
                            "ingress.2744435564.cidr_blocks.#": "1",
                            "ingress.2744435564.cidr_blocks.0": "0.0.0.0/0",
                            "ingress.2744435564.from_port": "4984",
                            "ingress.2744435564.protocol": "tcp",
                            "ingress.2744435564.security_groups.#": "0",
                            "ingress.2744435564.self": "false",
                            "ingress.2744435564.to_port": "4984",
                            "ingress.284779734.cidr_blocks.#": "1",
                            "ingress.284779734.cidr_blocks.0": "10.0.0.0/16",
                            "ingress.284779734.from_port": "9998",
                            "ingress.284779734.protocol": "tcp",
                            "ingress.284779734.security_groups.#": "0",
                            "ingress.284779734.self": "false",
                            "ingress.284779734.to_port": "9999",
                            "ingress.2863568401.cidr_blocks.#": "1",
                            "ingress.2863568401.cidr_blocks.0": "10.0.0.0/16",
                            "ingress.2863568401.from_port": "9100",
                            "ingress.2863568401.protocol": "tcp",
                            "ingress.2863568401.security_groups.#": "0",
                            "ingress.2863568401.self": "false",
                            "ingress.2863568401.to_port": "9105",
                            "ingress.3019688685.cidr_blocks.#": "1",
                            "ingress.3019688685.cidr_blocks.0": "10.0.0.0/16",
                            "ingress.3019688685.from_port": "21100",
                            "ingress.3019688685.protocol": "tcp",
                            "ingress.3019688685.security_groups.#": "0",
                            "ingress.3019688685.self": "false",
                            "ingress.3019688685.to_port": "21299",
                            "ingress.433339597.cidr_blocks.#": "1",
                            "ingress.433339597.cidr_blocks.0": "0.0.0.0/0",
                            "ingress.433339597.from_port": "8888",
                            "ingress.433339597.protocol": "tcp",
                            "ingress.433339597.security_groups.#": "0",
                            "ingress.433339597.self": "false",
                            "ingress.433339597.to_port": "8888",
                            "ingress.542945394.cidr_blocks.#": "1",
                            "ingress.542945394.cidr_blocks.0": "10.0.0.0/16",
                            "ingress.542945394.from_port": "8080",
                            "ingress.542945394.protocol": "tcp",
                            "ingress.542945394.security_groups.#": "0",
                            "ingress.542945394.self": "false",
                            "ingress.542945394.to_port": "8080",
                            "ingress.931551850.cidr_blocks.#": "1",
                            "ingress.931551850.cidr_blocks.0": "10.0.0.0/16",
                            "ingress.931551850.from_port": "22",
                            "ingress.931551850.protocol": "tcp",
                            "ingress.931551850.security_groups.#": "0",
                            "ingress.931551850.self": "false",
                            "ingress.931551850.to_port": "22",
                            "ingress.932818497.cidr_blocks.#": "1",
                            "ingress.932818497.cidr_blocks.0": "10.0.0.0/16",
                            "ingress.932818497.from_port": "11207",
                            "ingress.932818497.protocol": "tcp",
                            "ingress.932818497.security_groups.#": "0",
                            "ingress.932818497.self": "false",
                            "ingress.932818497.to_port": "11215",
                            "name": "DRAGONAIR_public_secgroup",
                            "owner_id": "905856206022",
                            "tags.%": "3",
                            "tags.Category": "Kordata",
                            "tags.Environment": "Dragonair",
                            "tags.Name": "SHEDINJA.public.secgroup",
                            "vpc_id": "vpc-b1b7bfd5"
                        }
                    }
                },
                "aws_subnet.us-west-2a-private": {
                    "type": "aws_subnet",
                    "depends_on": [
                        "aws_vpc.default"
                    ],
                    "primary": {
                        "id": "subnet-864476e2",
                        "attributes": {
                            "availability_zone": "us-west-2a",
                            "cidr_block": "10.0.14.0/24",
                            "id": "subnet-864476e2",
                            "map_public_ip_on_launch": "false",
                            "tags.%": "3",
                            "tags.Category": "Kordata",
                            "tags.Environment": "Dragonair",
                            "tags.Name": "DRAGONAIR-private-2a",
                            "vpc_id": "vpc-b1b7bfd5"
                        }
                    }
                },
                "aws_subnet.us-west-2a-public": {
                    "type": "aws_subnet",
                    "depends_on": [
                        "aws_vpc.default"
                    ],
                    "primary": {
                        "id": "subnet-874476e3",
                        "attributes": {
                            "availability_zone": "us-west-2a",
                            "cidr_block": "10.0.12.0/24",
                            "id": "subnet-874476e3",
                            "map_public_ip_on_launch": "false",
                            "tags.%": "3",
                            "tags.Category": "Kordata",
                            "tags.Environment": "Dragonair",
                            "tags.Name": "DRAGONAIR-public-2a",
                            "vpc_id": "vpc-b1b7bfd5"
                        }
                    }
                },
                "aws_subnet.us-west-2b-private": {
                    "type": "aws_subnet",
                    "depends_on": [
                        "aws_vpc.default"
                    ],
                    "primary": {
                        "id": "subnet-bbf1bbcd",
                        "attributes": {
                            "availability_zone": "us-west-2b",
                            "cidr_block": "10.0.15.0/24",
                            "id": "subnet-bbf1bbcd",
                            "map_public_ip_on_launch": "false",
                            "tags.%": "3",
                            "tags.Category": "Kordata",
                            "tags.Environment": "Dragonair",
                            "tags.Name": "DRAGONAIR-private-2b",
                            "vpc_id": "vpc-b1b7bfd5"
                        }
                    }
                },
                "aws_subnet.us-west-2b-public": {
                    "type": "aws_subnet",
                    "depends_on": [
                        "aws_vpc.default"
                    ],
                    "primary": {
                        "id": "subnet-b8f1bbce",
                        "attributes": {
                            "availability_zone": "us-west-2b",
                            "cidr_block": "10.0.13.0/24",
                            "id": "subnet-b8f1bbce",
                            "map_public_ip_on_launch": "false",
                            "tags.%": "3",
                            "tags.Category": "Kordata",
                            "tags.Environment": "Dragonair",
                            "tags.Name": "DRAGONAIR-public-2b",
                            "vpc_id": "vpc-b1b7bfd5"
                        }
                    }
                },
                "aws_vpc.default": {
                    "type": "aws_vpc",
                    "primary": {
                        "id": "vpc-b1b7bfd5",
                        "attributes": {
                            "cidr_block": "10.0.12.0/22",
                            "default_network_acl_id": "acl-08a1496f",
                            "default_security_group_id": "sg-71a77b08",
                            "dhcp_options_id": "dopt-09120b6b",
                            "enable_classiclink": "false",
                            "enable_dns_hostnames": "true",
                            "enable_dns_support": "true",
                            "id": "vpc-b1b7bfd5",
                            "instance_tenancy": "default",
                            "main_route_table_id": "rtb-d1b37ab6",
                            "tags.%": "3",
                            "tags.Category": "Kordata",
                            "tags.Environment": "Dragonair",
                            "tags.Name": "DRAGONAIR-kordata"
                        }
                    }
                }
            }
        }
    ]
}
