{
    "version": 3,
    "terraform_version": "0.7.4",
    "serial": 121,
    "lineage": "b9efa07e-73a7-4160-aad6-e7519291ac52",
    "modules": [
        {
            "path": [
                "root"
            ],
            "outputs": {},
            "resources": {
                "aws_alb.dragonair_blue": {
                    "type": "aws_alb",
                    "depends_on": [
                        "aws_security_group.private",
                        "aws_subnet.us-west-2a-private",
                        "aws_subnet.us-west-2b-private"
                    ],
                    "primary": {
                        "id": "arn:aws:elasticloadbalancing:us-west-2:093234080301:loadbalancer/app/blue-dragonair-alb/84ef95ed6194dfad",
                        "attributes": {
                            "access_logs.#": "0",
                            "arn": "arn:aws:elasticloadbalancing:us-west-2:093234080301:loadbalancer/app/blue-dragonair-alb/84ef95ed6194dfad",
                            "arn_suffix": "app/blue-dragonair-alb/84ef95ed6194dfad",
                            "dns_name": "internal-blue-dragonair-alb-1345326978.us-west-2.elb.amazonaws.com",
                            "enable_deletion_protection": "false",
                            "id": "arn:aws:elasticloadbalancing:us-west-2:093234080301:loadbalancer/app/blue-dragonair-alb/84ef95ed6194dfad",
                            "idle_timeout": "60",
                            "internal": "true",
                            "name": "blue-dragonair-alb",
                            "security_groups.#": "1",
                            "security_groups.2411303995": "sg-deb9cca7",
                            "subnets.#": "2",
                            "subnets.1890739243": "subnet-27deeb51",
                            "subnets.28230159": "subnet-c52a39a1",
                            "tags.%": "0",
                            "vpc_id": "vpc-14a65173",
                            "zone_id": "Z1H1FL5HABSF5"
                        },
                        "meta": {},
                        "tainted": false
                    },
                    "deposed": [],
                    "provider": ""
                },
                "aws_alb.dragonair_blue_public": {
                    "type": "aws_alb",
                    "depends_on": [
                        "aws_security_group.web",
                        "aws_subnet.us-west-2a-public",
                        "aws_subnet.us-west-2b-public"
                    ],
                    "primary": {
                        "id": "arn:aws:elasticloadbalancing:us-west-2:093234080301:loadbalancer/app/public-blue-dragonair-alb/338a508965df5dd3",
                        "attributes": {
                            "access_logs.#": "0",
                            "arn": "arn:aws:elasticloadbalancing:us-west-2:093234080301:loadbalancer/app/public-blue-dragonair-alb/338a508965df5dd3",
                            "arn_suffix": "app/public-blue-dragonair-alb/338a508965df5dd3",
                            "dns_name": "public-blue-dragonair-alb-1599371902.us-west-2.elb.amazonaws.com",
                            "enable_deletion_protection": "false",
                            "id": "arn:aws:elasticloadbalancing:us-west-2:093234080301:loadbalancer/app/public-blue-dragonair-alb/338a508965df5dd3",
                            "idle_timeout": "60",
                            "internal": "false",
                            "name": "public-blue-dragonair-alb",
                            "security_groups.#": "1",
                            "security_groups.3377905200": "sg-dfb9cca6",
                            "subnets.#": "2",
                            "subnets.3402494": "subnet-39deeb4f",
                            "subnets.676399193": "subnet-fb2a399f",
                            "tags.%": "0",
                            "vpc_id": "vpc-14a65173",
                            "zone_id": "Z1H1FL5HABSF5"
                        },
                        "meta": {},
                        "tainted": false
                    },
                    "deposed": [],
                    "provider": ""
                },
                "aws_alb_listener.blue_dragonair_443_public": {
                    "type": "aws_alb_listener",
                    "depends_on": [
                        "aws_alb.dragonair_blue_public",
                        "aws_alb_target_group.blue_dragonair_443_public"
                    ],
                    "primary": {
                        "id": "arn:aws:elasticloadbalancing:us-west-2:093234080301:listener/app/public-blue-dragonair-alb/338a508965df5dd3/cb225950053ba1a2",
                        "attributes": {
                            "arn": "arn:aws:elasticloadbalancing:us-west-2:093234080301:listener/app/public-blue-dragonair-alb/338a508965df5dd3/cb225950053ba1a2",
                            "certificate_arn": "arn:aws:iam::093234080301:server-certificate/blueKordata",
                            "default_action.#": "1",
                            "default_action.0.target_group_arn": "arn:aws:elasticloadbalancing:us-west-2:093234080301:targetgroup/nginx-blue-dragonair-443-tg/3e543c0f1ecbf44e",
                            "default_action.0.type": "forward",
                            "id": "arn:aws:elasticloadbalancing:us-west-2:093234080301:listener/app/public-blue-dragonair-alb/338a508965df5dd3/cb225950053ba1a2",
                            "load_balancer_arn": "arn:aws:elasticloadbalancing:us-west-2:093234080301:loadbalancer/app/public-blue-dragonair-alb/338a508965df5dd3",
                            "port": "443",
                            "protocol": "HTTPS",
                            "ssl_policy": "ELBSecurityPolicy-2015-05"
                        },
                        "meta": {},
                        "tainted": false
                    },
                    "deposed": [],
                    "provider": ""
                },
                "aws_alb_listener.blue_dragonair_4984": {
                    "type": "aws_alb_listener",
                    "depends_on": [
                        "aws_alb.dragonair_blue",
                        "aws_alb_target_group.blue_dragonair"
                    ],
                    "primary": {
                        "id": "arn:aws:elasticloadbalancing:us-west-2:093234080301:listener/app/blue-dragonair-alb/84ef95ed6194dfad/d44180f6c9c61402",
                        "attributes": {
                            "arn": "arn:aws:elasticloadbalancing:us-west-2:093234080301:listener/app/blue-dragonair-alb/84ef95ed6194dfad/d44180f6c9c61402",
                            "certificate_arn": "arn:aws:iam::093234080301:server-certificate/blueKordata",
                            "default_action.#": "1",
                            "default_action.0.target_group_arn": "arn:aws:elasticloadbalancing:us-west-2:093234080301:targetgroup/blue-dragonair-kordata-tg/586474edf7991b8c",
                            "default_action.0.type": "forward",
                            "id": "arn:aws:elasticloadbalancing:us-west-2:093234080301:listener/app/blue-dragonair-alb/84ef95ed6194dfad/d44180f6c9c61402",
                            "load_balancer_arn": "arn:aws:elasticloadbalancing:us-west-2:093234080301:loadbalancer/app/blue-dragonair-alb/84ef95ed6194dfad",
                            "port": "4984",
                            "protocol": "HTTPS",
                            "ssl_policy": "ELBSecurityPolicy-2015-05"
                        },
                        "meta": {},
                        "tainted": false
                    },
                    "deposed": [],
                    "provider": ""
                },
                "aws_alb_listener.blue_dragonair_4984_public": {
                    "type": "aws_alb_listener",
                    "depends_on": [
                        "aws_alb.dragonair_blue_public",
                        "aws_alb_target_group.blue_dragonair_4984_public"
                    ],
                    "primary": {
                        "id": "arn:aws:elasticloadbalancing:us-west-2:093234080301:listener/app/public-blue-dragonair-alb/338a508965df5dd3/e157fdfe991d078e",
                        "attributes": {
                            "arn": "arn:aws:elasticloadbalancing:us-west-2:093234080301:listener/app/public-blue-dragonair-alb/338a508965df5dd3/e157fdfe991d078e",
                            "certificate_arn": "arn:aws:iam::093234080301:server-certificate/blueKordata",
                            "default_action.#": "1",
                            "default_action.0.target_group_arn": "arn:aws:elasticloadbalancing:us-west-2:093234080301:targetgroup/nginx-blue-dragonair-4984-tg/b9502b1692836985",
                            "default_action.0.type": "forward",
                            "id": "arn:aws:elasticloadbalancing:us-west-2:093234080301:listener/app/public-blue-dragonair-alb/338a508965df5dd3/e157fdfe991d078e",
                            "load_balancer_arn": "arn:aws:elasticloadbalancing:us-west-2:093234080301:loadbalancer/app/public-blue-dragonair-alb/338a508965df5dd3",
                            "port": "4984",
                            "protocol": "HTTPS",
                            "ssl_policy": "ELBSecurityPolicy-2015-05"
                        },
                        "meta": {},
                        "tainted": false
                    },
                    "deposed": [],
                    "provider": ""
                },
                "aws_alb_listener.blue_dragonair_4985": {
                    "type": "aws_alb_listener",
                    "depends_on": [
                        "aws_alb.dragonair_blue",
                        "aws_alb_target_group.blue_dragonair_4985"
                    ],
                    "primary": {
                        "id": "arn:aws:elasticloadbalancing:us-west-2:093234080301:listener/app/blue-dragonair-alb/84ef95ed6194dfad/44d562e92854a518",
                        "attributes": {
                            "arn": "arn:aws:elasticloadbalancing:us-west-2:093234080301:listener/app/blue-dragonair-alb/84ef95ed6194dfad/44d562e92854a518",
                            "certificate_arn": "arn:aws:iam::093234080301:server-certificate/blueKordata",
                            "default_action.#": "1",
                            "default_action.0.target_group_arn": "arn:aws:elasticloadbalancing:us-west-2:093234080301:targetgroup/blue-dragonair-4985-tg/7edcf3fda9329919",
                            "default_action.0.type": "forward",
                            "id": "arn:aws:elasticloadbalancing:us-west-2:093234080301:listener/app/blue-dragonair-alb/84ef95ed6194dfad/44d562e92854a518",
                            "load_balancer_arn": "arn:aws:elasticloadbalancing:us-west-2:093234080301:loadbalancer/app/blue-dragonair-alb/84ef95ed6194dfad",
                            "port": "4985",
                            "protocol": "HTTPS",
                            "ssl_policy": "ELBSecurityPolicy-2015-05"
                        },
                        "meta": {},
                        "tainted": false
                    },
                    "deposed": [],
                    "provider": ""
                },
                "aws_alb_listener.blue_dragonair_4985_public": {
                    "type": "aws_alb_listener",
                    "depends_on": [
                        "aws_alb.dragonair_blue_public",
                        "aws_alb_target_group.blue_dragonair_4985_public"
                    ],
                    "primary": {
                        "id": "arn:aws:elasticloadbalancing:us-west-2:093234080301:listener/app/public-blue-dragonair-alb/338a508965df5dd3/4501d09776bfb3ee",
                        "attributes": {
                            "arn": "arn:aws:elasticloadbalancing:us-west-2:093234080301:listener/app/public-blue-dragonair-alb/338a508965df5dd3/4501d09776bfb3ee",
                            "certificate_arn": "arn:aws:iam::093234080301:server-certificate/blueKordata",
                            "default_action.#": "1",
                            "default_action.0.target_group_arn": "arn:aws:elasticloadbalancing:us-west-2:093234080301:targetgroup/nginx-blue-dragonair-4985-tg/e43112145a753820",
                            "default_action.0.type": "forward",
                            "id": "arn:aws:elasticloadbalancing:us-west-2:093234080301:listener/app/public-blue-dragonair-alb/338a508965df5dd3/4501d09776bfb3ee",
                            "load_balancer_arn": "arn:aws:elasticloadbalancing:us-west-2:093234080301:loadbalancer/app/public-blue-dragonair-alb/338a508965df5dd3",
                            "port": "4985",
                            "protocol": "HTTPS",
                            "ssl_policy": "ELBSecurityPolicy-2015-05"
                        },
                        "meta": {},
                        "tainted": false
                    },
                    "deposed": [],
                    "provider": ""
                },
                "aws_alb_listener.blue_dragonair_5500_public": {
                    "type": "aws_alb_listener",
                    "depends_on": [
                        "aws_alb.dragonair_blue_public",
                        "aws_alb_target_group.blue_dragonair_80_public"
                    ],
                    "primary": {
                        "id": "arn:aws:elasticloadbalancing:us-west-2:093234080301:listener/app/public-blue-dragonair-alb/338a508965df5dd3/542f84bcfbc1d047",
                        "attributes": {
                            "arn": "arn:aws:elasticloadbalancing:us-west-2:093234080301:listener/app/public-blue-dragonair-alb/338a508965df5dd3/542f84bcfbc1d047",
                            "certificate_arn": "arn:aws:iam::093234080301:server-certificate/blueKordata",
                            "default_action.#": "1",
                            "default_action.0.target_group_arn": "arn:aws:elasticloadbalancing:us-west-2:093234080301:targetgroup/nginx-blue-dragonair-80-tg/b79b79b30f886288",
                            "default_action.0.type": "forward",
                            "id": "arn:aws:elasticloadbalancing:us-west-2:093234080301:listener/app/public-blue-dragonair-alb/338a508965df5dd3/542f84bcfbc1d047",
                            "load_balancer_arn": "arn:aws:elasticloadbalancing:us-west-2:093234080301:loadbalancer/app/public-blue-dragonair-alb/338a508965df5dd3",
                            "port": "5500",
                            "protocol": "HTTPS",
                            "ssl_policy": "ELBSecurityPolicy-2015-05"
                        },
                        "meta": {},
                        "tainted": false
                    },
                    "deposed": [],
                    "provider": ""
                },
                "aws_alb_listener.blue_dragonair_8080": {
                    "type": "aws_alb_listener",
                    "depends_on": [
                        "aws_alb.dragonair_blue",
                        "aws_alb_target_group.blue_dragonair_docmosis"
                    ],
                    "primary": {
                        "id": "arn:aws:elasticloadbalancing:us-west-2:093234080301:listener/app/blue-dragonair-alb/84ef95ed6194dfad/c0ad151e2e69c67b",
                        "attributes": {
                            "arn": "arn:aws:elasticloadbalancing:us-west-2:093234080301:listener/app/blue-dragonair-alb/84ef95ed6194dfad/c0ad151e2e69c67b",
                            "default_action.#": "1",
                            "default_action.0.target_group_arn": "arn:aws:elasticloadbalancing:us-west-2:093234080301:targetgroup/blue-dragonair-doc-kordata-tg/e1e706dbe02088a9",
                            "default_action.0.type": "forward",
                            "id": "arn:aws:elasticloadbalancing:us-west-2:093234080301:listener/app/blue-dragonair-alb/84ef95ed6194dfad/c0ad151e2e69c67b",
                            "load_balancer_arn": "arn:aws:elasticloadbalancing:us-west-2:093234080301:loadbalancer/app/blue-dragonair-alb/84ef95ed6194dfad",
                            "port": "8080",
                            "protocol": "HTTP",
                            "ssl_policy": ""
                        },
                        "meta": {},
                        "tainted": false
                    },
                    "deposed": [],
                    "provider": ""
                },
                "aws_alb_listener.blue_dragonair_80_public": {
                    "type": "aws_alb_listener",
                    "depends_on": [
                        "aws_alb.dragonair_blue_public",
                        "aws_alb_target_group.blue_dragonair_80_public"
                    ],
                    "primary": {
                        "id": "arn:aws:elasticloadbalancing:us-west-2:093234080301:listener/app/public-blue-dragonair-alb/338a508965df5dd3/2af6e6227668a04a",
                        "attributes": {
                            "arn": "arn:aws:elasticloadbalancing:us-west-2:093234080301:listener/app/public-blue-dragonair-alb/338a508965df5dd3/2af6e6227668a04a",
                            "default_action.#": "1",
                            "default_action.0.target_group_arn": "arn:aws:elasticloadbalancing:us-west-2:093234080301:targetgroup/nginx-blue-dragonair-80-tg/b79b79b30f886288",
                            "default_action.0.type": "forward",
                            "id": "arn:aws:elasticloadbalancing:us-west-2:093234080301:listener/app/public-blue-dragonair-alb/338a508965df5dd3/2af6e6227668a04a",
                            "load_balancer_arn": "arn:aws:elasticloadbalancing:us-west-2:093234080301:loadbalancer/app/public-blue-dragonair-alb/338a508965df5dd3",
                            "port": "80",
                            "protocol": "HTTP",
                            "ssl_policy": ""
                        },
                        "meta": {},
                        "tainted": false
                    },
                    "deposed": [],
                    "provider": ""
                },
                "aws_alb_target_group.blue_dragonair": {
                    "type": "aws_alb_target_group",
                    "depends_on": [
                        "aws_vpc.default"
                    ],
                    "primary": {
                        "id": "arn:aws:elasticloadbalancing:us-west-2:093234080301:targetgroup/blue-dragonair-kordata-tg/586474edf7991b8c",
                        "attributes": {
                            "arn": "arn:aws:elasticloadbalancing:us-west-2:093234080301:targetgroup/blue-dragonair-kordata-tg/586474edf7991b8c",
                            "deregistration_delay": "300",
                            "health_check.#": "1",
                            "health_check.0.healthy_threshold": "5",
                            "health_check.0.interval": "10",
                            "health_check.0.matcher": "200",
                            "health_check.0.path": "/",
                            "health_check.0.port": "traffic-port",
                            "health_check.0.protocol": "HTTPS",
                            "health_check.0.timeout": "5",
                            "health_check.0.unhealthy_threshold": "2",
                            "id": "arn:aws:elasticloadbalancing:us-west-2:093234080301:targetgroup/blue-dragonair-kordata-tg/586474edf7991b8c",
                            "name": "blue-dragonair-kordata-tg",
                            "port": "4984",
                            "protocol": "HTTPS",
                            "vpc_id": "vpc-14a65173"
                        },
                        "meta": {},
                        "tainted": false
                    },
                    "deposed": [],
                    "provider": ""
                },
                "aws_alb_target_group.blue_dragonair_443_public": {
                    "type": "aws_alb_target_group",
                    "depends_on": [
                        "aws_vpc.default"
                    ],
                    "primary": {
                        "id": "arn:aws:elasticloadbalancing:us-west-2:093234080301:targetgroup/nginx-blue-dragonair-443-tg/3e543c0f1ecbf44e",
                        "attributes": {
                            "arn": "arn:aws:elasticloadbalancing:us-west-2:093234080301:targetgroup/nginx-blue-dragonair-443-tg/3e543c0f1ecbf44e",
                            "deregistration_delay": "300",
                            "health_check.#": "1",
                            "health_check.0.healthy_threshold": "5",
                            "health_check.0.interval": "10",
                            "health_check.0.matcher": "200",
                            "health_check.0.path": "/",
                            "health_check.0.port": "traffic-port",
                            "health_check.0.protocol": "HTTP",
                            "health_check.0.timeout": "5",
                            "health_check.0.unhealthy_threshold": "2",
                            "id": "arn:aws:elasticloadbalancing:us-west-2:093234080301:targetgroup/nginx-blue-dragonair-443-tg/3e543c0f1ecbf44e",
                            "name": "nginx-blue-dragonair-443-tg",
                            "port": "5000",
                            "protocol": "HTTP",
                            "vpc_id": "vpc-14a65173"
                        },
                        "meta": {},
                        "tainted": false
                    },
                    "deposed": [],
                    "provider": ""
                },
                "aws_alb_target_group.blue_dragonair_4984_public": {
                    "type": "aws_alb_target_group",
                    "depends_on": [
                        "aws_vpc.default"
                    ],
                    "primary": {
                        "id": "arn:aws:elasticloadbalancing:us-west-2:093234080301:targetgroup/nginx-blue-dragonair-4984-tg/b9502b1692836985",
                        "attributes": {
                            "arn": "arn:aws:elasticloadbalancing:us-west-2:093234080301:targetgroup/nginx-blue-dragonair-4984-tg/b9502b1692836985",
                            "deregistration_delay": "300",
                            "health_check.#": "1",
                            "health_check.0.healthy_threshold": "5",
                            "health_check.0.interval": "10",
                            "health_check.0.matcher": "200",
                            "health_check.0.path": "/",
                            "health_check.0.port": "traffic-port",
                            "health_check.0.protocol": "HTTPS",
                            "health_check.0.timeout": "5",
                            "health_check.0.unhealthy_threshold": "2",
                            "id": "arn:aws:elasticloadbalancing:us-west-2:093234080301:targetgroup/nginx-blue-dragonair-4984-tg/b9502b1692836985",
                            "name": "nginx-blue-dragonair-4984-tg",
                            "port": "4984",
                            "protocol": "HTTPS",
                            "vpc_id": "vpc-14a65173"
                        },
                        "meta": {},
                        "tainted": false
                    },
                    "deposed": [],
                    "provider": ""
                },
                "aws_alb_target_group.blue_dragonair_4985": {
                    "type": "aws_alb_target_group",
                    "depends_on": [
                        "aws_vpc.default"
                    ],
                    "primary": {
                        "id": "arn:aws:elasticloadbalancing:us-west-2:093234080301:targetgroup/blue-dragonair-4985-tg/7edcf3fda9329919",
                        "attributes": {
                            "arn": "arn:aws:elasticloadbalancing:us-west-2:093234080301:targetgroup/blue-dragonair-4985-tg/7edcf3fda9329919",
                            "deregistration_delay": "300",
                            "health_check.#": "1",
                            "health_check.0.healthy_threshold": "5",
                            "health_check.0.interval": "10",
                            "health_check.0.matcher": "200",
                            "health_check.0.path": "/",
                            "health_check.0.port": "traffic-port",
                            "health_check.0.protocol": "HTTPS",
                            "health_check.0.timeout": "5",
                            "health_check.0.unhealthy_threshold": "2",
                            "id": "arn:aws:elasticloadbalancing:us-west-2:093234080301:targetgroup/blue-dragonair-4985-tg/7edcf3fda9329919",
                            "name": "blue-dragonair-4985-tg",
                            "port": "4985",
                            "protocol": "HTTPS",
                            "vpc_id": "vpc-14a65173"
                        },
                        "meta": {},
                        "tainted": false
                    },
                    "deposed": [],
                    "provider": ""
                },
                "aws_alb_target_group.blue_dragonair_4985_public": {
                    "type": "aws_alb_target_group",
                    "depends_on": [
                        "aws_vpc.default"
                    ],
                    "primary": {
                        "id": "arn:aws:elasticloadbalancing:us-west-2:093234080301:targetgroup/nginx-blue-dragonair-4985-tg/e43112145a753820",
                        "attributes": {
                            "arn": "arn:aws:elasticloadbalancing:us-west-2:093234080301:targetgroup/nginx-blue-dragonair-4985-tg/e43112145a753820",
                            "deregistration_delay": "300",
                            "health_check.#": "1",
                            "health_check.0.healthy_threshold": "5",
                            "health_check.0.interval": "10",
                            "health_check.0.matcher": "200",
                            "health_check.0.path": "/",
                            "health_check.0.port": "traffic-port",
                            "health_check.0.protocol": "HTTPS",
                            "health_check.0.timeout": "5",
                            "health_check.0.unhealthy_threshold": "2",
                            "id": "arn:aws:elasticloadbalancing:us-west-2:093234080301:targetgroup/nginx-blue-dragonair-4985-tg/e43112145a753820",
                            "name": "nginx-blue-dragonair-4985-tg",
                            "port": "4985",
                            "protocol": "HTTPS",
                            "vpc_id": "vpc-14a65173"
                        },
                        "meta": {},
                        "tainted": false
                    },
                    "deposed": [],
                    "provider": ""
                },
                "aws_alb_target_group.blue_dragonair_5000_public": {
                    "type": "aws_alb_target_group",
                    "depends_on": [
                        "aws_vpc.default"
                    ],
                    "primary": {
                        "id": "arn:aws:elasticloadbalancing:us-west-2:093234080301:targetgroup/nginx-blue-dragonair-5000-tg/e0d135cfc7538e16",
                        "attributes": {
                            "arn": "arn:aws:elasticloadbalancing:us-west-2:093234080301:targetgroup/nginx-blue-dragonair-5000-tg/e0d135cfc7538e16",
                            "deregistration_delay": "300",
                            "health_check.#": "1",
                            "health_check.0.healthy_threshold": "5",
                            "health_check.0.interval": "10",
                            "health_check.0.matcher": "200",
                            "health_check.0.path": "/",
                            "health_check.0.port": "traffic-port",
                            "health_check.0.protocol": "HTTP",
                            "health_check.0.timeout": "5",
                            "health_check.0.unhealthy_threshold": "2",
                            "id": "arn:aws:elasticloadbalancing:us-west-2:093234080301:targetgroup/nginx-blue-dragonair-5000-tg/e0d135cfc7538e16",
                            "name": "nginx-blue-dragonair-5000-tg",
                            "port": "5000",
                            "protocol": "HTTP",
                            "vpc_id": "vpc-14a65173"
                        },
                        "meta": {},
                        "tainted": false
                    },
                    "deposed": [],
                    "provider": ""
                },
                "aws_alb_target_group.blue_dragonair_80_public": {
                    "type": "aws_alb_target_group",
                    "depends_on": [
                        "aws_vpc.default"
                    ],
                    "primary": {
                        "id": "arn:aws:elasticloadbalancing:us-west-2:093234080301:targetgroup/nginx-blue-dragonair-80-tg/b79b79b30f886288",
                        "attributes": {
                            "arn": "arn:aws:elasticloadbalancing:us-west-2:093234080301:targetgroup/nginx-blue-dragonair-80-tg/b79b79b30f886288",
                            "deregistration_delay": "300",
                            "health_check.#": "1",
                            "health_check.0.healthy_threshold": "5",
                            "health_check.0.interval": "10",
                            "health_check.0.matcher": "200",
                            "health_check.0.path": "/",
                            "health_check.0.port": "traffic-port",
                            "health_check.0.protocol": "HTTP",
                            "health_check.0.timeout": "5",
                            "health_check.0.unhealthy_threshold": "2",
                            "id": "arn:aws:elasticloadbalancing:us-west-2:093234080301:targetgroup/nginx-blue-dragonair-80-tg/b79b79b30f886288",
                            "name": "nginx-blue-dragonair-80-tg",
                            "port": "8080",
                            "protocol": "HTTP",
                            "vpc_id": "vpc-14a65173"
                        },
                        "meta": {},
                        "tainted": false
                    },
                    "deposed": [],
                    "provider": ""
                },
                "aws_alb_target_group.blue_dragonair_docmosis": {
                    "type": "aws_alb_target_group",
                    "depends_on": [
                        "aws_vpc.default"
                    ],
                    "primary": {
                        "id": "arn:aws:elasticloadbalancing:us-west-2:093234080301:targetgroup/blue-dragonair-doc-kordata-tg/e1e706dbe02088a9",
                        "attributes": {
                            "arn": "arn:aws:elasticloadbalancing:us-west-2:093234080301:targetgroup/blue-dragonair-doc-kordata-tg/e1e706dbe02088a9",
                            "deregistration_delay": "300",
                            "health_check.#": "1",
                            "health_check.0.healthy_threshold": "5",
                            "health_check.0.interval": "10",
                            "health_check.0.matcher": "200",
                            "health_check.0.path": "/",
                            "health_check.0.port": "traffic-port",
                            "health_check.0.protocol": "HTTP",
                            "health_check.0.timeout": "5",
                            "health_check.0.unhealthy_threshold": "2",
                            "id": "arn:aws:elasticloadbalancing:us-west-2:093234080301:targetgroup/blue-dragonair-doc-kordata-tg/e1e706dbe02088a9",
                            "name": "blue-dragonair-doc-kordata-tg",
                            "port": "8080",
                            "protocol": "HTTP",
                            "vpc_id": "vpc-14a65173"
                        },
                        "meta": {},
                        "tainted": false
                    },
                    "deposed": [],
                    "provider": ""
                },
                "aws_autoscaling_group.docmosis": {
                    "type": "aws_autoscaling_group",
                    "depends_on": [
                        "aws_elb.docmosis",
                        "aws_launch_configuration.docmosis",
                        "aws_subnet.us-west-2a-private",
                        "aws_subnet.us-west-2b-private"
                    ],
                    "primary": {
                        "id": "blue-dragonair-docmosis-autoscale-group",
                        "attributes": {
                            "arn": "arn:aws:autoscaling:us-west-2:093234080301:autoScalingGroup:431100c2-cd62-42f7-b4b1-e75147ac60d7:autoScalingGroupName/blue-dragonair-docmosis-autoscale-group",
                            "availability_zones.#": "2",
                            "availability_zones.221770259": "us-west-2b",
                            "availability_zones.2487133097": "us-west-2a",
                            "default_cooldown": "300",
                            "desired_capacity": "1",
                            "force_delete": "false",
                            "health_check_grace_period": "300",
                            "health_check_type": "EC2",
                            "id": "blue-dragonair-docmosis-autoscale-group",
                            "launch_configuration": "blue_dragonair_docmosis_lc",
                            "load_balancers.#": "1",
                            "load_balancers.3288301205": "blue-dragonair-docmosis-elb",
                            "max_size": "2",
                            "metrics_granularity": "1Minute",
                            "min_size": "0",
                            "name": "blue-dragonair-docmosis-autoscale-group",
                            "placement_group": "",
                            "protect_from_scale_in": "false",
                            "tag.#": "3",
                            "tag.297470491.key": "Environment",
                            "tag.297470491.propagate_at_launch": "true",
                            "tag.297470491.value": "Blue-Dragonair",
                            "tag.3674933419.key": "Category",
                            "tag.3674933419.propagate_at_launch": "true",
                            "tag.3674933419.value": "Kordata",
                            "tag.3982066827.key": "Name",
                            "tag.3982066827.propagate_at_launch": "true",
                            "tag.3982066827.value": "docmosis.blue-dragonair.kordata.as",
                            "target_group_arns.#": "0",
                            "termination_policies.#": "0",
                            "vpc_zone_identifier.#": "2",
                            "vpc_zone_identifier.1890739243": "subnet-27deeb51",
                            "vpc_zone_identifier.28230159": "subnet-c52a39a1",
                            "wait_for_capacity_timeout": "10m"
                        },
                        "meta": {},
                        "tainted": false
                    },
                    "deposed": [],
                    "provider": ""
                },
                "aws_autoscaling_group.ecs_cluster": {
                    "type": "aws_autoscaling_group",
                    "depends_on": [
                        "aws_launch_configuration.ecs_cluster",
                        "aws_subnet.us-west-2a-public",
                        "aws_subnet.us-west-2b-public"
                    ],
                    "primary": {
                        "id": "blue-dragonair-ecs-cluster-as-group",
                        "attributes": {
                            "arn": "arn:aws:autoscaling:us-west-2:093234080301:autoScalingGroup:40586343-63fd-4bf0-b66f-58f62be881f5:autoScalingGroupName/blue-dragonair-ecs-cluster-as-group",
                            "availability_zones.#": "2",
                            "availability_zones.221770259": "us-west-2b",
                            "availability_zones.2487133097": "us-west-2a",
                            "default_cooldown": "300",
                            "desired_capacity": "1",
                            "force_delete": "false",
                            "health_check_grace_period": "300",
                            "health_check_type": "EC2",
                            "id": "blue-dragonair-ecs-cluster-as-group",
                            "launch_configuration": "blue_dragonair_ecs_cluster_ls",
                            "load_balancers.#": "0",
                            "max_size": "2",
                            "metrics_granularity": "1Minute",
                            "min_size": "0",
                            "name": "blue-dragonair-ecs-cluster-as-group",
                            "placement_group": "",
                            "protect_from_scale_in": "false",
                            "tag.#": "3",
                            "tag.297470491.key": "Environment",
                            "tag.297470491.propagate_at_launch": "true",
                            "tag.297470491.value": "Blue-Dragonair",
                            "tag.3674933419.key": "Category",
                            "tag.3674933419.propagate_at_launch": "true",
                            "tag.3674933419.value": "Kordata",
                            "tag.3838397996.key": "Name",
                            "tag.3838397996.propagate_at_launch": "true",
                            "tag.3838397996.value": "ecs_cluster.blue-dragonair.kordata.as",
                            "target_group_arns.#": "0",
                            "termination_policies.#": "0",
                            "vpc_zone_identifier.#": "2",
                            "vpc_zone_identifier.3402494": "subnet-39deeb4f",
                            "vpc_zone_identifier.676399193": "subnet-fb2a399f",
                            "wait_for_capacity_timeout": "10m"
                        },
                        "meta": {},
                        "tainted": false
                    },
                    "deposed": [],
                    "provider": ""
                },
                "aws_autoscaling_group.nginx": {
                    "type": "aws_autoscaling_group",
                    "depends_on": [
                        "aws_alb_target_group.blue_dragonair_443_public",
                        "aws_alb_target_group.blue_dragonair_4984_public",
                        "aws_alb_target_group.blue_dragonair_4985_public",
                        "aws_alb_target_group.blue_dragonair_5000_public",
                        "aws_alb_target_group.blue_dragonair_80_public",
                        "aws_launch_configuration.nginx",
                        "aws_subnet.us-west-2a-public",
                        "aws_subnet.us-west-2b-public"
                    ],
                    "primary": {
                        "id": "blue-dragonair-nginx-autoscale-group",
                        "attributes": {
                            "arn": "arn:aws:autoscaling:us-west-2:093234080301:autoScalingGroup:3bf92730-a5d9-4dc4-ac38-3fcc92acf876:autoScalingGroupName/blue-dragonair-nginx-autoscale-group",
                            "availability_zones.#": "2",
                            "availability_zones.221770259": "us-west-2b",
                            "availability_zones.2487133097": "us-west-2a",
                            "default_cooldown": "300",
                            "desired_capacity": "1",
                            "force_delete": "false",
                            "health_check_grace_period": "300",
                            "health_check_type": "EC2",
                            "id": "blue-dragonair-nginx-autoscale-group",
                            "launch_configuration": "blue_dragonair_nginx_lc",
                            "load_balancers.#": "0",
                            "max_size": "2",
                            "metrics_granularity": "1Minute",
                            "min_size": "0",
                            "name": "blue-dragonair-nginx-autoscale-group",
                            "placement_group": "",
                            "protect_from_scale_in": "false",
                            "tag.#": "3",
                            "tag.1214019091.key": "Name",
                            "tag.1214019091.propagate_at_launch": "true",
                            "tag.1214019091.value": "nginx.blue-dragonair.kordata.as",
                            "tag.297470491.key": "Environment",
                            "tag.297470491.propagate_at_launch": "true",
                            "tag.297470491.value": "Blue-Dragonair",
                            "tag.3674933419.key": "Category",
                            "tag.3674933419.propagate_at_launch": "true",
                            "tag.3674933419.value": "Kordata",
                            "target_group_arns.#": "5",
                            "target_group_arns.2193937037": "arn:aws:elasticloadbalancing:us-west-2:093234080301:targetgroup/nginx-blue-dragonair-443-tg/3e543c0f1ecbf44e",
                            "target_group_arns.2769501920": "arn:aws:elasticloadbalancing:us-west-2:093234080301:targetgroup/nginx-blue-dragonair-80-tg/b79b79b30f886288",
                            "target_group_arns.2802896484": "arn:aws:elasticloadbalancing:us-west-2:093234080301:targetgroup/nginx-blue-dragonair-5000-tg/e0d135cfc7538e16",
                            "target_group_arns.406664918": "arn:aws:elasticloadbalancing:us-west-2:093234080301:targetgroup/nginx-blue-dragonair-4984-tg/b9502b1692836985",
                            "target_group_arns.93302080": "arn:aws:elasticloadbalancing:us-west-2:093234080301:targetgroup/nginx-blue-dragonair-4985-tg/e43112145a753820",
                            "termination_policies.#": "0",
                            "vpc_zone_identifier.#": "2",
                            "vpc_zone_identifier.3402494": "subnet-39deeb4f",
                            "vpc_zone_identifier.676399193": "subnet-fb2a399f",
                            "wait_for_capacity_timeout": "10m"
                        },
                        "meta": {},
                        "tainted": false
                    },
                    "deposed": [],
                    "provider": ""
                },
                "aws_autoscaling_group.sync_gateway": {
                    "type": "aws_autoscaling_group",
                    "depends_on": [
                        "aws_alb_target_group.blue_dragonair",
                        "aws_alb_target_group.blue_dragonair_4985",
                        "aws_launch_configuration.sync_gateway",
                        "aws_subnet.us-west-2a-private",
                        "aws_subnet.us-west-2b-private"
                    ],
                    "primary": {
                        "id": "blue-dragonair-sg-autoscale-group",
                        "attributes": {
                            "arn": "arn:aws:autoscaling:us-west-2:093234080301:autoScalingGroup:278c9a43-3abb-4686-9bb7-79dcfa08ed96:autoScalingGroupName/blue-dragonair-sg-autoscale-group",
                            "availability_zones.#": "2",
                            "availability_zones.221770259": "us-west-2b",
                            "availability_zones.2487133097": "us-west-2a",
                            "default_cooldown": "300",
                            "desired_capacity": "1",
                            "force_delete": "false",
                            "health_check_grace_period": "300",
                            "health_check_type": "EC2",
                            "id": "blue-dragonair-sg-autoscale-group",
                            "launch_configuration": "blue_dragonair_sync_gateway_lc",
                            "load_balancers.#": "0",
                            "max_size": "2",
                            "metrics_granularity": "1Minute",
                            "min_size": "0",
                            "name": "blue-dragonair-sg-autoscale-group",
                            "placement_group": "",
                            "protect_from_scale_in": "false",
                            "tag.#": "3",
                            "tag.297470491.key": "Environment",
                            "tag.297470491.propagate_at_launch": "true",
                            "tag.297470491.value": "Blue-Dragonair",
                            "tag.3674933419.key": "Category",
                            "tag.3674933419.propagate_at_launch": "true",
                            "tag.3674933419.value": "Kordata",
                            "tag.575423634.key": "Name",
                            "tag.575423634.propagate_at_launch": "true",
                            "tag.575423634.value": "sync-gateway.blue-dragonair.kordata.as",
                            "target_group_arns.#": "2",
                            "target_group_arns.1938269080": "arn:aws:elasticloadbalancing:us-west-2:093234080301:targetgroup/blue-dragonair-4985-tg/7edcf3fda9329919",
                            "target_group_arns.3163159250": "arn:aws:elasticloadbalancing:us-west-2:093234080301:targetgroup/blue-dragonair-kordata-tg/586474edf7991b8c",
                            "termination_policies.#": "0",
                            "vpc_zone_identifier.#": "2",
                            "vpc_zone_identifier.1890739243": "subnet-27deeb51",
                            "vpc_zone_identifier.28230159": "subnet-c52a39a1",
                            "wait_for_capacity_timeout": "10m"
                        },
                        "meta": {},
                        "tainted": false
                    },
                    "deposed": [],
                    "provider": ""
                },
                "aws_ecr_repository.kordata": {
                    "type": "aws_ecr_repository",
                    "depends_on": [],
                    "primary": {
                        "id": "kordata",
                        "attributes": {
                            "arn": "arn:aws:ecr:us-west-2:093234080301:repository/kordata",
                            "id": "kordata",
                            "name": "kordata",
                            "registry_id": "093234080301",
                            "repository_url": "https://093234080301.dkr.ecr.us-west-2.amazonaws.com/kordata"
                        },
                        "meta": {},
                        "tainted": false
                    },
                    "deposed": [],
                    "provider": ""
                },
                "aws_ecr_repository_policy.kordata_policy": {
                    "type": "aws_ecr_repository_policy",
                    "depends_on": [
                        "aws_ecr_repository.kordata"
                    ],
                    "primary": {
                        "id": "kordata",
                        "attributes": {
                            "id": "kordata",
                            "policy": "{\n    \"Version\": \"2008-10-17\",\n    \"Statement\": [\n        {\n            \"Sid\": \"new policy\",\n            \"Effect\": \"Allow\",\n            \"Principal\": \"*\",\n            \"Action\": [\n                \"ecr:GetDownloadUrlForLayer\",\n                \"ecr:BatchGetImage\",\n                \"ecr:BatchCheckLayerAvailability\",\n                \"ecr:PutImage\",\n                \"ecr:InitiateLayerUpload\",\n                \"ecr:UploadLayerPart\",\n                \"ecr:CompleteLayerUpload\",\n                \"ecr:DescribeRepositories\",\n                \"ecr:GetRepositoryPolicy\",\n                \"ecr:ListImages\",\n                \"ecr:DeleteRepository\",\n                \"ecr:BatchDeleteImage\",\n                \"ecr:SetRepositoryPolicy\",\n                \"ecr:DeleteRepositoryPolicy\"\n            ]\n        }\n    ]\n}\n",
                            "registry_id": "093234080301",
                            "repository": "kordata"
                        },
                        "meta": {},
                        "tainted": false
                    },
                    "deposed": [],
                    "provider": ""
                },
                "aws_ecs_cluster.web-kordata-ecs": {
                    "type": "aws_ecs_cluster",
                    "depends_on": [],
                    "primary": {
                        "id": "arn:aws:ecs:us-west-2:093234080301:cluster/web-blue-dragonair-kordata-ecs",
                        "attributes": {
                            "id": "arn:aws:ecs:us-west-2:093234080301:cluster/web-blue-dragonair-kordata-ecs",
                            "name": "web-blue-dragonair-kordata-ecs"
                        },
                        "meta": {},
                        "tainted": false
                    },
                    "deposed": [],
                    "provider": ""
                },
                "aws_ecs_service.kordata_web": {
                    "type": "aws_ecs_service",
                    "depends_on": [
                        "aws_ecs_cluster.web-kordata-ecs",
                        "aws_ecs_task_definition.kordata-web"
                    ],
                    "primary": {
                        "id": "arn:aws:ecs:us-west-2:093234080301:service/kordata-web",
                        "attributes": {
                            "cluster": "arn:aws:ecs:us-west-2:093234080301:cluster/web-blue-dragonair-kordata-ecs",
                            "deployment_maximum_percent": "200",
                            "deployment_minimum_healthy_percent": "100",
                            "desired_count": "1",
                            "id": "arn:aws:ecs:us-west-2:093234080301:service/kordata-web",
                            "name": "kordata-web",
                            "task_definition": "arn:aws:ecs:us-west-2:093234080301:task-definition/kordata-web:8"
                        },
                        "meta": {},
                        "tainted": false
                    },
                    "deposed": [],
                    "provider": ""
                },
                "aws_ecs_task_definition.kordata-web": {
                    "type": "aws_ecs_task_definition",
                    "depends_on": [],
                    "primary": {
                        "id": "kordata-web",
                        "attributes": {
                            "arn": "arn:aws:ecs:us-west-2:093234080301:task-definition/kordata-web:8",
                            "container_definitions": "cdc12b0d1d8501dc9acac19904841c56d979aef3",
                            "family": "kordata-web",
                            "id": "kordata-web",
                            "network_mode": "",
                            "revision": "8",
                            "task_role_arn": ""
                        },
                        "meta": {},
                        "tainted": false
                    },
                    "deposed": [],
                    "provider": ""
                },
                "aws_eip.nat1": {
                    "type": "aws_eip",
                    "depends_on": [],
                    "primary": {
                        "id": "eipalloc-824edfe5",
                        "attributes": {
                            "association_id": "eipassoc-5aef2221",
                            "domain": "vpc",
                            "id": "eipalloc-824edfe5",
                            "instance": "",
                            "network_interface": "eni-3b45e045",
                            "private_ip": "10.0.16.157",
                            "public_ip": "35.162.124.122"
                        },
                        "meta": {},
                        "tainted": false
                    },
                    "deposed": [],
                    "provider": ""
                },
                "aws_eip.nat2": {
                    "type": "aws_eip",
                    "depends_on": [],
                    "primary": {
                        "id": "eipalloc-384fde5f",
                        "attributes": {
                            "association_id": "eipassoc-8fe825f4",
                            "domain": "vpc",
                            "id": "eipalloc-384fde5f",
                            "instance": "",
                            "network_interface": "eni-bd0970fc",
                            "private_ip": "10.0.17.37",
                            "public_ip": "35.162.108.96"
                        },
                        "meta": {},
                        "tainted": false
                    },
                    "deposed": [],
                    "provider": ""
                },
                "aws_elastic_beanstalk_application.blue-dragonair": {
                    "type": "aws_elastic_beanstalk_application",
                    "depends_on": [],
                    "primary": {
                        "id": "blue-dragonair-web-environment",
                        "attributes": {
                            "description": "blue-dragonair-test-environment",
                            "id": "blue-dragonair-web-environment",
                            "name": "blue-dragonair-web-environment"
                        },
                        "meta": {},
                        "tainted": false
                    },
                    "deposed": [],
                    "provider": ""
                },
                "aws_elastic_beanstalk_application.blue-dragonair-cldaemon": {
                    "type": "aws_elastic_beanstalk_application",
                    "depends_on": [],
                    "primary": {
                        "id": "blue-dragonair-cldaemon-environment",
                        "attributes": {
                            "description": "blue-dragonair-cldaemon-test-environment",
                            "id": "blue-dragonair-cldaemon-environment",
                            "name": "blue-dragonair-cldaemon-environment"
                        },
                        "meta": {},
                        "tainted": false
                    },
                    "deposed": [],
                    "provider": ""
                },
                "aws_elastic_beanstalk_environment.blue-dragonair": {
                    "type": "aws_elastic_beanstalk_environment",
                    "depends_on": [
                        "aws_elastic_beanstalk_application.blue-dragonair",
                        "aws_security_group.private",
                        "aws_subnet.us-west-2a-private",
                        "aws_vpc.default"
                    ],
                    "primary": {
                        "id": "e-h4vqr5ffqi",
                        "attributes": {
                            "all_settings.#": "107",
                            "all_settings.10065247.name": "Hosting:Environment",
                            "all_settings.10065247.namespace": "aws:elasticbeanstalk:application:environment",
                            "all_settings.10065247.resource": "",
                            "all_settings.10065247.value": "development",
                            "all_settings.1036703857.name": "EvaluationPeriods",
                            "all_settings.1036703857.namespace": "aws:autoscaling:trigger",
                            "all_settings.1036703857.resource": "",
                            "all_settings.1036703857.value": "1",
                            "all_settings.1055035439.name": "RootVolumeType",
                            "all_settings.1055035439.namespace": "aws:autoscaling:launchconfiguration",
                            "all_settings.1055035439.resource": "",
                            "all_settings.1055035439.value": "",
                            "all_settings.1093784765.name": "ListenerProtocol",
                            "all_settings.1093784765.namespace": "aws:elb:listener:80",
                            "all_settings.1093784765.resource": "",
                            "all_settings.1093784765.value": "HTTP",
                            "all_settings.1105127146.name": "LoadBalancerPortProtocol",
                            "all_settings.1105127146.namespace": "aws:elb:loadbalancer",
                            "all_settings.1105127146.resource": "",
                            "all_settings.1105127146.value": "HTTP",
                            "all_settings.1188642213.name": "BUCKET_WITH_SECRET_KEYS",
                            "all_settings.1188642213.namespace": "aws:elasticbeanstalk:application:environment",
                            "all_settings.1188642213.resource": "",
                            "all_settings.1188642213.value": "kordata-blue-dragonair",
                            "all_settings.1194166391.name": "BlockDeviceMappings",
                            "all_settings.1194166391.namespace": "aws:autoscaling:launchconfiguration",
                            "all_settings.1194166391.resource": "",
                            "all_settings.1194166391.value": "/dev/xvdcz=:12:true:gp2",
                            "all_settings.1311926541.name": "RollingUpdateEnabled",
                            "all_settings.1311926541.namespace": "aws:autoscaling:updatepolicy:rollingupdate",
                            "all_settings.1311926541.resource": "",
                            "all_settings.1311926541.value": "true",
                            "all_settings.1341280905.name": "Data:SyncGateway:GatewayName",
                            "all_settings.1341280905.namespace": "aws:elasticbeanstalk:application:environment",
                            "all_settings.1341280905.resource": "",
                            "all_settings.1341280905.value": "sandbox_sync_gateway",
                            "all_settings.1413020927.name": "ConfigDocument",
                            "all_settings.1413020927.namespace": "aws:elasticbeanstalk:healthreporting:system",
                            "all_settings.1413020927.resource": "",
                            "all_settings.1413020927.value": "{\"Version\":1,\"CloudWatchMetrics\":{\"Instance\":{\"CPUIrq\":null,\"LoadAverage5min\":null,\"ApplicationRequests5xx\":null,\"ApplicationRequests4xx\":null,\"CPUUser\":null,\"LoadAverage1min\":null,\"ApplicationLatencyP50\":null,\"CPUIdle\":null,\"InstanceHealth\":null,\"ApplicationLatencyP95\":null,\"ApplicationLatencyP85\":null,\"RootFilesystemUtil\":null,\"ApplicationLatencyP90\":null,\"CPUSystem\":null,\"ApplicationLatencyP75\":null,\"CPUSoftirq\":null,\"ApplicationLatencyP10\":null,\"ApplicationLatencyP99\":null,\"ApplicationRequestsTotal\":null,\"ApplicationLatencyP99.9\":null,\"ApplicationRequests3xx\":null,\"ApplicationRequests2xx\":null,\"CPUIowait\":null,\"CPUNice\":null},\"Environment\":{\"InstancesSevere\":null,\"InstancesDegraded\":null,\"ApplicationRequests5xx\":null,\"ApplicationRequests4xx\":null,\"ApplicationLatencyP50\":null,\"ApplicationLatencyP95\":null,\"ApplicationLatencyP85\":null,\"InstancesUnknown\":null,\"ApplicationLatencyP90\":null,\"InstancesInfo\":null,\"InstancesPending\":null,\"ApplicationLatencyP75\":null,\"ApplicationLatencyP10\":null,\"ApplicationLatencyP99\":null,\"ApplicationRequestsTotal\":null,\"InstancesNoData\":null,\"ApplicationLatencyP99.9\":null,\"ApplicationRequests3xx\":null,\"ApplicationRequests2xx\":null,\"InstancesOk\":null,\"InstancesWarning\":null}}}",
                            "all_settings.1429395430.name": "AssociatePublicIpAddress",
                            "all_settings.1429395430.namespace": "aws:ec2:vpc",
                            "all_settings.1429395430.resource": "",
                            "all_settings.1429395430.value": "false",
                            "all_settings.1487137936.name": "IgnoreHealthCheck",
                            "all_settings.1487137936.namespace": "aws:elasticbeanstalk:command",
                            "all_settings.1487137936.resource": "",
                            "all_settings.1487137936.value": "false",
                            "all_settings.1497664210.name": "CrossZone",
                            "all_settings.1497664210.namespace": "aws:elb:loadbalancer",
                            "all_settings.1497664210.resource": "",
                            "all_settings.1497664210.value": "true",
                            "all_settings.1539976252.name": "ListenerEnabled",
                            "all_settings.1539976252.namespace": "aws:elb:listener:80",
                            "all_settings.1539976252.resource": "",
                            "all_settings.1539976252.value": "true",
                            "all_settings.1584820072.name": "Custom Availability Zones",
                            "all_settings.1584820072.namespace": "aws:autoscaling:asg",
                            "all_settings.1584820072.resource": "",
                            "all_settings.1584820072.value": "",
                            "all_settings.1610162273.name": "BatchSizeType",
                            "all_settings.1610162273.namespace": "aws:elasticbeanstalk:command",
                            "all_settings.1610162273.resource": "",
                            "all_settings.1610162273.value": "Fixed",
                            "all_settings.1637656409.name": "Data:Email:Port",
                            "all_settings.1637656409.namespace": "aws:elasticbeanstalk:application:environment",
                            "all_settings.1637656409.resource": "",
                            "all_settings.1637656409.value": "587",
                            "all_settings.169407575.name": "Data:N1qlConnection:Servers",
                            "all_settings.169407575.namespace": "aws:elasticbeanstalk:application:environment",
                            "all_settings.169407575.resource": "",
                            "all_settings.169407575.value": "http://couchbase.sandbox.kordata.com:8091/pools",
                            "all_settings.1709622552.name": "LoadBalancerSSLPortProtocol",
                            "all_settings.1709622552.namespace": "aws:elb:loadbalancer",
                            "all_settings.1709622552.resource": "",
                            "all_settings.1709622552.value": "HTTPS",
                            "all_settings.1715018546.name": "Data:N1qlConnection:UseSsl",
                            "all_settings.1715018546.namespace": "aws:elasticbeanstalk:application:environment",
                            "all_settings.1715018546.resource": "",
                            "all_settings.1715018546.value": "false",
                            "all_settings.1824390401.name": "Notification Topic ARN",
                            "all_settings.1824390401.namespace": "aws:elasticbeanstalk:sns:topics",
                            "all_settings.1824390401.resource": "",
                            "all_settings.1824390401.value": "",
                            "all_settings.1835511052.name": "SSLCertificateId",
                            "all_settings.1835511052.namespace": "aws:elb:listener:80",
                            "all_settings.1835511052.resource": "",
                            "all_settings.1835511052.value": "",
                            "all_settings.1853127076.name": "Notification Endpoint",
                            "all_settings.1853127076.namespace": "aws:elasticbeanstalk:sns:topics",
                            "all_settings.1853127076.resource": "",
                            "all_settings.1853127076.value": "",
                            "all_settings.1886990778.name": "ELBScheme",
                            "all_settings.1886990778.namespace": "aws:ec2:vpc",
                            "all_settings.1886990778.resource": "",
                            "all_settings.1886990778.value": "internal",
                            "all_settings.1932615024.name": "UnhealthyThreshold",
                            "all_settings.1932615024.namespace": "aws:elb:healthcheck",
                            "all_settings.1932615024.resource": "",
                            "all_settings.1932615024.value": "5",
                            "all_settings.207909466.name": "Subnets",
                            "all_settings.207909466.namespace": "aws:ec2:vpc",
                            "all_settings.207909466.resource": "",
                            "all_settings.207909466.value": "subnet-c52a39a1",
                            "all_settings.2145095834.name": "InstanceProtocol",
                            "all_settings.2145095834.namespace": "aws:elb:listener:80",
                            "all_settings.2145095834.resource": "",
                            "all_settings.2145095834.value": "HTTP",
                            "all_settings.2175068570.name": "BatchSize",
                            "all_settings.2175068570.namespace": "aws:elasticbeanstalk:command",
                            "all_settings.2175068570.resource": "",
                            "all_settings.2175068570.value": "1",
                            "all_settings.2203927393.name": "Data:Docmosis:Server",
                            "all_settings.2203927393.namespace": "aws:elasticbeanstalk:application:environment",
                            "all_settings.2203927393.resource": "",
                            "all_settings.2203927393.value": "http://docmosis.sandbox.kordata.com:8080/rs/render",
                            "all_settings.2207438838.name": "MinInstancesInService",
                            "all_settings.2207438838.namespace": "aws:autoscaling:updatepolicy:rollingupdate",
                            "all_settings.2207438838.resource": "",
                            "all_settings.2207438838.value": "1",
                            "all_settings.2210680385.name": "LaunchType",
                            "all_settings.2210680385.namespace": "aws:elasticbeanstalk:control",
                            "all_settings.2210680385.resource": "",
                            "all_settings.2210680385.value": "Migration",
                            "all_settings.2262995125.name": "Availability Zones",
                            "all_settings.2262995125.namespace": "aws:autoscaling:asg",
                            "all_settings.2262995125.resource": "",
                            "all_settings.2262995125.value": "Any 2",
                            "all_settings.2276893638.name": "RollingUpdateType",
                            "all_settings.2276893638.namespace": "aws:autoscaling:updatepolicy:rollingupdate",
                            "all_settings.2276893638.resource": "",
                            "all_settings.2276893638.value": "Health",
                            "all_settings.2318917760.name": "Data:Email:Server",
                            "all_settings.2318917760.namespace": "aws:elasticbeanstalk:application:environment",
                            "all_settings.2318917760.resource": "",
                            "all_settings.2318917760.value": "email-smtp.us-west-2.amazonaws.com",
                            "all_settings.2378924418.name": "PreferredStartTime",
                            "all_settings.2378924418.namespace": "aws:elasticbeanstalk:managedactions",
                            "all_settings.2378924418.resource": "",
                            "all_settings.2378924418.value": "",
                            "all_settings.2396587397.name": "MinSize",
                            "all_settings.2396587397.namespace": "aws:autoscaling:asg",
                            "all_settings.2396587397.resource": "",
                            "all_settings.2396587397.value": "1",
                            "all_settings.2402433859.name": "Period",
                            "all_settings.2402433859.namespace": "aws:autoscaling:trigger",
                            "all_settings.2402433859.resource": "",
                            "all_settings.2402433859.value": "5",
                            "all_settings.240742627.name": "UpperBreachScaleIncrement",
                            "all_settings.240742627.namespace": "aws:autoscaling:trigger",
                            "all_settings.240742627.resource": "",
                            "all_settings.240742627.value": "1",
                            "all_settings.2420299722.name": "SystemType",
                            "all_settings.2420299722.namespace": "aws:elasticbeanstalk:healthreporting:system",
                            "all_settings.2420299722.resource": "",
                            "all_settings.2420299722.value": "enhanced",
                            "all_settings.2476982775.name": "PublicRootUrl",
                            "all_settings.2476982775.namespace": "aws:elasticbeanstalk:application:environment",
                            "all_settings.2476982775.resource": "",
                            "all_settings.2476982775.value": "https://sandbox.kordata.com",
                            "all_settings.2492456712.name": "LogPublicationControl",
                            "all_settings.2492456712.namespace": "aws:elasticbeanstalk:hostmanager",
                            "all_settings.2492456712.resource": "",
                            "all_settings.2492456712.value": "false",
                            "all_settings.2521334252.name": "InstanceRefreshEnabled",
                            "all_settings.2521334252.namespace": "aws:elasticbeanstalk:managedactions:platformupdate",
                            "all_settings.2521334252.resource": "",
                            "all_settings.2521334252.value": "false",
                            "all_settings.2536713478.name": "ImageId",
                            "all_settings.2536713478.namespace": "aws:autoscaling:launchconfiguration",
                            "all_settings.2536713478.resource": "",
                            "all_settings.2536713478.value": "ami-41d60221",
                            "all_settings.2542474489.name": "LoadBalancerType",
                            "all_settings.2542474489.namespace": "aws:elasticbeanstalk:environment",
                            "all_settings.2542474489.resource": "",
                            "all_settings.2542474489.value": "classic",
                            "all_settings.2558821935.name": "PauseTime",
                            "all_settings.2558821935.namespace": "aws:autoscaling:updatepolicy:rollingupdate",
                            "all_settings.2558821935.resource": "",
                            "all_settings.2558821935.value": "",
                            "all_settings.2578083670.name": "InstancePort",
                            "all_settings.2578083670.namespace": "aws:cloudformation:template:parameter",
                            "all_settings.2578083670.resource": "",
                            "all_settings.2578083670.value": "80",
                            "all_settings.2583337832.name": "SecurityGroups",
                            "all_settings.2583337832.namespace": "aws:autoscaling:launchconfiguration",
                            "all_settings.2583337832.resource": "",
                            "all_settings.2583337832.value": "sg-deb9cca7",
                            "all_settings.2802271818.name": "InstanceType",
                            "all_settings.2802271818.namespace": "aws:autoscaling:launchconfiguration",
                            "all_settings.2802271818.resource": "",
                            "all_settings.2802271818.value": "t2.small",
                            "all_settings.28260639.name": "Application Healthcheck URL",
                            "all_settings.28260639.namespace": "aws:elasticbeanstalk:application",
                            "all_settings.28260639.resource": "",
                            "all_settings.28260639.value": "",
                            "all_settings.2827474164.name": "ConnectionSettingIdleTimeout",
                            "all_settings.2827474164.namespace": "aws:elb:policies",
                            "all_settings.2827474164.resource": "",
                            "all_settings.2827474164.value": "60",
                            "all_settings.285213017.name": "PolicyNames",
                            "all_settings.285213017.namespace": "aws:elb:listener:80",
                            "all_settings.285213017.resource": "",
                            "all_settings.285213017.value": "",
                            "all_settings.290056159.name": "EnvironmentVariables",
                            "all_settings.290056159.namespace": "aws:cloudformation:template:parameter",
                            "all_settings.290056159.resource": "",
                            "all_settings.290056159.value": "Data:SyncGateway:GatewayName=sandbox_sync_gateway,Data:Email:Password=AgBLIHoL/vxQd0OiUF8Y543gcF0ZKdPdS72xy8ITgQ23,Data:Email:From=donotreply@kordata.com,Data:SyncGateway:Server=http://sync-gateway.sandbox.kordata.com:4985,Data:Security:KeyFolder=webkey,Data:Docmosis:Server=http://docmosis.sandbox.kordata.com:8080/rs/render,Data:Email:Port=587,Data:Email:Server=email-smtp.us-west-2.amazonaws.com,PublicRootUrl=https://sandbox.kordata.com,Data:N1qlConnection:UseSsl=false,Data:N1qlConnection:Servers=http://couchbase.sandbox.kordata.com:8091/pools,Hosting:Environment=development,Data:N1qlConnection:Bucket=sandbox_sync_gateway,Data:Email:UserName=AKIAI5QDCWGGPKTDKF3A,Features:DisableSecureCookie=false,BUCKET_WITH_SECRET_KEYS=kordata-blue-dragonair",
                            "all_settings.290186616.name": "Data:Email:From",
                            "all_settings.290186616.namespace": "aws:elasticbeanstalk:application:environment",
                            "all_settings.290186616.resource": "",
                            "all_settings.290186616.value": "donotreply@kordata.com",
                            "all_settings.2929485696.name": "EnvironmentType",
                            "all_settings.2929485696.namespace": "aws:elasticbeanstalk:environment",
                            "all_settings.2929485696.resource": "",
                            "all_settings.2929485696.value": "LoadBalanced",
                            "all_settings.2990594129.name": "IamInstanceProfile",
                            "all_settings.2990594129.namespace": "aws:autoscaling:launchconfiguration",
                            "all_settings.2990594129.resource": "",
                            "all_settings.2990594129.value": "ChefServer",
                            "all_settings.304444642.name": "ConnectionDrainingTimeout",
                            "all_settings.304444642.namespace": "aws:elb:policies",
                            "all_settings.304444642.resource": "",
                            "all_settings.304444642.value": "20",
                            "all_settings.3163218702.name": "Interval",
                            "all_settings.3163218702.namespace": "aws:elb:healthcheck",
                            "all_settings.3163218702.resource": "",
                            "all_settings.3163218702.value": "10",
                            "all_settings.3225151102.name": "MaxSize",
                            "all_settings.3225151102.namespace": "aws:autoscaling:asg",
                            "all_settings.3225151102.resource": "",
                            "all_settings.3225151102.value": "2",
                            "all_settings.3243179558.name": "ExternalExtensionsS3Key",
                            "all_settings.3243179558.namespace": "aws:elasticbeanstalk:environment",
                            "all_settings.3243179558.resource": "",
                            "all_settings.3243179558.value": "",
                            "all_settings.3263411188.name": "RootVolumeIOPS",
                            "all_settings.3263411188.namespace": "aws:autoscaling:launchconfiguration",
                            "all_settings.3263411188.resource": "",
                            "all_settings.3263411188.value": "",
                            "all_settings.3305636593.name": "UpperThreshold",
                            "all_settings.3305636593.namespace": "aws:autoscaling:trigger",
                            "all_settings.3305636593.resource": "",
                            "all_settings.3305636593.value": "6000000",
                            "all_settings.3354438189.name": "Timeout",
                            "all_settings.3354438189.namespace": "aws:autoscaling:updatepolicy:rollingupdate",
                            "all_settings.3354438189.resource": "",
                            "all_settings.3354438189.value": "PT30M",
                            "all_settings.3396910454.name": "HealthCheckSuccessThreshold",
                            "all_settings.3396910454.namespace": "aws:elasticbeanstalk:healthreporting:system",
                            "all_settings.3396910454.resource": "",
                            "all_settings.3396910454.value": "Ok",
                            "all_settings.3402994671.name": "Statistic",
                            "all_settings.3402994671.namespace": "aws:autoscaling:trigger",
                            "all_settings.3402994671.resource": "",
                            "all_settings.3402994671.value": "Average",
                            "all_settings.3438018982.name": "MonitoringInterval",
                            "all_settings.3438018982.namespace": "aws:autoscaling:launchconfiguration",
                            "all_settings.3438018982.resource": "",
                            "all_settings.3438018982.value": "5 minute",
                            "all_settings.3462995119.name": "ELBSubnets",
                            "all_settings.3462995119.namespace": "aws:ec2:vpc",
                            "all_settings.3462995119.resource": "",
                            "all_settings.3462995119.value": "subnet-c52a39a1",
                            "all_settings.3496875314.name": "LowerThreshold",
                            "all_settings.3496875314.namespace": "aws:autoscaling:trigger",
                            "all_settings.3496875314.resource": "",
                            "all_settings.3496875314.value": "2000000",
                            "all_settings.3511459446.name": "RootVolumeSize",
                            "all_settings.3511459446.namespace": "aws:autoscaling:launchconfiguration",
                            "all_settings.3511459446.resource": "",
                            "all_settings.3511459446.value": "",
                            "all_settings.3516092317.name": "DockerProxyServer",
                            "all_settings.3516092317.namespace": "aws:cloudformation:template:parameter",
                            "all_settings.3516092317.resource": "",
                            "all_settings.3516092317.value": "nginx",
                            "all_settings.3542978300.name": "HooksPkgUrl",
                            "all_settings.3542978300.namespace": "aws:cloudformation:template:parameter",
                            "all_settings.3542978300.resource": "",
                            "all_settings.3542978300.value": "https://s3-us-west-2.amazonaws.com/elasticbeanstalk-env-resources-us-west-2/stalks/eb_docker_4.2.1.56.0/lib/hooks.tar.gz",
                            "all_settings.3545041252.name": "Unit",
                            "all_settings.3545041252.namespace": "aws:autoscaling:trigger",
                            "all_settings.3545041252.resource": "",
                            "all_settings.3545041252.value": "Bytes",
                            "all_settings.3553402416.name": "DeploymentPolicy",
                            "all_settings.3553402416.namespace": "aws:elasticbeanstalk:command",
                            "all_settings.3553402416.resource": "",
                            "all_settings.3553402416.value": "Rolling",
                            "all_settings.3584475532.name": "Notification Topic Name",
                            "all_settings.3584475532.namespace": "aws:elasticbeanstalk:sns:topics",
                            "all_settings.3584475532.resource": "",
                            "all_settings.3584475532.value": "",
                            "all_settings.3603622424.name": "ManagedActionsEnabled",
                            "all_settings.3603622424.namespace": "aws:elasticbeanstalk:managedactions",
                            "all_settings.3603622424.resource": "",
                            "all_settings.3603622424.value": "false",
                            "all_settings.3615826456.name": "ExternalExtensionsS3Bucket",
                            "all_settings.3615826456.namespace": "aws:elasticbeanstalk:environment",
                            "all_settings.3615826456.resource": "",
                            "all_settings.3615826456.value": "",
                            "all_settings.3648591417.name": "Cooldown",
                            "all_settings.3648591417.namespace": "aws:autoscaling:asg",
                            "all_settings.3648591417.resource": "",
                            "all_settings.3648591417.value": "360",
                            "all_settings.3669782256.name": "Data:Security:KeyFolder",
                            "all_settings.3669782256.namespace": "aws:elasticbeanstalk:application:environment",
                            "all_settings.3669782256.resource": "",
                            "all_settings.3669782256.value": "webkey",
                            "all_settings.37040285.name": "ServiceRole",
                            "all_settings.37040285.namespace": "aws:elasticbeanstalk:environment",
                            "all_settings.37040285.resource": "",
                            "all_settings.37040285.value": "aws-elasticbeanstalk-service-role",
                            "all_settings.3705073300.name": "Notification Protocol",
                            "all_settings.3705073300.namespace": "aws:elasticbeanstalk:sns:topics",
                            "all_settings.3705073300.resource": "",
                            "all_settings.3705073300.value": "email",
                            "all_settings.3708017666.name": "LowerBreachScaleIncrement",
                            "all_settings.3708017666.namespace": "aws:autoscaling:trigger",
                            "all_settings.3708017666.resource": "",
                            "all_settings.3708017666.value": "-1",
                            "all_settings.3961867433.name": "SSLCertificateId",
                            "all_settings.3961867433.namespace": "aws:elb:loadbalancer",
                            "all_settings.3961867433.resource": "",
                            "all_settings.3961867433.value": "",
                            "all_settings.3981805791.name": "Automatically Terminate Unhealthy Instances",
                            "all_settings.3981805791.namespace": "aws:elasticbeanstalk:monitoring",
                            "all_settings.3981805791.resource": "",
                            "all_settings.3981805791.value": "true",
                            "all_settings.4010736724.name": "EC2KeyName",
                            "all_settings.4010736724.namespace": "aws:autoscaling:launchconfiguration",
                            "all_settings.4010736724.resource": "",
                            "all_settings.4010736724.value": "",
                            "all_settings.4020527343.name": "InstancePort",
                            "all_settings.4020527343.namespace": "aws:elb:listener:80",
                            "all_settings.4020527343.resource": "",
                            "all_settings.4020527343.value": "80",
                            "all_settings.4049442346.name": "MeasureName",
                            "all_settings.4049442346.namespace": "aws:autoscaling:trigger",
                            "all_settings.4049442346.resource": "",
                            "all_settings.4049442346.value": "NetworkOut",
                            "all_settings.4065641051.name": "ConnectionDrainingEnabled",
                            "all_settings.4065641051.namespace": "aws:elb:policies",
                            "all_settings.4065641051.resource": "",
                            "all_settings.4065641051.value": "true",
                            "all_settings.4100247781.name": "BreachDuration",
                            "all_settings.4100247781.namespace": "aws:autoscaling:trigger",
                            "all_settings.4100247781.resource": "",
                            "all_settings.4100247781.value": "5",
                            "all_settings.4107770397.name": "Target",
                            "all_settings.4107770397.namespace": "aws:elb:healthcheck",
                            "all_settings.4107770397.resource": "",
                            "all_settings.4107770397.value": "TCP:80",
                            "all_settings.4136940953.name": "UpdateLevel",
                            "all_settings.4136940953.namespace": "aws:elasticbeanstalk:managedactions:platformupdate",
                            "all_settings.4136940953.resource": "",
                            "all_settings.4136940953.value": "",
                            "all_settings.4167503353.name": "LaunchTimeout",
                            "all_settings.4167503353.namespace": "aws:elasticbeanstalk:control",
                            "all_settings.4167503353.resource": "",
                            "all_settings.4167503353.value": "0",
                            "all_settings.4232919657.name": "SecurityGroups",
                            "all_settings.4232919657.namespace": "aws:elb:loadbalancer",
                            "all_settings.4232919657.resource": "",
                            "all_settings.4232919657.value": "",
                            "all_settings.4267362780.name": "Timeout",
                            "all_settings.4267362780.namespace": "aws:elb:healthcheck",
                            "all_settings.4267362780.resource": "",
                            "all_settings.4267362780.value": "5",
                            "all_settings.433110370.name": "DefaultSSHPort",
                            "all_settings.433110370.namespace": "aws:elasticbeanstalk:control",
                            "all_settings.433110370.resource": "",
                            "all_settings.433110370.value": "22",
                            "all_settings.43737131.name": "Data:Email:UserName",
                            "all_settings.43737131.namespace": "aws:elasticbeanstalk:application:environment",
                            "all_settings.43737131.resource": "",
                            "all_settings.43737131.value": "AKIAI5QDCWGGPKTDKF3A",
                            "all_settings.493815232.name": "MaxBatchSize",
                            "all_settings.493815232.namespace": "aws:autoscaling:updatepolicy:rollingupdate",
                            "all_settings.493815232.resource": "",
                            "all_settings.493815232.value": "1",
                            "all_settings.502734328.name": "SSHSourceRestriction",
                            "all_settings.502734328.namespace": "aws:autoscaling:launchconfiguration",
                            "all_settings.502734328.resource": "",
                            "all_settings.502734328.value": "tcp,22,22,0.0.0.0/0",
                            "all_settings.59521051.name": "HealthyThreshold",
                            "all_settings.59521051.namespace": "aws:elb:healthcheck",
                            "all_settings.59521051.resource": "",
                            "all_settings.59521051.value": "3",
                            "all_settings.666579914.name": "AppSource",
                            "all_settings.666579914.namespace": "aws:cloudformation:template:parameter",
                            "all_settings.666579914.resource": "",
                            "all_settings.666579914.value": "https://s3-us-west-2.amazonaws.com/elasticbeanstalk-samples-us-west-2/docker-sample-v3.zip",
                            "all_settings.731293825.name": "LoadBalancerHTTPSPort",
                            "all_settings.731293825.namespace": "aws:elb:loadbalancer",
                            "all_settings.731293825.resource": "",
                            "all_settings.731293825.value": "OFF",
                            "all_settings.781868919.name": "VPCId",
                            "all_settings.781868919.namespace": "aws:ec2:vpc",
                            "all_settings.781868919.resource": "",
                            "all_settings.781868919.value": "vpc-14a65173",
                            "all_settings.784312882.name": "LoadBalancerHTTPPort",
                            "all_settings.784312882.namespace": "aws:elb:loadbalancer",
                            "all_settings.784312882.resource": "",
                            "all_settings.784312882.value": "80",
                            "all_settings.850534569.name": "Features:DisableSecureCookie",
                            "all_settings.850534569.namespace": "aws:elasticbeanstalk:application:environment",
                            "all_settings.850534569.resource": "",
                            "all_settings.850534569.value": "false",
                            "all_settings.881749867.name": "Timeout",
                            "all_settings.881749867.namespace": "aws:elasticbeanstalk:command",
                            "all_settings.881749867.resource": "",
                            "all_settings.881749867.value": "600",
                            "all_settings.919917131.name": "Data:N1qlConnection:Bucket",
                            "all_settings.919917131.namespace": "aws:elasticbeanstalk:application:environment",
                            "all_settings.919917131.resource": "",
                            "all_settings.919917131.value": "sandbox_sync_gateway",
                            "all_settings.940069638.name": "RollbackLaunchOnFailure",
                            "all_settings.940069638.namespace": "aws:elasticbeanstalk:control",
                            "all_settings.940069638.resource": "",
                            "all_settings.940069638.value": "false",
                            "all_settings.948980606.name": "Data:SyncGateway:Server",
                            "all_settings.948980606.namespace": "aws:elasticbeanstalk:application:environment",
                            "all_settings.948980606.resource": "",
                            "all_settings.948980606.value": "http://sync-gateway.sandbox.kordata.com:4985",
                            "all_settings.984938304.name": "Data:Email:Password",
                            "all_settings.984938304.namespace": "aws:elasticbeanstalk:application:environment",
                            "all_settings.984938304.resource": "",
                            "all_settings.984938304.value": "AgBLIHoL/vxQd0OiUF8Y543gcF0ZKdPdS72xy8ITgQ23",
                            "application": "blue-dragonair-web-environment",
                            "autoscaling_groups.#": "1",
                            "autoscaling_groups.0": "awseb-e-h4vqr5ffqi-stack-AWSEBAutoScalingGroup-13B9Z20KCP8MI",
                            "cname": "blue-dragonair-web-environment.7jmvsddfpp.us-west-2.elasticbeanstalk.com",
                            "cname_prefix": "",
                            "description": "",
                            "id": "e-h4vqr5ffqi",
                            "instances.#": "0",
                            "launch_configurations.#": "1",
                            "launch_configurations.0": "awseb-e-h4vqr5ffqi-stack-AWSEBAutoScalingLaunchConfiguration-15O6TFS7N81J1",
                            "load_balancers.#": "1",
                            "load_balancers.0": "awseb-e-h-AWSEBLoa-1MOOM44AOBGFT",
                            "name": "blue-dragonair-web-environment",
                            "queues.#": "0",
                            "setting.#": "36",
                            "setting.10065247.name": "Hosting:Environment",
                            "setting.10065247.namespace": "aws:elasticbeanstalk:application:environment",
                            "setting.10065247.resource": "",
                            "setting.10065247.value": "development",
                            "setting.1188642213.name": "BUCKET_WITH_SECRET_KEYS",
                            "setting.1188642213.namespace": "aws:elasticbeanstalk:application:environment",
                            "setting.1188642213.resource": "",
                            "setting.1188642213.value": "kordata-blue-dragonair",
                            "setting.1311926541.name": "RollingUpdateEnabled",
                            "setting.1311926541.namespace": "aws:autoscaling:updatepolicy:rollingupdate",
                            "setting.1311926541.resource": "",
                            "setting.1311926541.value": "true",
                            "setting.1341280905.name": "Data:SyncGateway:GatewayName",
                            "setting.1341280905.namespace": "aws:elasticbeanstalk:application:environment",
                            "setting.1341280905.resource": "",
                            "setting.1341280905.value": "sandbox_sync_gateway",
                            "setting.1429395430.name": "AssociatePublicIpAddress",
                            "setting.1429395430.namespace": "aws:ec2:vpc",
                            "setting.1429395430.resource": "",
                            "setting.1429395430.value": "false",
                            "setting.1497664210.name": "CrossZone",
                            "setting.1497664210.namespace": "aws:elb:loadbalancer",
                            "setting.1497664210.resource": "",
                            "setting.1497664210.value": "true",
                            "setting.1610162273.name": "BatchSizeType",
                            "setting.1610162273.namespace": "aws:elasticbeanstalk:command",
                            "setting.1610162273.resource": "",
                            "setting.1610162273.value": "Fixed",
                            "setting.1637656409.name": "Data:Email:Port",
                            "setting.1637656409.namespace": "aws:elasticbeanstalk:application:environment",
                            "setting.1637656409.resource": "",
                            "setting.1637656409.value": "587",
                            "setting.169407575.name": "Data:N1qlConnection:Servers",
                            "setting.169407575.namespace": "aws:elasticbeanstalk:application:environment",
                            "setting.169407575.resource": "",
                            "setting.169407575.value": "http://couchbase.sandbox.kordata.com:8091/pools",
                            "setting.1715018546.name": "Data:N1qlConnection:UseSsl",
                            "setting.1715018546.namespace": "aws:elasticbeanstalk:application:environment",
                            "setting.1715018546.resource": "",
                            "setting.1715018546.value": "false",
                            "setting.1886990778.name": "ELBScheme",
                            "setting.1886990778.namespace": "aws:ec2:vpc",
                            "setting.1886990778.resource": "",
                            "setting.1886990778.value": "internal",
                            "setting.207909466.name": "Subnets",
                            "setting.207909466.namespace": "aws:ec2:vpc",
                            "setting.207909466.resource": "",
                            "setting.207909466.value": "subnet-c52a39a1",
                            "setting.2175068570.name": "BatchSize",
                            "setting.2175068570.namespace": "aws:elasticbeanstalk:command",
                            "setting.2175068570.resource": "",
                            "setting.2175068570.value": "1",
                            "setting.2203927393.name": "Data:Docmosis:Server",
                            "setting.2203927393.namespace": "aws:elasticbeanstalk:application:environment",
                            "setting.2203927393.resource": "",
                            "setting.2203927393.value": "http://docmosis.sandbox.kordata.com:8080/rs/render",
                            "setting.2207438838.name": "MinInstancesInService",
                            "setting.2207438838.namespace": "aws:autoscaling:updatepolicy:rollingupdate",
                            "setting.2207438838.resource": "",
                            "setting.2207438838.value": "1",
                            "setting.2262995125.name": "Availability Zones",
                            "setting.2262995125.namespace": "aws:autoscaling:asg",
                            "setting.2262995125.resource": "",
                            "setting.2262995125.value": "Any 2",
                            "setting.2276893638.name": "RollingUpdateType",
                            "setting.2276893638.namespace": "aws:autoscaling:updatepolicy:rollingupdate",
                            "setting.2276893638.resource": "",
                            "setting.2276893638.value": "Health",
                            "setting.2318917760.name": "Data:Email:Server",
                            "setting.2318917760.namespace": "aws:elasticbeanstalk:application:environment",
                            "setting.2318917760.resource": "",
                            "setting.2318917760.value": "email-smtp.us-west-2.amazonaws.com",
                            "setting.2396587397.name": "MinSize",
                            "setting.2396587397.namespace": "aws:autoscaling:asg",
                            "setting.2396587397.resource": "",
                            "setting.2396587397.value": "1",
                            "setting.2420299722.name": "SystemType",
                            "setting.2420299722.namespace": "aws:elasticbeanstalk:healthreporting:system",
                            "setting.2420299722.resource": "",
                            "setting.2420299722.value": "enhanced",
                            "setting.2476982775.name": "PublicRootUrl",
                            "setting.2476982775.namespace": "aws:elasticbeanstalk:application:environment",
                            "setting.2476982775.resource": "",
                            "setting.2476982775.value": "https://sandbox.kordata.com",
                            "setting.2583337832.name": "SecurityGroups",
                            "setting.2583337832.namespace": "aws:autoscaling:launchconfiguration",
                            "setting.2583337832.resource": "",
                            "setting.2583337832.value": "sg-deb9cca7",
                            "setting.2802271818.name": "InstanceType",
                            "setting.2802271818.namespace": "aws:autoscaling:launchconfiguration",
                            "setting.2802271818.resource": "",
                            "setting.2802271818.value": "t2.small",
                            "setting.290186616.name": "Data:Email:From",
                            "setting.290186616.namespace": "aws:elasticbeanstalk:application:environment",
                            "setting.290186616.resource": "",
                            "setting.290186616.value": "donotreply@kordata.com",
                            "setting.2990594129.name": "IamInstanceProfile",
                            "setting.2990594129.namespace": "aws:autoscaling:launchconfiguration",
                            "setting.2990594129.resource": "",
                            "setting.2990594129.value": "ChefServer",
                            "setting.3225151102.name": "MaxSize",
                            "setting.3225151102.namespace": "aws:autoscaling:asg",
                            "setting.3225151102.resource": "",
                            "setting.3225151102.value": "2",
                            "setting.3553402416.name": "DeploymentPolicy",
                            "setting.3553402416.namespace": "aws:elasticbeanstalk:command",
                            "setting.3553402416.resource": "",
                            "setting.3553402416.value": "Rolling",
                            "setting.3669782256.name": "Data:Security:KeyFolder",
                            "setting.3669782256.namespace": "aws:elasticbeanstalk:application:environment",
                            "setting.3669782256.resource": "",
                            "setting.3669782256.value": "webkey",
                            "setting.37040285.name": "ServiceRole",
                            "setting.37040285.namespace": "aws:elasticbeanstalk:environment",
                            "setting.37040285.resource": "",
                            "setting.37040285.value": "aws-elasticbeanstalk-service-role",
                            "setting.4065641051.name": "ConnectionDrainingEnabled",
                            "setting.4065641051.namespace": "aws:elb:policies",
                            "setting.4065641051.resource": "",
                            "setting.4065641051.value": "true",
                            "setting.43737131.name": "Data:Email:UserName",
                            "setting.43737131.namespace": "aws:elasticbeanstalk:application:environment",
                            "setting.43737131.resource": "",
                            "setting.43737131.value": "AKIAI5QDCWGGPKTDKF3A",
                            "setting.493815232.name": "MaxBatchSize",
                            "setting.493815232.namespace": "aws:autoscaling:updatepolicy:rollingupdate",
                            "setting.493815232.resource": "",
                            "setting.493815232.value": "1",
                            "setting.850534569.name": "Features:DisableSecureCookie",
                            "setting.850534569.namespace": "aws:elasticbeanstalk:application:environment",
                            "setting.850534569.resource": "",
                            "setting.850534569.value": "false",
                            "setting.919917131.name": "Data:N1qlConnection:Bucket",
                            "setting.919917131.namespace": "aws:elasticbeanstalk:application:environment",
                            "setting.919917131.resource": "",
                            "setting.919917131.value": "sandbox_sync_gateway",
                            "setting.948980606.name": "Data:SyncGateway:Server",
                            "setting.948980606.namespace": "aws:elasticbeanstalk:application:environment",
                            "setting.948980606.resource": "",
                            "setting.948980606.value": "http://sync-gateway.sandbox.kordata.com:4985",
                            "setting.984938304.name": "Data:Email:Password",
                            "setting.984938304.namespace": "aws:elasticbeanstalk:application:environment",
                            "setting.984938304.resource": "",
                            "setting.984938304.value": "AgBLIHoL/vxQd0OiUF8Y543gcF0ZKdPdS72xy8ITgQ23",
                            "solution_stack_name": "64bit Amazon Linux 2016.03 v2.1.6 running Docker 1.11.2",
                            "tier": "WebServer",
                            "triggers.#": "0",
                            "wait_for_ready_timeout": "10m"
                        },
                        "meta": {
                            "schema_version": "1"
                        },
                        "tainted": false
                    },
                    "deposed": [],
                    "provider": ""
                },
                "aws_elastic_beanstalk_environment.blue-dragonair-cldaemon": {
                    "type": "aws_elastic_beanstalk_environment",
                    "depends_on": [
                        "aws_elastic_beanstalk_application.blue-dragonair-cldaemon",
                        "aws_security_group.private",
                        "aws_subnet.us-west-2a-private",
                        "aws_vpc.default"
                    ],
                    "primary": {
                        "id": "e-6aryp62mtj",
                        "attributes": {
                            "all_settings.#": "96",
                            "all_settings.1036703857.name": "EvaluationPeriods",
                            "all_settings.1036703857.namespace": "aws:autoscaling:trigger",
                            "all_settings.1036703857.resource": "",
                            "all_settings.1036703857.value": "1",
                            "all_settings.1055035439.name": "RootVolumeType",
                            "all_settings.1055035439.namespace": "aws:autoscaling:launchconfiguration",
                            "all_settings.1055035439.resource": "",
                            "all_settings.1055035439.value": "",
                            "all_settings.1093784765.name": "ListenerProtocol",
                            "all_settings.1093784765.namespace": "aws:elb:listener:80",
                            "all_settings.1093784765.resource": "",
                            "all_settings.1093784765.value": "HTTP",
                            "all_settings.1105127146.name": "LoadBalancerPortProtocol",
                            "all_settings.1105127146.namespace": "aws:elb:loadbalancer",
                            "all_settings.1105127146.resource": "",
                            "all_settings.1105127146.value": "HTTP",
                            "all_settings.1194166391.name": "BlockDeviceMappings",
                            "all_settings.1194166391.namespace": "aws:autoscaling:launchconfiguration",
                            "all_settings.1194166391.resource": "",
                            "all_settings.1194166391.value": "/dev/xvdcz=:12:true:gp2",
                            "all_settings.1311926541.name": "RollingUpdateEnabled",
                            "all_settings.1311926541.namespace": "aws:autoscaling:updatepolicy:rollingupdate",
                            "all_settings.1311926541.resource": "",
                            "all_settings.1311926541.value": "true",
                            "all_settings.1341280905.name": "Data:SyncGateway:GatewayName",
                            "all_settings.1341280905.namespace": "aws:elasticbeanstalk:application:environment",
                            "all_settings.1341280905.resource": "",
                            "all_settings.1341280905.value": "sandbox_sync_gateway",
                            "all_settings.1413020927.name": "ConfigDocument",
                            "all_settings.1413020927.namespace": "aws:elasticbeanstalk:healthreporting:system",
                            "all_settings.1413020927.resource": "",
                            "all_settings.1413020927.value": "{\"Version\":1,\"CloudWatchMetrics\":{\"Instance\":{\"CPUIrq\":null,\"LoadAverage5min\":null,\"ApplicationRequests5xx\":null,\"ApplicationRequests4xx\":null,\"CPUUser\":null,\"LoadAverage1min\":null,\"ApplicationLatencyP50\":null,\"CPUIdle\":null,\"InstanceHealth\":null,\"ApplicationLatencyP95\":null,\"ApplicationLatencyP85\":null,\"RootFilesystemUtil\":null,\"ApplicationLatencyP90\":null,\"CPUSystem\":null,\"ApplicationLatencyP75\":null,\"CPUSoftirq\":null,\"ApplicationLatencyP10\":null,\"ApplicationLatencyP99\":null,\"ApplicationRequestsTotal\":null,\"ApplicationLatencyP99.9\":null,\"ApplicationRequests3xx\":null,\"ApplicationRequests2xx\":null,\"CPUIowait\":null,\"CPUNice\":null},\"Environment\":{\"InstancesSevere\":null,\"InstancesDegraded\":null,\"ApplicationRequests5xx\":null,\"ApplicationRequests4xx\":null,\"ApplicationLatencyP50\":null,\"ApplicationLatencyP95\":null,\"ApplicationLatencyP85\":null,\"InstancesUnknown\":null,\"ApplicationLatencyP90\":null,\"InstancesInfo\":null,\"InstancesPending\":null,\"ApplicationLatencyP75\":null,\"ApplicationLatencyP10\":null,\"ApplicationLatencyP99\":null,\"ApplicationRequestsTotal\":null,\"InstancesNoData\":null,\"ApplicationLatencyP99.9\":null,\"ApplicationRequests3xx\":null,\"ApplicationRequests2xx\":null,\"InstancesOk\":null,\"InstancesWarning\":null}}}",
                            "all_settings.1429395430.name": "AssociatePublicIpAddress",
                            "all_settings.1429395430.namespace": "aws:ec2:vpc",
                            "all_settings.1429395430.resource": "",
                            "all_settings.1429395430.value": "false",
                            "all_settings.1487137936.name": "IgnoreHealthCheck",
                            "all_settings.1487137936.namespace": "aws:elasticbeanstalk:command",
                            "all_settings.1487137936.resource": "",
                            "all_settings.1487137936.value": "false",
                            "all_settings.1497664210.name": "CrossZone",
                            "all_settings.1497664210.namespace": "aws:elb:loadbalancer",
                            "all_settings.1497664210.resource": "",
                            "all_settings.1497664210.value": "true",
                            "all_settings.1539976252.name": "ListenerEnabled",
                            "all_settings.1539976252.namespace": "aws:elb:listener:80",
                            "all_settings.1539976252.resource": "",
                            "all_settings.1539976252.value": "true",
                            "all_settings.1584820072.name": "Custom Availability Zones",
                            "all_settings.1584820072.namespace": "aws:autoscaling:asg",
                            "all_settings.1584820072.resource": "",
                            "all_settings.1584820072.value": "",
                            "all_settings.1610162273.name": "BatchSizeType",
                            "all_settings.1610162273.namespace": "aws:elasticbeanstalk:command",
                            "all_settings.1610162273.resource": "",
                            "all_settings.1610162273.value": "Fixed",
                            "all_settings.169407575.name": "Data:N1qlConnection:Servers",
                            "all_settings.169407575.namespace": "aws:elasticbeanstalk:application:environment",
                            "all_settings.169407575.resource": "",
                            "all_settings.169407575.value": "http://couchbase.sandbox.kordata.com:8091/pools",
                            "all_settings.1709622552.name": "LoadBalancerSSLPortProtocol",
                            "all_settings.1709622552.namespace": "aws:elb:loadbalancer",
                            "all_settings.1709622552.resource": "",
                            "all_settings.1709622552.value": "HTTPS",
                            "all_settings.1715018546.name": "Data:N1qlConnection:UseSsl",
                            "all_settings.1715018546.namespace": "aws:elasticbeanstalk:application:environment",
                            "all_settings.1715018546.resource": "",
                            "all_settings.1715018546.value": "false",
                            "all_settings.1824390401.name": "Notification Topic ARN",
                            "all_settings.1824390401.namespace": "aws:elasticbeanstalk:sns:topics",
                            "all_settings.1824390401.resource": "",
                            "all_settings.1824390401.value": "",
                            "all_settings.1835511052.name": "SSLCertificateId",
                            "all_settings.1835511052.namespace": "aws:elb:listener:80",
                            "all_settings.1835511052.resource": "",
                            "all_settings.1835511052.value": "",
                            "all_settings.1853127076.name": "Notification Endpoint",
                            "all_settings.1853127076.namespace": "aws:elasticbeanstalk:sns:topics",
                            "all_settings.1853127076.resource": "",
                            "all_settings.1853127076.value": "",
                            "all_settings.1886990778.name": "ELBScheme",
                            "all_settings.1886990778.namespace": "aws:ec2:vpc",
                            "all_settings.1886990778.resource": "",
                            "all_settings.1886990778.value": "internal",
                            "all_settings.1932615024.name": "UnhealthyThreshold",
                            "all_settings.1932615024.namespace": "aws:elb:healthcheck",
                            "all_settings.1932615024.resource": "",
                            "all_settings.1932615024.value": "5",
                            "all_settings.207909466.name": "Subnets",
                            "all_settings.207909466.namespace": "aws:ec2:vpc",
                            "all_settings.207909466.resource": "",
                            "all_settings.207909466.value": "subnet-c52a39a1",
                            "all_settings.2145095834.name": "InstanceProtocol",
                            "all_settings.2145095834.namespace": "aws:elb:listener:80",
                            "all_settings.2145095834.resource": "",
                            "all_settings.2145095834.value": "HTTP",
                            "all_settings.2175068570.name": "BatchSize",
                            "all_settings.2175068570.namespace": "aws:elasticbeanstalk:command",
                            "all_settings.2175068570.resource": "",
                            "all_settings.2175068570.value": "1",
                            "all_settings.2207438838.name": "MinInstancesInService",
                            "all_settings.2207438838.namespace": "aws:autoscaling:updatepolicy:rollingupdate",
                            "all_settings.2207438838.resource": "",
                            "all_settings.2207438838.value": "1",
                            "all_settings.2210680385.name": "LaunchType",
                            "all_settings.2210680385.namespace": "aws:elasticbeanstalk:control",
                            "all_settings.2210680385.resource": "",
                            "all_settings.2210680385.value": "Migration",
                            "all_settings.2262995125.name": "Availability Zones",
                            "all_settings.2262995125.namespace": "aws:autoscaling:asg",
                            "all_settings.2262995125.resource": "",
                            "all_settings.2262995125.value": "Any 2",
                            "all_settings.2276893638.name": "RollingUpdateType",
                            "all_settings.2276893638.namespace": "aws:autoscaling:updatepolicy:rollingupdate",
                            "all_settings.2276893638.resource": "",
                            "all_settings.2276893638.value": "Health",
                            "all_settings.2378924418.name": "PreferredStartTime",
                            "all_settings.2378924418.namespace": "aws:elasticbeanstalk:managedactions",
                            "all_settings.2378924418.resource": "",
                            "all_settings.2378924418.value": "",
                            "all_settings.2396587397.name": "MinSize",
                            "all_settings.2396587397.namespace": "aws:autoscaling:asg",
                            "all_settings.2396587397.resource": "",
                            "all_settings.2396587397.value": "1",
                            "all_settings.2402433859.name": "Period",
                            "all_settings.2402433859.namespace": "aws:autoscaling:trigger",
                            "all_settings.2402433859.resource": "",
                            "all_settings.2402433859.value": "5",
                            "all_settings.240742627.name": "UpperBreachScaleIncrement",
                            "all_settings.240742627.namespace": "aws:autoscaling:trigger",
                            "all_settings.240742627.resource": "",
                            "all_settings.240742627.value": "1",
                            "all_settings.2420299722.name": "SystemType",
                            "all_settings.2420299722.namespace": "aws:elasticbeanstalk:healthreporting:system",
                            "all_settings.2420299722.resource": "",
                            "all_settings.2420299722.value": "enhanced",
                            "all_settings.2492456712.name": "LogPublicationControl",
                            "all_settings.2492456712.namespace": "aws:elasticbeanstalk:hostmanager",
                            "all_settings.2492456712.resource": "",
                            "all_settings.2492456712.value": "false",
                            "all_settings.2521334252.name": "InstanceRefreshEnabled",
                            "all_settings.2521334252.namespace": "aws:elasticbeanstalk:managedactions:platformupdate",
                            "all_settings.2521334252.resource": "",
                            "all_settings.2521334252.value": "false",
                            "all_settings.2536713478.name": "ImageId",
                            "all_settings.2536713478.namespace": "aws:autoscaling:launchconfiguration",
                            "all_settings.2536713478.resource": "",
                            "all_settings.2536713478.value": "ami-41d60221",
                            "all_settings.2542474489.name": "LoadBalancerType",
                            "all_settings.2542474489.namespace": "aws:elasticbeanstalk:environment",
                            "all_settings.2542474489.resource": "",
                            "all_settings.2542474489.value": "classic",
                            "all_settings.2558821935.name": "PauseTime",
                            "all_settings.2558821935.namespace": "aws:autoscaling:updatepolicy:rollingupdate",
                            "all_settings.2558821935.resource": "",
                            "all_settings.2558821935.value": "",
                            "all_settings.2578083670.name": "InstancePort",
                            "all_settings.2578083670.namespace": "aws:cloudformation:template:parameter",
                            "all_settings.2578083670.resource": "",
                            "all_settings.2578083670.value": "80",
                            "all_settings.2583337832.name": "SecurityGroups",
                            "all_settings.2583337832.namespace": "aws:autoscaling:launchconfiguration",
                            "all_settings.2583337832.resource": "",
                            "all_settings.2583337832.value": "sg-deb9cca7",
                            "all_settings.2802271818.name": "InstanceType",
                            "all_settings.2802271818.namespace": "aws:autoscaling:launchconfiguration",
                            "all_settings.2802271818.resource": "",
                            "all_settings.2802271818.value": "t2.small",
                            "all_settings.28260639.name": "Application Healthcheck URL",
                            "all_settings.28260639.namespace": "aws:elasticbeanstalk:application",
                            "all_settings.28260639.resource": "",
                            "all_settings.28260639.value": "",
                            "all_settings.2827474164.name": "ConnectionSettingIdleTimeout",
                            "all_settings.2827474164.namespace": "aws:elb:policies",
                            "all_settings.2827474164.resource": "",
                            "all_settings.2827474164.value": "60",
                            "all_settings.285213017.name": "PolicyNames",
                            "all_settings.285213017.namespace": "aws:elb:listener:80",
                            "all_settings.285213017.resource": "",
                            "all_settings.285213017.value": "",
                            "all_settings.2929485696.name": "EnvironmentType",
                            "all_settings.2929485696.namespace": "aws:elasticbeanstalk:environment",
                            "all_settings.2929485696.resource": "",
                            "all_settings.2929485696.value": "LoadBalanced",
                            "all_settings.2990594129.name": "IamInstanceProfile",
                            "all_settings.2990594129.namespace": "aws:autoscaling:launchconfiguration",
                            "all_settings.2990594129.resource": "",
                            "all_settings.2990594129.value": "ChefServer",
                            "all_settings.304444642.name": "ConnectionDrainingTimeout",
                            "all_settings.304444642.namespace": "aws:elb:policies",
                            "all_settings.304444642.resource": "",
                            "all_settings.304444642.value": "20",
                            "all_settings.3163218702.name": "Interval",
                            "all_settings.3163218702.namespace": "aws:elb:healthcheck",
                            "all_settings.3163218702.resource": "",
                            "all_settings.3163218702.value": "10",
                            "all_settings.3225151102.name": "MaxSize",
                            "all_settings.3225151102.namespace": "aws:autoscaling:asg",
                            "all_settings.3225151102.resource": "",
                            "all_settings.3225151102.value": "2",
                            "all_settings.3243179558.name": "ExternalExtensionsS3Key",
                            "all_settings.3243179558.namespace": "aws:elasticbeanstalk:environment",
                            "all_settings.3243179558.resource": "",
                            "all_settings.3243179558.value": "",
                            "all_settings.3263411188.name": "RootVolumeIOPS",
                            "all_settings.3263411188.namespace": "aws:autoscaling:launchconfiguration",
                            "all_settings.3263411188.resource": "",
                            "all_settings.3263411188.value": "",
                            "all_settings.3305636593.name": "UpperThreshold",
                            "all_settings.3305636593.namespace": "aws:autoscaling:trigger",
                            "all_settings.3305636593.resource": "",
                            "all_settings.3305636593.value": "6000000",
                            "all_settings.3354438189.name": "Timeout",
                            "all_settings.3354438189.namespace": "aws:autoscaling:updatepolicy:rollingupdate",
                            "all_settings.3354438189.resource": "",
                            "all_settings.3354438189.value": "PT30M",
                            "all_settings.3396910454.name": "HealthCheckSuccessThreshold",
                            "all_settings.3396910454.namespace": "aws:elasticbeanstalk:healthreporting:system",
                            "all_settings.3396910454.resource": "",
                            "all_settings.3396910454.value": "Ok",
                            "all_settings.3402994671.name": "Statistic",
                            "all_settings.3402994671.namespace": "aws:autoscaling:trigger",
                            "all_settings.3402994671.resource": "",
                            "all_settings.3402994671.value": "Average",
                            "all_settings.3438018982.name": "MonitoringInterval",
                            "all_settings.3438018982.namespace": "aws:autoscaling:launchconfiguration",
                            "all_settings.3438018982.resource": "",
                            "all_settings.3438018982.value": "5 minute",
                            "all_settings.3462995119.name": "ELBSubnets",
                            "all_settings.3462995119.namespace": "aws:ec2:vpc",
                            "all_settings.3462995119.resource": "",
                            "all_settings.3462995119.value": "subnet-c52a39a1",
                            "all_settings.3496875314.name": "LowerThreshold",
                            "all_settings.3496875314.namespace": "aws:autoscaling:trigger",
                            "all_settings.3496875314.resource": "",
                            "all_settings.3496875314.value": "2000000",
                            "all_settings.3511459446.name": "RootVolumeSize",
                            "all_settings.3511459446.namespace": "aws:autoscaling:launchconfiguration",
                            "all_settings.3511459446.resource": "",
                            "all_settings.3511459446.value": "",
                            "all_settings.3516092317.name": "DockerProxyServer",
                            "all_settings.3516092317.namespace": "aws:cloudformation:template:parameter",
                            "all_settings.3516092317.resource": "",
                            "all_settings.3516092317.value": "nginx",
                            "all_settings.3542978300.name": "HooksPkgUrl",
                            "all_settings.3542978300.namespace": "aws:cloudformation:template:parameter",
                            "all_settings.3542978300.resource": "",
                            "all_settings.3542978300.value": "https://s3-us-west-2.amazonaws.com/elasticbeanstalk-env-resources-us-west-2/stalks/eb_docker_4.2.1.56.0/lib/hooks.tar.gz",
                            "all_settings.3545041252.name": "Unit",
                            "all_settings.3545041252.namespace": "aws:autoscaling:trigger",
                            "all_settings.3545041252.resource": "",
                            "all_settings.3545041252.value": "Bytes",
                            "all_settings.3553402416.name": "DeploymentPolicy",
                            "all_settings.3553402416.namespace": "aws:elasticbeanstalk:command",
                            "all_settings.3553402416.resource": "",
                            "all_settings.3553402416.value": "Rolling",
                            "all_settings.3584475532.name": "Notification Topic Name",
                            "all_settings.3584475532.namespace": "aws:elasticbeanstalk:sns:topics",
                            "all_settings.3584475532.resource": "",
                            "all_settings.3584475532.value": "",
                            "all_settings.3603622424.name": "ManagedActionsEnabled",
                            "all_settings.3603622424.namespace": "aws:elasticbeanstalk:managedactions",
                            "all_settings.3603622424.resource": "",
                            "all_settings.3603622424.value": "false",
                            "all_settings.3615826456.name": "ExternalExtensionsS3Bucket",
                            "all_settings.3615826456.namespace": "aws:elasticbeanstalk:environment",
                            "all_settings.3615826456.resource": "",
                            "all_settings.3615826456.value": "",
                            "all_settings.3648591417.name": "Cooldown",
                            "all_settings.3648591417.namespace": "aws:autoscaling:asg",
                            "all_settings.3648591417.resource": "",
                            "all_settings.3648591417.value": "360",
                            "all_settings.37040285.name": "ServiceRole",
                            "all_settings.37040285.namespace": "aws:elasticbeanstalk:environment",
                            "all_settings.37040285.resource": "",
                            "all_settings.37040285.value": "aws-elasticbeanstalk-service-role",
                            "all_settings.3705073300.name": "Notification Protocol",
                            "all_settings.3705073300.namespace": "aws:elasticbeanstalk:sns:topics",
                            "all_settings.3705073300.resource": "",
                            "all_settings.3705073300.value": "email",
                            "all_settings.3708017666.name": "LowerBreachScaleIncrement",
                            "all_settings.3708017666.namespace": "aws:autoscaling:trigger",
                            "all_settings.3708017666.resource": "",
                            "all_settings.3708017666.value": "-1",
                            "all_settings.3961867433.name": "SSLCertificateId",
                            "all_settings.3961867433.namespace": "aws:elb:loadbalancer",
                            "all_settings.3961867433.resource": "",
                            "all_settings.3961867433.value": "",
                            "all_settings.3981805791.name": "Automatically Terminate Unhealthy Instances",
                            "all_settings.3981805791.namespace": "aws:elasticbeanstalk:monitoring",
                            "all_settings.3981805791.resource": "",
                            "all_settings.3981805791.value": "true",
                            "all_settings.4010736724.name": "EC2KeyName",
                            "all_settings.4010736724.namespace": "aws:autoscaling:launchconfiguration",
                            "all_settings.4010736724.resource": "",
                            "all_settings.4010736724.value": "",
                            "all_settings.4020527343.name": "InstancePort",
                            "all_settings.4020527343.namespace": "aws:elb:listener:80",
                            "all_settings.4020527343.resource": "",
                            "all_settings.4020527343.value": "80",
                            "all_settings.4049442346.name": "MeasureName",
                            "all_settings.4049442346.namespace": "aws:autoscaling:trigger",
                            "all_settings.4049442346.resource": "",
                            "all_settings.4049442346.value": "NetworkOut",
                            "all_settings.4065641051.name": "ConnectionDrainingEnabled",
                            "all_settings.4065641051.namespace": "aws:elb:policies",
                            "all_settings.4065641051.resource": "",
                            "all_settings.4065641051.value": "true",
                            "all_settings.4100247781.name": "BreachDuration",
                            "all_settings.4100247781.namespace": "aws:autoscaling:trigger",
                            "all_settings.4100247781.resource": "",
                            "all_settings.4100247781.value": "5",
                            "all_settings.4107770397.name": "Target",
                            "all_settings.4107770397.namespace": "aws:elb:healthcheck",
                            "all_settings.4107770397.resource": "",
                            "all_settings.4107770397.value": "TCP:80",
                            "all_settings.4136940953.name": "UpdateLevel",
                            "all_settings.4136940953.namespace": "aws:elasticbeanstalk:managedactions:platformupdate",
                            "all_settings.4136940953.resource": "",
                            "all_settings.4136940953.value": "",
                            "all_settings.4167503353.name": "LaunchTimeout",
                            "all_settings.4167503353.namespace": "aws:elasticbeanstalk:control",
                            "all_settings.4167503353.resource": "",
                            "all_settings.4167503353.value": "0",
                            "all_settings.4223686721.name": "EnvironmentVariables",
                            "all_settings.4223686721.namespace": "aws:cloudformation:template:parameter",
                            "all_settings.4223686721.resource": "",
                            "all_settings.4223686721.value": "Data:SyncGateway:GatewayName=sandbox_sync_gateway,Data:N1qlConnection:Servers=http://couchbase.sandbox.kordata.com:8091/pools,Data:N1qlConnection:Bucket=sandbox_sync_gateway,Data:SyncGateway:Server=http://sync_gateway.sandbox.kordata.com:4985,Data:N1qlConnection:UseSsl=false",
                            "all_settings.4232919657.name": "SecurityGroups",
                            "all_settings.4232919657.namespace": "aws:elb:loadbalancer",
                            "all_settings.4232919657.resource": "",
                            "all_settings.4232919657.value": "",
                            "all_settings.4267362780.name": "Timeout",
                            "all_settings.4267362780.namespace": "aws:elb:healthcheck",
                            "all_settings.4267362780.resource": "",
                            "all_settings.4267362780.value": "5",
                            "all_settings.433110370.name": "DefaultSSHPort",
                            "all_settings.433110370.namespace": "aws:elasticbeanstalk:control",
                            "all_settings.433110370.resource": "",
                            "all_settings.433110370.value": "22",
                            "all_settings.493815232.name": "MaxBatchSize",
                            "all_settings.493815232.namespace": "aws:autoscaling:updatepolicy:rollingupdate",
                            "all_settings.493815232.resource": "",
                            "all_settings.493815232.value": "1",
                            "all_settings.502734328.name": "SSHSourceRestriction",
                            "all_settings.502734328.namespace": "aws:autoscaling:launchconfiguration",
                            "all_settings.502734328.resource": "",
                            "all_settings.502734328.value": "tcp,22,22,0.0.0.0/0",
                            "all_settings.59521051.name": "HealthyThreshold",
                            "all_settings.59521051.namespace": "aws:elb:healthcheck",
                            "all_settings.59521051.resource": "",
                            "all_settings.59521051.value": "3",
                            "all_settings.666579914.name": "AppSource",
                            "all_settings.666579914.namespace": "aws:cloudformation:template:parameter",
                            "all_settings.666579914.resource": "",
                            "all_settings.666579914.value": "https://s3-us-west-2.amazonaws.com/elasticbeanstalk-samples-us-west-2/docker-sample-v3.zip",
                            "all_settings.731293825.name": "LoadBalancerHTTPSPort",
                            "all_settings.731293825.namespace": "aws:elb:loadbalancer",
                            "all_settings.731293825.resource": "",
                            "all_settings.731293825.value": "OFF",
                            "all_settings.781868919.name": "VPCId",
                            "all_settings.781868919.namespace": "aws:ec2:vpc",
                            "all_settings.781868919.resource": "",
                            "all_settings.781868919.value": "vpc-14a65173",
                            "all_settings.784312882.name": "LoadBalancerHTTPPort",
                            "all_settings.784312882.namespace": "aws:elb:loadbalancer",
                            "all_settings.784312882.resource": "",
                            "all_settings.784312882.value": "80",
                            "all_settings.881749867.name": "Timeout",
                            "all_settings.881749867.namespace": "aws:elasticbeanstalk:command",
                            "all_settings.881749867.resource": "",
                            "all_settings.881749867.value": "600",
                            "all_settings.899115589.name": "Data:SyncGateway:Server",
                            "all_settings.899115589.namespace": "aws:elasticbeanstalk:application:environment",
                            "all_settings.899115589.resource": "",
                            "all_settings.899115589.value": "http://sync_gateway.sandbox.kordata.com:4985",
                            "all_settings.919917131.name": "Data:N1qlConnection:Bucket",
                            "all_settings.919917131.namespace": "aws:elasticbeanstalk:application:environment",
                            "all_settings.919917131.resource": "",
                            "all_settings.919917131.value": "sandbox_sync_gateway",
                            "all_settings.940069638.name": "RollbackLaunchOnFailure",
                            "all_settings.940069638.namespace": "aws:elasticbeanstalk:control",
                            "all_settings.940069638.resource": "",
                            "all_settings.940069638.value": "false",
                            "application": "blue-dragonair-cldaemon-environment",
                            "autoscaling_groups.#": "1",
                            "autoscaling_groups.0": "awseb-e-6aryp62mtj-stack-AWSEBAutoScalingGroup-1NEA4R0SLT4WI",
                            "cname": "blue-dragonair-cldaemon-environment.s9hbphgpju.us-west-2.elasticbeanstalk.com",
                            "cname_prefix": "",
                            "description": "",
                            "id": "e-6aryp62mtj",
                            "instances.#": "0",
                            "launch_configurations.#": "1",
                            "launch_configurations.0": "awseb-e-6aryp62mtj-stack-AWSEBAutoScalingLaunchConfiguration-H6H22I91D4EC",
                            "load_balancers.#": "1",
                            "load_balancers.0": "awseb-e-6-AWSEBLoa-WETH76AJRCE9",
                            "name": "blue-dragonair-cldaemon-environment",
                            "queues.#": "0",
                            "setting.#": "25",
                            "setting.1311926541.name": "RollingUpdateEnabled",
                            "setting.1311926541.namespace": "aws:autoscaling:updatepolicy:rollingupdate",
                            "setting.1311926541.resource": "",
                            "setting.1311926541.value": "true",
                            "setting.1341280905.name": "Data:SyncGateway:GatewayName",
                            "setting.1341280905.namespace": "aws:elasticbeanstalk:application:environment",
                            "setting.1341280905.resource": "",
                            "setting.1341280905.value": "sandbox_sync_gateway",
                            "setting.1429395430.name": "AssociatePublicIpAddress",
                            "setting.1429395430.namespace": "aws:ec2:vpc",
                            "setting.1429395430.resource": "",
                            "setting.1429395430.value": "false",
                            "setting.1497664210.name": "CrossZone",
                            "setting.1497664210.namespace": "aws:elb:loadbalancer",
                            "setting.1497664210.resource": "",
                            "setting.1497664210.value": "true",
                            "setting.1610162273.name": "BatchSizeType",
                            "setting.1610162273.namespace": "aws:elasticbeanstalk:command",
                            "setting.1610162273.resource": "",
                            "setting.1610162273.value": "Fixed",
                            "setting.169407575.name": "Data:N1qlConnection:Servers",
                            "setting.169407575.namespace": "aws:elasticbeanstalk:application:environment",
                            "setting.169407575.resource": "",
                            "setting.169407575.value": "http://couchbase.sandbox.kordata.com:8091/pools",
                            "setting.1715018546.name": "Data:N1qlConnection:UseSsl",
                            "setting.1715018546.namespace": "aws:elasticbeanstalk:application:environment",
                            "setting.1715018546.resource": "",
                            "setting.1715018546.value": "false",
                            "setting.1886990778.name": "ELBScheme",
                            "setting.1886990778.namespace": "aws:ec2:vpc",
                            "setting.1886990778.resource": "",
                            "setting.1886990778.value": "internal",
                            "setting.207909466.name": "Subnets",
                            "setting.207909466.namespace": "aws:ec2:vpc",
                            "setting.207909466.resource": "",
                            "setting.207909466.value": "subnet-c52a39a1",
                            "setting.2175068570.name": "BatchSize",
                            "setting.2175068570.namespace": "aws:elasticbeanstalk:command",
                            "setting.2175068570.resource": "",
                            "setting.2175068570.value": "1",
                            "setting.2207438838.name": "MinInstancesInService",
                            "setting.2207438838.namespace": "aws:autoscaling:updatepolicy:rollingupdate",
                            "setting.2207438838.resource": "",
                            "setting.2207438838.value": "1",
                            "setting.2262995125.name": "Availability Zones",
                            "setting.2262995125.namespace": "aws:autoscaling:asg",
                            "setting.2262995125.resource": "",
                            "setting.2262995125.value": "Any 2",
                            "setting.2276893638.name": "RollingUpdateType",
                            "setting.2276893638.namespace": "aws:autoscaling:updatepolicy:rollingupdate",
                            "setting.2276893638.resource": "",
                            "setting.2276893638.value": "Health",
                            "setting.2396587397.name": "MinSize",
                            "setting.2396587397.namespace": "aws:autoscaling:asg",
                            "setting.2396587397.resource": "",
                            "setting.2396587397.value": "1",
                            "setting.2420299722.name": "SystemType",
                            "setting.2420299722.namespace": "aws:elasticbeanstalk:healthreporting:system",
                            "setting.2420299722.resource": "",
                            "setting.2420299722.value": "enhanced",
                            "setting.2583337832.name": "SecurityGroups",
                            "setting.2583337832.namespace": "aws:autoscaling:launchconfiguration",
                            "setting.2583337832.resource": "",
                            "setting.2583337832.value": "sg-deb9cca7",
                            "setting.2802271818.name": "InstanceType",
                            "setting.2802271818.namespace": "aws:autoscaling:launchconfiguration",
                            "setting.2802271818.resource": "",
                            "setting.2802271818.value": "t2.small",
                            "setting.2990594129.name": "IamInstanceProfile",
                            "setting.2990594129.namespace": "aws:autoscaling:launchconfiguration",
                            "setting.2990594129.resource": "",
                            "setting.2990594129.value": "ChefServer",
                            "setting.3225151102.name": "MaxSize",
                            "setting.3225151102.namespace": "aws:autoscaling:asg",
                            "setting.3225151102.resource": "",
                            "setting.3225151102.value": "2",
                            "setting.3553402416.name": "DeploymentPolicy",
                            "setting.3553402416.namespace": "aws:elasticbeanstalk:command",
                            "setting.3553402416.resource": "",
                            "setting.3553402416.value": "Rolling",
                            "setting.37040285.name": "ServiceRole",
                            "setting.37040285.namespace": "aws:elasticbeanstalk:environment",
                            "setting.37040285.resource": "",
                            "setting.37040285.value": "aws-elasticbeanstalk-service-role",
                            "setting.4065641051.name": "ConnectionDrainingEnabled",
                            "setting.4065641051.namespace": "aws:elb:policies",
                            "setting.4065641051.resource": "",
                            "setting.4065641051.value": "true",
                            "setting.493815232.name": "MaxBatchSize",
                            "setting.493815232.namespace": "aws:autoscaling:updatepolicy:rollingupdate",
                            "setting.493815232.resource": "",
                            "setting.493815232.value": "1",
                            "setting.899115589.name": "Data:SyncGateway:Server",
                            "setting.899115589.namespace": "aws:elasticbeanstalk:application:environment",
                            "setting.899115589.resource": "",
                            "setting.899115589.value": "http://sync_gateway.sandbox.kordata.com:4985",
                            "setting.919917131.name": "Data:N1qlConnection:Bucket",
                            "setting.919917131.namespace": "aws:elasticbeanstalk:application:environment",
                            "setting.919917131.resource": "",
                            "setting.919917131.value": "sandbox_sync_gateway",
                            "solution_stack_name": "64bit Amazon Linux 2016.03 v2.1.6 running Docker 1.11.2",
                            "tier": "WebServer",
                            "triggers.#": "0",
                            "wait_for_ready_timeout": "10m"
                        },
                        "meta": {
                            "schema_version": "1"
                        },
                        "tainted": false
                    },
                    "deposed": [],
                    "provider": ""
                },
                "aws_elb.cbnodes": {
                    "type": "aws_elb",
                    "depends_on": [
                        "aws_security_group.private",
                        "aws_subnet.us-west-2a-private"
                    ],
                    "primary": {
                        "id": "dragonair-cbnodes-elb",
                        "attributes": {
                            "access_logs.#": "0",
                            "availability_zones.#": "1",
                            "availability_zones.2487133097": "us-west-2a",
                            "connection_draining": "false",
                            "connection_draining_timeout": "300",
                            "cross_zone_load_balancing": "true",
                            "dns_name": "internal-dragonair-cbnodes-elb-1835285670.us-west-2.elb.amazonaws.com",
                            "health_check.#": "1",
                            "health_check.0.healthy_threshold": "10",
                            "health_check.0.interval": "30",
                            "health_check.0.target": "http:8091/index.html",
                            "health_check.0.timeout": "5",
                            "health_check.0.unhealthy_threshold": "2",
                            "id": "dragonair-cbnodes-elb",
                            "idle_timeout": "60",
                            "instances.#": "0",
                            "internal": "true",
                            "listener.#": "1",
                            "listener.2726159264.instance_port": "8091",
                            "listener.2726159264.instance_protocol": "http",
                            "listener.2726159264.lb_port": "8091",
                            "listener.2726159264.lb_protocol": "http",
                            "listener.2726159264.ssl_certificate_id": "",
                            "name": "dragonair-cbnodes-elb",
                            "security_groups.#": "1",
                            "security_groups.2411303995": "sg-deb9cca7",
                            "source_security_group": "093234080301/BLUE_DRAGONAIR_private_secgroup",
                            "source_security_group_id": "sg-deb9cca7",
                            "subnets.#": "1",
                            "subnets.28230159": "subnet-c52a39a1",
                            "tags.%": "3",
                            "tags.Category": "Kordata",
                            "tags.Environment": "Dragonair",
                            "tags.Name": "cbnodes-dragonair-kordata-elb",
                            "zone_id": "Z1H1FL5HABSF5"
                        },
                        "meta": {},
                        "tainted": false
                    },
                    "deposed": [],
                    "provider": ""
                },
                "aws_elb.docmosis": {
                    "type": "aws_elb",
                    "depends_on": [
                        "aws_security_group.private",
                        "aws_subnet.us-west-2a-private"
                    ],
                    "primary": {
                        "id": "blue-dragonair-docmosis-elb",
                        "attributes": {
                            "access_logs.#": "0",
                            "availability_zones.#": "1",
                            "availability_zones.2487133097": "us-west-2a",
                            "connection_draining": "false",
                            "connection_draining_timeout": "300",
                            "cross_zone_load_balancing": "true",
                            "dns_name": "internal-blue-dragonair-docmosis-elb-235132107.us-west-2.elb.amazonaws.com",
                            "health_check.#": "1",
                            "health_check.0.healthy_threshold": "10",
                            "health_check.0.interval": "30",
                            "health_check.0.target": "http:8080/tornado.html",
                            "health_check.0.timeout": "5",
                            "health_check.0.unhealthy_threshold": "2",
                            "id": "blue-dragonair-docmosis-elb",
                            "idle_timeout": "60",
                            "instances.#": "1",
                            "instances.3509249419": "i-85efaa9d",
                            "internal": "true",
                            "listener.#": "1",
                            "listener.1092403652.instance_port": "8080",
                            "listener.1092403652.instance_protocol": "http",
                            "listener.1092403652.lb_port": "8080",
                            "listener.1092403652.lb_protocol": "http",
                            "listener.1092403652.ssl_certificate_id": "",
                            "name": "blue-dragonair-docmosis-elb",
                            "security_groups.#": "1",
                            "security_groups.2411303995": "sg-deb9cca7",
                            "source_security_group": "093234080301/BLUE_DRAGONAIR_private_secgroup",
                            "source_security_group_id": "sg-deb9cca7",
                            "subnets.#": "1",
                            "subnets.28230159": "subnet-c52a39a1",
                            "tags.%": "3",
                            "tags.Category": "Kordata",
                            "tags.Environment": "Dragonair-Blue",
                            "tags.Name": "docmosis-dragonair-kordata-elb",
                            "zone_id": "Z1H1FL5HABSF5"
                        },
                        "meta": {},
                        "tainted": false
                    },
                    "deposed": [],
                    "provider": ""
                },
                "aws_elb.sync_gateway": {
                    "type": "aws_elb",
                    "depends_on": [
                        "aws_security_group.private",
                        "aws_subnet.us-west-2a-private",
                        "aws_subnet.us-west-2b-private"
                    ],
                    "primary": {
                        "id": "dragonair-sync-gateway-elb",
                        "attributes": {
                            "access_logs.#": "0",
                            "availability_zones.#": "2",
                            "availability_zones.221770259": "us-west-2b",
                            "availability_zones.2487133097": "us-west-2a",
                            "connection_draining": "false",
                            "connection_draining_timeout": "300",
                            "cross_zone_load_balancing": "true",
                            "dns_name": "internal-dragonair-sync-gateway-elb-1828123624.us-west-2.elb.amazonaws.com",
                            "health_check.#": "1",
                            "health_check.0.healthy_threshold": "4",
                            "health_check.0.interval": "20",
                            "health_check.0.target": "http:4984/",
                            "health_check.0.timeout": "10",
                            "health_check.0.unhealthy_threshold": "2",
                            "id": "dragonair-sync-gateway-elb",
                            "idle_timeout": "60",
                            "instances.#": "0",
                            "internal": "true",
                            "listener.#": "2",
                            "listener.3569284979.instance_port": "4985",
                            "listener.3569284979.instance_protocol": "http",
                            "listener.3569284979.lb_port": "4985",
                            "listener.3569284979.lb_protocol": "http",
                            "listener.3569284979.ssl_certificate_id": "",
                            "listener.4148576524.instance_port": "4984",
                            "listener.4148576524.instance_protocol": "http",
                            "listener.4148576524.lb_port": "4984",
                            "listener.4148576524.lb_protocol": "http",
                            "listener.4148576524.ssl_certificate_id": "",
                            "name": "dragonair-sync-gateway-elb",
                            "security_groups.#": "1",
                            "security_groups.2411303995": "sg-deb9cca7",
                            "source_security_group": "093234080301/BLUE_DRAGONAIR_private_secgroup",
                            "source_security_group_id": "sg-deb9cca7",
                            "subnets.#": "2",
                            "subnets.1890739243": "subnet-27deeb51",
                            "subnets.28230159": "subnet-c52a39a1",
                            "tags.%": "3",
                            "tags.Category": "Kordata",
                            "tags.Environment": "Dragonair-Blue",
                            "tags.Name": "sg-dragonair-kordata-elb",
                            "zone_id": "Z1H1FL5HABSF5"
                        },
                        "meta": {},
                        "tainted": false
                    },
                    "deposed": [],
                    "provider": ""
                },
                "aws_instance.bastion": {
                    "type": "aws_instance",
                    "depends_on": [
                        "aws_nat_gateway.gw",
                        "aws_security_group.bastion",
                        "aws_subnet.us-west-2a-public"
                    ],
                    "primary": {
                        "id": "i-9405418c",
                        "attributes": {
                            "ami": "ami-03877563",
                            "associate_public_ip_address": "true",
                            "availability_zone": "us-west-2a",
                            "disable_api_termination": "false",
                            "ebs_block_device.#": "0",
                            "ebs_optimized": "false",
                            "ephemeral_block_device.#": "0",
                            "iam_instance_profile": "",
                            "id": "i-9405418c",
                            "instance_state": "running",
                            "instance_type": "t2.small",
                            "key_name": "Outrage",
                            "monitoring": "false",
                            "network_interface_id": "eni-fa2cbf84",
                            "private_dns": "ip-10-0-16-83.us-west-2.compute.internal",
                            "private_ip": "10.0.16.83",
                            "public_dns": "ec2-35-161-158-129.us-west-2.compute.amazonaws.com",
                            "public_ip": "35.161.158.129",
                            "root_block_device.#": "1",
                            "root_block_device.0.delete_on_termination": "true",
                            "root_block_device.0.iops": "100",
                            "root_block_device.0.volume_size": "8",
                            "root_block_device.0.volume_type": "gp2",
                            "security_groups.#": "0",
                            "source_dest_check": "true",
                            "subnet_id": "subnet-fb2a399f",
                            "tags.%": "3",
                            "tags.Category": "Kordata",
                            "tags.Environment": "Blue-Dragonair",
                            "tags.Name": "bastion.blue-dragonair.kordata",
                            "tenancy": "default",
                            "vpc_security_group_ids.#": "1",
                            "vpc_security_group_ids.40353837": "sg-dcb9cca5"
                        },
                        "meta": {
                            "schema_version": "1"
                        },
                        "tainted": false
                    },
                    "deposed": [],
                    "provider": ""
                },
                "aws_instance.couchbase_cluster_node1": {
                    "type": "aws_instance",
                    "depends_on": [
                        "aws_security_group.private",
                        "aws_subnet.us-west-2a-private"
                    ],
                    "primary": {
                        "id": "i-91054189",
                        "attributes": {
                            "ami": "ami-4215cf22",
                            "associate_public_ip_address": "false",
                            "availability_zone": "us-west-2a",
                            "disable_api_termination": "false",
                            "ebs_block_device.#": "1",
                            "ebs_block_device.680002722.delete_on_termination": "true",
                            "ebs_block_device.680002722.device_name": "/dev/sdb",
                            "ebs_block_device.680002722.encrypted": "false",
                            "ebs_block_device.680002722.iops": "750",
                            "ebs_block_device.680002722.snapshot_id": "snap-52648874",
                            "ebs_block_device.680002722.volume_size": "15",
                            "ebs_block_device.680002722.volume_type": "io1",
                            "ebs_optimized": "false",
                            "ephemeral_block_device.#": "0",
                            "iam_instance_profile": "",
                            "id": "i-91054189",
                            "instance_state": "running",
                            "instance_type": "r3.large",
                            "key_name": "Outrage",
                            "monitoring": "false",
                            "network_interface_id": "eni-39d24047",
                            "private_dns": "ip-10-0-18-19.us-west-2.compute.internal",
                            "private_ip": "10.0.18.19",
                            "public_dns": "",
                            "public_ip": "",
                            "root_block_device.#": "1",
                            "root_block_device.0.delete_on_termination": "true",
                            "root_block_device.0.iops": "100",
                            "root_block_device.0.volume_size": "8",
                            "root_block_device.0.volume_type": "gp2",
                            "security_groups.#": "0",
                            "source_dest_check": "true",
                            "subnet_id": "subnet-c52a39a1",
                            "tags.%": "3",
                            "tags.Category": "Kordata",
                            "tags.Environment": "Blue-Dragonair",
                            "tags.Name": "cbnode.blue-dragonair.kordata",
                            "tenancy": "default",
                            "vpc_security_group_ids.#": "1",
                            "vpc_security_group_ids.2411303995": "sg-deb9cca7"
                        },
                        "meta": {
                            "schema_version": "1"
                        },
                        "tainted": false
                    },
                    "deposed": [],
                    "provider": ""
                },
                "aws_instance.couchbase_cluster_node2": {
                    "type": "aws_instance",
                    "depends_on": [
                        "aws_security_group.private",
                        "aws_subnet.us-west-2a-private"
                    ],
                    "primary": {
                        "id": "i-e3fabffb",
                        "attributes": {
                            "ami": "ami-4215cf22",
                            "associate_public_ip_address": "false",
                            "availability_zone": "us-west-2a",
                            "disable_api_termination": "false",
                            "ebs_block_device.#": "1",
                            "ebs_block_device.680002722.delete_on_termination": "true",
                            "ebs_block_device.680002722.device_name": "/dev/sdb",
                            "ebs_block_device.680002722.encrypted": "false",
                            "ebs_block_device.680002722.iops": "750",
                            "ebs_block_device.680002722.snapshot_id": "snap-52648874",
                            "ebs_block_device.680002722.volume_size": "15",
                            "ebs_block_device.680002722.volume_type": "io1",
                            "ebs_optimized": "false",
                            "ephemeral_block_device.#": "0",
                            "iam_instance_profile": "",
                            "id": "i-e3fabffb",
                            "instance_state": "running",
                            "instance_type": "r3.large",
                            "key_name": "Outrage",
                            "monitoring": "false",
                            "network_interface_id": "eni-662cbf18",
                            "private_dns": "ip-10-0-18-62.us-west-2.compute.internal",
                            "private_ip": "10.0.18.62",
                            "public_dns": "",
                            "public_ip": "",
                            "root_block_device.#": "1",
                            "root_block_device.0.delete_on_termination": "true",
                            "root_block_device.0.iops": "100",
                            "root_block_device.0.volume_size": "8",
                            "root_block_device.0.volume_type": "gp2",
                            "security_groups.#": "0",
                            "source_dest_check": "true",
                            "subnet_id": "subnet-c52a39a1",
                            "tags.%": "3",
                            "tags.Category": "Kordata",
                            "tags.Environment": "Blue-Dragonair",
                            "tags.Name": "cbnode.blue-dragonair.kordata",
                            "tenancy": "default",
                            "vpc_security_group_ids.#": "1",
                            "vpc_security_group_ids.2411303995": "sg-deb9cca7"
                        },
                        "meta": {
                            "schema_version": "1"
                        },
                        "tainted": false
                    },
                    "deposed": [],
                    "provider": ""
                },
                "aws_instance.couchbase_cluster_node3": {
                    "type": "aws_instance",
                    "depends_on": [
                        "aws_security_group.private",
                        "aws_subnet.us-west-2a-private"
                    ],
                    "primary": {
                        "id": "i-e2fabffa",
                        "attributes": {
                            "ami": "ami-4215cf22",
                            "associate_public_ip_address": "false",
                            "availability_zone": "us-west-2a",
                            "disable_api_termination": "false",
                            "ebs_block_device.#": "1",
                            "ebs_block_device.680002722.delete_on_termination": "true",
                            "ebs_block_device.680002722.device_name": "/dev/sdb",
                            "ebs_block_device.680002722.encrypted": "false",
                            "ebs_block_device.680002722.iops": "750",
                            "ebs_block_device.680002722.snapshot_id": "snap-52648874",
                            "ebs_block_device.680002722.volume_size": "15",
                            "ebs_block_device.680002722.volume_type": "io1",
                            "ebs_optimized": "false",
                            "ephemeral_block_device.#": "0",
                            "iam_instance_profile": "",
                            "id": "i-e2fabffa",
                            "instance_state": "running",
                            "instance_type": "r3.large",
                            "key_name": "Outrage",
                            "monitoring": "false",
                            "network_interface_id": "eni-a628bbd8",
                            "private_dns": "ip-10-0-18-164.us-west-2.compute.internal",
                            "private_ip": "10.0.18.164",
                            "public_dns": "",
                            "public_ip": "",
                            "root_block_device.#": "1",
                            "root_block_device.0.delete_on_termination": "true",
                            "root_block_device.0.iops": "100",
                            "root_block_device.0.volume_size": "8",
                            "root_block_device.0.volume_type": "gp2",
                            "security_groups.#": "0",
                            "source_dest_check": "true",
                            "subnet_id": "subnet-c52a39a1",
                            "tags.%": "3",
                            "tags.Category": "Kordata",
                            "tags.Environment": "Blue-Dragonair",
                            "tags.Name": "cbnode.blue-dragonair.kordata",
                            "tenancy": "default",
                            "vpc_security_group_ids.#": "1",
                            "vpc_security_group_ids.2411303995": "sg-deb9cca7"
                        },
                        "meta": {
                            "schema_version": "1"
                        },
                        "tainted": false
                    },
                    "deposed": [],
                    "provider": ""
                },
                "aws_internet_gateway.default": {
                    "type": "aws_internet_gateway",
                    "depends_on": [
                        "aws_vpc.default"
                    ],
                    "primary": {
                        "id": "igw-b420acd0",
                        "attributes": {
                            "id": "igw-b420acd0",
                            "tags.%": "3",
                            "tags.Category": "Kordata",
                            "tags.Environment": "Blue-Dragonair",
                            "tags.Name": "BLUE-DRAGONAIR-igw",
                            "vpc_id": "vpc-14a65173"
                        },
                        "meta": {},
                        "tainted": false
                    },
                    "deposed": [],
                    "provider": ""
                },
                "aws_launch_configuration.docmosis": {
                    "type": "aws_launch_configuration",
                    "depends_on": [
                        "aws_security_group.private"
                    ],
                    "primary": {
                        "id": "blue_dragonair_docmosis_lc",
                        "attributes": {
                            "associate_public_ip_address": "false",
                            "ebs_block_device.#": "0",
                            "ebs_optimized": "false",
                            "enable_monitoring": "true",
                            "ephemeral_block_device.#": "0",
                            "iam_instance_profile": "",
                            "id": "blue_dragonair_docmosis_lc",
                            "image_id": "ami-7fb1711f",
                            "instance_type": "t2.small",
                            "key_name": "Outrage",
                            "name": "blue_dragonair_docmosis_lc",
                            "root_block_device.#": "0",
                            "security_groups.#": "1",
                            "security_groups.2411303995": "sg-deb9cca7",
                            "spot_price": "",
                            "user_data": "bfee5824d8da4fe8ca154ba8e999ebd633395837",
                            "vpc_classic_link_id": "",
                            "vpc_classic_link_security_groups.#": "0"
                        },
                        "meta": {},
                        "tainted": false
                    },
                    "deposed": [],
                    "provider": ""
                },
                "aws_launch_configuration.ecs_cluster": {
                    "type": "aws_launch_configuration",
                    "depends_on": [
                        "aws_security_group.web"
                    ],
                    "primary": {
                        "id": "blue_dragonair_ecs_cluster_ls",
                        "attributes": {
                            "associate_public_ip_address": "true",
                            "ebs_block_device.#": "0",
                            "ebs_optimized": "false",
                            "enable_monitoring": "true",
                            "ephemeral_block_device.#": "0",
                            "iam_instance_profile": "ChefServer",
                            "id": "blue_dragonair_ecs_cluster_ls",
                            "image_id": "ami-56ed4936",
                            "instance_type": "t2.small",
                            "key_name": "Outrage",
                            "name": "blue_dragonair_ecs_cluster_ls",
                            "root_block_device.#": "0",
                            "security_groups.#": "1",
                            "security_groups.3377905200": "sg-dfb9cca6",
                            "spot_price": "",
                            "user_data": "6cccbfcfd4c5d393e49e85f97be471c76e5aa761",
                            "vpc_classic_link_id": "",
                            "vpc_classic_link_security_groups.#": "0"
                        },
                        "meta": {},
                        "tainted": false
                    },
                    "deposed": [],
                    "provider": ""
                },
                "aws_launch_configuration.nginx": {
                    "type": "aws_launch_configuration",
                    "depends_on": [
                        "aws_security_group.web"
                    ],
                    "primary": {
                        "id": "blue_dragonair_nginx_lc",
                        "attributes": {
                            "associate_public_ip_address": "true",
                            "ebs_block_device.#": "0",
                            "ebs_optimized": "false",
                            "enable_monitoring": "true",
                            "ephemeral_block_device.#": "0",
                            "iam_instance_profile": "",
                            "id": "blue_dragonair_nginx_lc",
                            "image_id": "ami-9627ecf6",
                            "instance_type": "t2.small",
                            "key_name": "Outrage",
                            "name": "blue_dragonair_nginx_lc",
                            "root_block_device.#": "0",
                            "security_groups.#": "1",
                            "security_groups.3377905200": "sg-dfb9cca6",
                            "spot_price": "",
                            "user_data": "661f98a44d4237b6d32fe56f2489a2b6939d8453",
                            "vpc_classic_link_id": "",
                            "vpc_classic_link_security_groups.#": "0"
                        },
                        "meta": {},
                        "tainted": false
                    },
                    "deposed": [],
                    "provider": ""
                },
                "aws_launch_configuration.sync_gateway": {
                    "type": "aws_launch_configuration",
                    "depends_on": [
                        "aws_security_group.private"
                    ],
                    "primary": {
                        "id": "blue_dragonair_sync_gateway_lc",
                        "attributes": {
                            "associate_public_ip_address": "false",
                            "ebs_block_device.#": "0",
                            "ebs_optimized": "false",
                            "enable_monitoring": "true",
                            "ephemeral_block_device.#": "0",
                            "iam_instance_profile": "",
                            "id": "blue_dragonair_sync_gateway_lc",
                            "image_id": "ami-e8963188",
                            "instance_type": "t2.small",
                            "key_name": "Outrage",
                            "name": "blue_dragonair_sync_gateway_lc",
                            "root_block_device.#": "0",
                            "security_groups.#": "1",
                            "security_groups.2411303995": "sg-deb9cca7",
                            "spot_price": "",
                            "user_data": "661f98a44d4237b6d32fe56f2489a2b6939d8453",
                            "vpc_classic_link_id": "",
                            "vpc_classic_link_security_groups.#": "0"
                        },
                        "meta": {},
                        "tainted": false
                    },
                    "deposed": [],
                    "provider": ""
                },
                "aws_nat_gateway.gw": {
                    "type": "aws_nat_gateway",
                    "depends_on": [
                        "aws_eip.nat1",
                        "aws_internet_gateway.default",
                        "aws_subnet.us-west-2a-public"
                    ],
                    "primary": {
                        "id": "nat-0a3a6b00dd51c0172",
                        "attributes": {
                            "allocation_id": "eipalloc-824edfe5",
                            "id": "nat-0a3a6b00dd51c0172",
                            "network_interface_id": "eni-3b45e045",
                            "private_ip": "10.0.16.157",
                            "public_ip": "35.162.124.122",
                            "subnet_id": "subnet-fb2a399f"
                        },
                        "meta": {},
                        "tainted": false
                    },
                    "deposed": [],
                    "provider": ""
                },
                "aws_nat_gateway.gw2": {
                    "type": "aws_nat_gateway",
                    "depends_on": [
                        "aws_eip.nat2",
                        "aws_internet_gateway.default",
                        "aws_subnet.us-west-2b-public"
                    ],
                    "primary": {
                        "id": "nat-05fc0ce9a0ea8f48d",
                        "attributes": {
                            "allocation_id": "eipalloc-384fde5f",
                            "id": "nat-05fc0ce9a0ea8f48d",
                            "network_interface_id": "eni-bd0970fc",
                            "private_ip": "10.0.17.37",
                            "public_ip": "35.162.108.96",
                            "subnet_id": "subnet-39deeb4f"
                        },
                        "meta": {},
                        "tainted": false
                    },
                    "deposed": [],
                    "provider": ""
                },
                "aws_route_table.us-west-2a-private": {
                    "type": "aws_route_table",
                    "depends_on": [
                        "aws_nat_gateway.gw",
                        "aws_vpc.default"
                    ],
                    "primary": {
                        "id": "rtb-aac67bcd",
                        "attributes": {
                            "id": "rtb-aac67bcd",
                            "propagating_vgws.#": "0",
                            "route.#": "1",
                            "route.1314710388.cidr_block": "0.0.0.0/0",
                            "route.1314710388.gateway_id": "",
                            "route.1314710388.instance_id": "",
                            "route.1314710388.nat_gateway_id": "nat-0a3a6b00dd51c0172",
                            "route.1314710388.network_interface_id": "",
                            "route.1314710388.vpc_peering_connection_id": "",
                            "tags.%": "3",
                            "tags.Category": "Kordata",
                            "tags.Environment": "Blue-Dragonair",
                            "tags.Name": "BLUE-DRAGONAIR-private-2a",
                            "vpc_id": "vpc-14a65173"
                        },
                        "meta": {},
                        "tainted": false
                    },
                    "deposed": [],
                    "provider": ""
                },
                "aws_route_table.us-west-2a-public": {
                    "type": "aws_route_table",
                    "depends_on": [
                        "aws_internet_gateway.default",
                        "aws_vpc.default"
                    ],
                    "primary": {
                        "id": "rtb-59c67b3e",
                        "attributes": {
                            "id": "rtb-59c67b3e",
                            "propagating_vgws.#": "0",
                            "route.#": "1",
                            "route.135210142.cidr_block": "0.0.0.0/0",
                            "route.135210142.gateway_id": "igw-b420acd0",
                            "route.135210142.instance_id": "",
                            "route.135210142.nat_gateway_id": "",
                            "route.135210142.network_interface_id": "",
                            "route.135210142.vpc_peering_connection_id": "",
                            "tags.%": "3",
                            "tags.Category": "Kordata",
                            "tags.Environment": "Blue-Dragonair",
                            "tags.Name": "BLUE-DRAGONAIR-Public-2a",
                            "vpc_id": "vpc-14a65173"
                        },
                        "meta": {},
                        "tainted": false
                    },
                    "deposed": [],
                    "provider": ""
                },
                "aws_route_table.us-west-2b-private": {
                    "type": "aws_route_table",
                    "depends_on": [
                        "aws_nat_gateway.gw2",
                        "aws_vpc.default"
                    ],
                    "primary": {
                        "id": "rtb-cbc67bac",
                        "attributes": {
                            "id": "rtb-cbc67bac",
                            "propagating_vgws.#": "0",
                            "route.#": "1",
                            "route.2096202353.cidr_block": "0.0.0.0/0",
                            "route.2096202353.gateway_id": "",
                            "route.2096202353.instance_id": "",
                            "route.2096202353.nat_gateway_id": "nat-05fc0ce9a0ea8f48d",
                            "route.2096202353.network_interface_id": "",
                            "route.2096202353.vpc_peering_connection_id": "",
                            "tags.%": "3",
                            "tags.Category": "Kordata",
                            "tags.Environment": "Blue-Dragonair",
                            "tags.Name": "BLUE-DRAGONAIR-private-2b",
                            "vpc_id": "vpc-14a65173"
                        },
                        "meta": {},
                        "tainted": false
                    },
                    "deposed": [],
                    "provider": ""
                },
                "aws_route_table.us-west-2b-public": {
                    "type": "aws_route_table",
                    "depends_on": [
                        "aws_internet_gateway.default",
                        "aws_vpc.default"
                    ],
                    "primary": {
                        "id": "rtb-5ac67b3d",
                        "attributes": {
                            "id": "rtb-5ac67b3d",
                            "propagating_vgws.#": "0",
                            "route.#": "1",
                            "route.135210142.cidr_block": "0.0.0.0/0",
                            "route.135210142.gateway_id": "igw-b420acd0",
                            "route.135210142.instance_id": "",
                            "route.135210142.nat_gateway_id": "",
                            "route.135210142.network_interface_id": "",
                            "route.135210142.vpc_peering_connection_id": "",
                            "tags.%": "3",
                            "tags.Category": "Kordata",
                            "tags.Environment": "Blue-Dragonair",
                            "tags.Name": "BLUE-DRAGONAIR-Public-2b",
                            "vpc_id": "vpc-14a65173"
                        },
                        "meta": {},
                        "tainted": false
                    },
                    "deposed": [],
                    "provider": ""
                },
                "aws_route_table_association.us-west-2a-private": {
                    "type": "aws_route_table_association",
                    "depends_on": [
                        "aws_route_table.us-west-2a-private",
                        "aws_subnet.us-west-2a-private"
                    ],
                    "primary": {
                        "id": "rtbassoc-5509e433",
                        "attributes": {
                            "id": "rtbassoc-5509e433",
                            "route_table_id": "rtb-aac67bcd",
                            "subnet_id": "subnet-c52a39a1"
                        },
                        "meta": {},
                        "tainted": false
                    },
                    "deposed": [],
                    "provider": ""
                },
                "aws_route_table_association.us-west-2a-public": {
                    "type": "aws_route_table_association",
                    "depends_on": [
                        "aws_route_table.us-west-2a-public",
                        "aws_subnet.us-west-2a-public"
                    ],
                    "primary": {
                        "id": "rtbassoc-010ee367",
                        "attributes": {
                            "id": "rtbassoc-010ee367",
                            "route_table_id": "rtb-59c67b3e",
                            "subnet_id": "subnet-fb2a399f"
                        },
                        "meta": {},
                        "tainted": false
                    },
                    "deposed": [],
                    "provider": ""
                },
                "aws_route_table_association.us-west-2b-private": {
                    "type": "aws_route_table_association",
                    "depends_on": [
                        "aws_route_table.us-west-2b-private",
                        "aws_subnet.us-west-2b-private"
                    ],
                    "primary": {
                        "id": "rtbassoc-800ee3e6",
                        "attributes": {
                            "id": "rtbassoc-800ee3e6",
                            "route_table_id": "rtb-cbc67bac",
                            "subnet_id": "subnet-27deeb51"
                        },
                        "meta": {},
                        "tainted": false
                    },
                    "deposed": [],
                    "provider": ""
                },
                "aws_route_table_association.us-west-2b-public": {
                    "type": "aws_route_table_association",
                    "depends_on": [
                        "aws_route_table.us-west-2b-public",
                        "aws_subnet.us-west-2b-public"
                    ],
                    "primary": {
                        "id": "rtbassoc-000ee366",
                        "attributes": {
                            "id": "rtbassoc-000ee366",
                            "route_table_id": "rtb-5ac67b3d",
                            "subnet_id": "subnet-39deeb4f"
                        },
                        "meta": {},
                        "tainted": false
                    },
                    "deposed": [],
                    "provider": ""
                },
                "aws_security_group.bastion": {
                    "type": "aws_security_group",
                    "depends_on": [
                        "aws_vpc.default"
                    ],
                    "primary": {
                        "id": "sg-dcb9cca5",
                        "attributes": {
                            "description": "Allow incoming HTTP connections.",
                            "egress.#": "2",
                            "egress.2214680975.cidr_blocks.#": "1",
                            "egress.2214680975.cidr_blocks.0": "0.0.0.0/0",
                            "egress.2214680975.from_port": "80",
                            "egress.2214680975.prefix_list_ids.#": "0",
                            "egress.2214680975.protocol": "tcp",
                            "egress.2214680975.security_groups.#": "0",
                            "egress.2214680975.self": "false",
                            "egress.2214680975.to_port": "80",
                            "egress.931551850.cidr_blocks.#": "1",
                            "egress.931551850.cidr_blocks.0": "10.0.0.0/16",
                            "egress.931551850.from_port": "22",
                            "egress.931551850.prefix_list_ids.#": "0",
                            "egress.931551850.protocol": "tcp",
                            "egress.931551850.security_groups.#": "0",
                            "egress.931551850.self": "false",
                            "egress.931551850.to_port": "22",
                            "id": "sg-dcb9cca5",
                            "ingress.#": "2",
                            "ingress.1940329030.cidr_blocks.#": "1",
                            "ingress.1940329030.cidr_blocks.0": "66.232.90.178/32",
                            "ingress.1940329030.from_port": "1775",
                            "ingress.1940329030.protocol": "tcp",
                            "ingress.1940329030.security_groups.#": "0",
                            "ingress.1940329030.self": "false",
                            "ingress.1940329030.to_port": "1775",
                            "ingress.3813522548.cidr_blocks.#": "1",
                            "ingress.3813522548.cidr_blocks.0": "66.232.90.178/32",
                            "ingress.3813522548.from_port": "22",
                            "ingress.3813522548.protocol": "tcp",
                            "ingress.3813522548.security_groups.#": "0",
                            "ingress.3813522548.self": "false",
                            "ingress.3813522548.to_port": "22",
                            "name": "BLUE-DRAGONAIR_bastion_secgroup",
                            "owner_id": "093234080301",
                            "tags.%": "3",
                            "tags.Category": "Kordata",
                            "tags.Environment": "Blue-Dragonair",
                            "tags.Name": "BLUE-DRAGONAIR.bastion.secgroup",
                            "vpc_id": "vpc-14a65173"
                        },
                        "meta": {},
                        "tainted": false
                    },
                    "deposed": [],
                    "provider": ""
                },
                "aws_security_group.private": {
                    "type": "aws_security_group",
                    "depends_on": [
                        "aws_vpc.default"
                    ],
                    "primary": {
                        "id": "sg-deb9cca7",
                        "attributes": {
                            "description": "Allow incoming web/database connections.",
                            "egress.#": "16",
                            "egress.1401313523.cidr_blocks.#": "1",
                            "egress.1401313523.cidr_blocks.0": "10.0.0.0/16",
                            "egress.1401313523.from_port": "9500",
                            "egress.1401313523.prefix_list_ids.#": "0",
                            "egress.1401313523.protocol": "tcp",
                            "egress.1401313523.security_groups.#": "0",
                            "egress.1401313523.self": "false",
                            "egress.1401313523.to_port": "9500",
                            "egress.1614566449.cidr_blocks.#": "1",
                            "egress.1614566449.cidr_blocks.0": "10.0.0.0/16",
                            "egress.1614566449.from_port": "18901",
                            "egress.1614566449.prefix_list_ids.#": "0",
                            "egress.1614566449.protocol": "tcp",
                            "egress.1614566449.security_groups.#": "0",
                            "egress.1614566449.self": "false",
                            "egress.1614566449.to_port": "18905",
                            "egress.1705025304.cidr_blocks.#": "1",
                            "egress.1705025304.cidr_blocks.0": "10.0.0.0/16",
                            "egress.1705025304.from_port": "4984",
                            "egress.1705025304.prefix_list_ids.#": "0",
                            "egress.1705025304.protocol": "tcp",
                            "egress.1705025304.security_groups.#": "0",
                            "egress.1705025304.self": "false",
                            "egress.1705025304.to_port": "4985",
                            "egress.2214680975.cidr_blocks.#": "1",
                            "egress.2214680975.cidr_blocks.0": "0.0.0.0/0",
                            "egress.2214680975.from_port": "80",
                            "egress.2214680975.prefix_list_ids.#": "0",
                            "egress.2214680975.protocol": "tcp",
                            "egress.2214680975.security_groups.#": "0",
                            "egress.2214680975.self": "false",
                            "egress.2214680975.to_port": "80",
                            "egress.2557024631.cidr_blocks.#": "1",
                            "egress.2557024631.cidr_blocks.0": "10.0.0.0/16",
                            "egress.2557024631.from_port": "4369",
                            "egress.2557024631.prefix_list_ids.#": "0",
                            "egress.2557024631.protocol": "tcp",
                            "egress.2557024631.security_groups.#": "0",
                            "egress.2557024631.self": "false",
                            "egress.2557024631.to_port": "4369",
                            "egress.2617001939.cidr_blocks.#": "1",
                            "egress.2617001939.cidr_blocks.0": "0.0.0.0/0",
                            "egress.2617001939.from_port": "443",
                            "egress.2617001939.prefix_list_ids.#": "0",
                            "egress.2617001939.protocol": "tcp",
                            "egress.2617001939.security_groups.#": "0",
                            "egress.2617001939.self": "false",
                            "egress.2617001939.to_port": "443",
                            "egress.284779734.cidr_blocks.#": "1",
                            "egress.284779734.cidr_blocks.0": "10.0.0.0/16",
                            "egress.284779734.from_port": "9998",
                            "egress.284779734.prefix_list_ids.#": "0",
                            "egress.284779734.protocol": "tcp",
                            "egress.284779734.security_groups.#": "0",
                            "egress.284779734.self": "false",
                            "egress.284779734.to_port": "9999",
                            "egress.2863568401.cidr_blocks.#": "1",
                            "egress.2863568401.cidr_blocks.0": "10.0.0.0/16",
                            "egress.2863568401.from_port": "9100",
                            "egress.2863568401.prefix_list_ids.#": "0",
                            "egress.2863568401.protocol": "tcp",
                            "egress.2863568401.security_groups.#": "0",
                            "egress.2863568401.self": "false",
                            "egress.2863568401.to_port": "9105",
                            "egress.3019688685.cidr_blocks.#": "1",
                            "egress.3019688685.cidr_blocks.0": "10.0.0.0/16",
                            "egress.3019688685.from_port": "21100",
                            "egress.3019688685.prefix_list_ids.#": "0",
                            "egress.3019688685.protocol": "tcp",
                            "egress.3019688685.security_groups.#": "0",
                            "egress.3019688685.self": "false",
                            "egress.3019688685.to_port": "21299",
                            "egress.542945394.cidr_blocks.#": "1",
                            "egress.542945394.cidr_blocks.0": "10.0.0.0/16",
                            "egress.542945394.from_port": "8080",
                            "egress.542945394.prefix_list_ids.#": "0",
                            "egress.542945394.protocol": "tcp",
                            "egress.542945394.security_groups.#": "0",
                            "egress.542945394.self": "false",
                            "egress.542945394.to_port": "8080",
                            "egress.551729666.cidr_blocks.#": "1",
                            "egress.551729666.cidr_blocks.0": "10.1.0.0/16",
                            "egress.551729666.from_port": "11207",
                            "egress.551729666.prefix_list_ids.#": "0",
                            "egress.551729666.protocol": "tcp",
                            "egress.551729666.security_groups.#": "0",
                            "egress.551729666.self": "false",
                            "egress.551729666.to_port": "11215",
                            "egress.636024171.cidr_blocks.#": "1",
                            "egress.636024171.cidr_blocks.0": "10.1.0.0/16",
                            "egress.636024171.from_port": "8091",
                            "egress.636024171.prefix_list_ids.#": "0",
                            "egress.636024171.protocol": "tcp",
                            "egress.636024171.security_groups.#": "0",
                            "egress.636024171.self": "false",
                            "egress.636024171.to_port": "8095",
                            "egress.669341511.cidr_blocks.#": "1",
                            "egress.669341511.cidr_blocks.0": "10.1.0.0/16",
                            "egress.669341511.from_port": "18091",
                            "egress.669341511.prefix_list_ids.#": "0",
                            "egress.669341511.protocol": "tcp",
                            "egress.669341511.security_groups.#": "0",
                            "egress.669341511.self": "false",
                            "egress.669341511.to_port": "18095",
                            "egress.848552232.cidr_blocks.#": "1",
                            "egress.848552232.cidr_blocks.0": "10.0.0.0/16",
                            "egress.848552232.from_port": "8091",
                            "egress.848552232.prefix_list_ids.#": "0",
                            "egress.848552232.protocol": "tcp",
                            "egress.848552232.security_groups.#": "0",
                            "egress.848552232.self": "false",
                            "egress.848552232.to_port": "8095",
                            "egress.931551850.cidr_blocks.#": "1",
                            "egress.931551850.cidr_blocks.0": "10.0.0.0/16",
                            "egress.931551850.from_port": "22",
                            "egress.931551850.prefix_list_ids.#": "0",
                            "egress.931551850.protocol": "tcp",
                            "egress.931551850.security_groups.#": "0",
                            "egress.931551850.self": "false",
                            "egress.931551850.to_port": "22",
                            "egress.932818497.cidr_blocks.#": "1",
                            "egress.932818497.cidr_blocks.0": "10.0.0.0/16",
                            "egress.932818497.from_port": "11207",
                            "egress.932818497.prefix_list_ids.#": "0",
                            "egress.932818497.protocol": "tcp",
                            "egress.932818497.security_groups.#": "0",
                            "egress.932818497.self": "false",
                            "egress.932818497.to_port": "11215",
                            "id": "sg-deb9cca7",
                            "ingress.#": "18",
                            "ingress.1401313523.cidr_blocks.#": "1",
                            "ingress.1401313523.cidr_blocks.0": "10.0.0.0/16",
                            "ingress.1401313523.from_port": "9500",
                            "ingress.1401313523.protocol": "tcp",
                            "ingress.1401313523.security_groups.#": "0",
                            "ingress.1401313523.self": "false",
                            "ingress.1401313523.to_port": "9500",
                            "ingress.1829582617.cidr_blocks.#": "1",
                            "ingress.1829582617.cidr_blocks.0": "10.0.0.0/16",
                            "ingress.1829582617.from_port": "443",
                            "ingress.1829582617.protocol": "tcp",
                            "ingress.1829582617.security_groups.#": "0",
                            "ingress.1829582617.self": "false",
                            "ingress.1829582617.to_port": "443",
                            "ingress.2165049311.cidr_blocks.#": "1",
                            "ingress.2165049311.cidr_blocks.0": "10.0.0.0/16",
                            "ingress.2165049311.from_port": "80",
                            "ingress.2165049311.protocol": "tcp",
                            "ingress.2165049311.security_groups.#": "0",
                            "ingress.2165049311.self": "false",
                            "ingress.2165049311.to_port": "80",
                            "ingress.2367571557.cidr_blocks.#": "1",
                            "ingress.2367571557.cidr_blocks.0": "10.0.0.0/16",
                            "ingress.2367571557.from_port": "3001",
                            "ingress.2367571557.protocol": "tcp",
                            "ingress.2367571557.security_groups.#": "0",
                            "ingress.2367571557.self": "false",
                            "ingress.2367571557.to_port": "3001",
                            "ingress.2547516695.cidr_blocks.#": "1",
                            "ingress.2547516695.cidr_blocks.0": "10.1.0.0/16",
                            "ingress.2547516695.from_port": "18091",
                            "ingress.2547516695.protocol": "tcp",
                            "ingress.2547516695.security_groups.#": "0",
                            "ingress.2547516695.self": "false",
                            "ingress.2547516695.to_port": "18093",
                            "ingress.2557024631.cidr_blocks.#": "1",
                            "ingress.2557024631.cidr_blocks.0": "10.0.0.0/16",
                            "ingress.2557024631.from_port": "4369",
                            "ingress.2557024631.protocol": "tcp",
                            "ingress.2557024631.security_groups.#": "0",
                            "ingress.2557024631.self": "false",
                            "ingress.2557024631.to_port": "4369",
                            "ingress.284779734.cidr_blocks.#": "1",
                            "ingress.284779734.cidr_blocks.0": "10.0.0.0/16",
                            "ingress.284779734.from_port": "9998",
                            "ingress.284779734.protocol": "tcp",
                            "ingress.284779734.security_groups.#": "0",
                            "ingress.284779734.self": "false",
                            "ingress.284779734.to_port": "9999",
                            "ingress.2863568401.cidr_blocks.#": "1",
                            "ingress.2863568401.cidr_blocks.0": "10.0.0.0/16",
                            "ingress.2863568401.from_port": "9100",
                            "ingress.2863568401.protocol": "tcp",
                            "ingress.2863568401.security_groups.#": "0",
                            "ingress.2863568401.self": "false",
                            "ingress.2863568401.to_port": "9105",
                            "ingress.3019688685.cidr_blocks.#": "1",
                            "ingress.3019688685.cidr_blocks.0": "10.0.0.0/16",
                            "ingress.3019688685.from_port": "21100",
                            "ingress.3019688685.protocol": "tcp",
                            "ingress.3019688685.security_groups.#": "0",
                            "ingress.3019688685.self": "false",
                            "ingress.3019688685.to_port": "21299",
                            "ingress.3032262572.cidr_blocks.#": "1",
                            "ingress.3032262572.cidr_blocks.0": "0.0.0.0/0",
                            "ingress.3032262572.from_port": "4984",
                            "ingress.3032262572.protocol": "tcp",
                            "ingress.3032262572.security_groups.#": "0",
                            "ingress.3032262572.self": "false",
                            "ingress.3032262572.to_port": "4985",
                            "ingress.542945394.cidr_blocks.#": "1",
                            "ingress.542945394.cidr_blocks.0": "10.0.0.0/16",
                            "ingress.542945394.from_port": "8080",
                            "ingress.542945394.protocol": "tcp",
                            "ingress.542945394.security_groups.#": "0",
                            "ingress.542945394.self": "false",
                            "ingress.542945394.to_port": "8080",
                            "ingress.551729666.cidr_blocks.#": "1",
                            "ingress.551729666.cidr_blocks.0": "10.1.0.0/16",
                            "ingress.551729666.from_port": "11207",
                            "ingress.551729666.protocol": "tcp",
                            "ingress.551729666.security_groups.#": "0",
                            "ingress.551729666.self": "false",
                            "ingress.551729666.to_port": "11215",
                            "ingress.623811199.cidr_blocks.#": "1",
                            "ingress.623811199.cidr_blocks.0": "0.0.0.0/0",
                            "ingress.623811199.from_port": "123",
                            "ingress.623811199.protocol": "tcp",
                            "ingress.623811199.security_groups.#": "0",
                            "ingress.623811199.self": "false",
                            "ingress.623811199.to_port": "123",
                            "ingress.636024171.cidr_blocks.#": "1",
                            "ingress.636024171.cidr_blocks.0": "10.1.0.0/16",
                            "ingress.636024171.from_port": "8091",
                            "ingress.636024171.protocol": "tcp",
                            "ingress.636024171.security_groups.#": "0",
                            "ingress.636024171.self": "false",
                            "ingress.636024171.to_port": "8095",
                            "ingress.815678212.cidr_blocks.#": "1",
                            "ingress.815678212.cidr_blocks.0": "10.0.0.0/16",
                            "ingress.815678212.from_port": "18091",
                            "ingress.815678212.protocol": "tcp",
                            "ingress.815678212.security_groups.#": "0",
                            "ingress.815678212.self": "false",
                            "ingress.815678212.to_port": "18095",
                            "ingress.848552232.cidr_blocks.#": "1",
                            "ingress.848552232.cidr_blocks.0": "10.0.0.0/16",
                            "ingress.848552232.from_port": "8091",
                            "ingress.848552232.protocol": "tcp",
                            "ingress.848552232.security_groups.#": "0",
                            "ingress.848552232.self": "false",
                            "ingress.848552232.to_port": "8095",
                            "ingress.931551850.cidr_blocks.#": "1",
                            "ingress.931551850.cidr_blocks.0": "10.0.0.0/16",
                            "ingress.931551850.from_port": "22",
                            "ingress.931551850.protocol": "tcp",
                            "ingress.931551850.security_groups.#": "0",
                            "ingress.931551850.self": "false",
                            "ingress.931551850.to_port": "22",
                            "ingress.932818497.cidr_blocks.#": "1",
                            "ingress.932818497.cidr_blocks.0": "10.0.0.0/16",
                            "ingress.932818497.from_port": "11207",
                            "ingress.932818497.protocol": "tcp",
                            "ingress.932818497.security_groups.#": "0",
                            "ingress.932818497.self": "false",
                            "ingress.932818497.to_port": "11215",
                            "name": "BLUE_DRAGONAIR_private_secgroup",
                            "owner_id": "093234080301",
                            "tags.%": "3",
                            "tags.Category": "Kordata",
                            "tags.Environment": "Blue-Dragonair",
                            "tags.Name": "BLUE-DRAGONAIR.private.secgroup",
                            "vpc_id": "vpc-14a65173"
                        },
                        "meta": {},
                        "tainted": false
                    },
                    "deposed": [],
                    "provider": ""
                },
                "aws_security_group.web": {
                    "type": "aws_security_group",
                    "depends_on": [
                        "aws_vpc.default"
                    ],
                    "primary": {
                        "id": "sg-dfb9cca6",
                        "attributes": {
                            "description": "Allow incoming HTTP connections.",
                            "egress.#": "18",
                            "egress.111625788.cidr_blocks.#": "1",
                            "egress.111625788.cidr_blocks.0": "10.0.0.0/16",
                            "egress.111625788.from_port": "4985",
                            "egress.111625788.prefix_list_ids.#": "0",
                            "egress.111625788.protocol": "tcp",
                            "egress.111625788.security_groups.#": "0",
                            "egress.111625788.self": "false",
                            "egress.111625788.to_port": "4985",
                            "egress.1401313523.cidr_blocks.#": "1",
                            "egress.1401313523.cidr_blocks.0": "10.0.0.0/16",
                            "egress.1401313523.from_port": "9500",
                            "egress.1401313523.prefix_list_ids.#": "0",
                            "egress.1401313523.protocol": "tcp",
                            "egress.1401313523.security_groups.#": "0",
                            "egress.1401313523.self": "false",
                            "egress.1401313523.to_port": "9500",
                            "egress.1431762526.cidr_blocks.#": "1",
                            "egress.1431762526.cidr_blocks.0": "0.0.0.0/0",
                            "egress.1431762526.from_port": "9418",
                            "egress.1431762526.prefix_list_ids.#": "0",
                            "egress.1431762526.protocol": "tcp",
                            "egress.1431762526.security_groups.#": "0",
                            "egress.1431762526.self": "false",
                            "egress.1431762526.to_port": "9418",
                            "egress.1614566449.cidr_blocks.#": "1",
                            "egress.1614566449.cidr_blocks.0": "10.0.0.0/16",
                            "egress.1614566449.from_port": "18901",
                            "egress.1614566449.prefix_list_ids.#": "0",
                            "egress.1614566449.protocol": "tcp",
                            "egress.1614566449.security_groups.#": "0",
                            "egress.1614566449.self": "false",
                            "egress.1614566449.to_port": "18905",
                            "egress.2214680975.cidr_blocks.#": "1",
                            "egress.2214680975.cidr_blocks.0": "0.0.0.0/0",
                            "egress.2214680975.from_port": "80",
                            "egress.2214680975.prefix_list_ids.#": "0",
                            "egress.2214680975.protocol": "tcp",
                            "egress.2214680975.security_groups.#": "0",
                            "egress.2214680975.self": "false",
                            "egress.2214680975.to_port": "80",
                            "egress.2557024631.cidr_blocks.#": "1",
                            "egress.2557024631.cidr_blocks.0": "10.0.0.0/16",
                            "egress.2557024631.from_port": "4369",
                            "egress.2557024631.prefix_list_ids.#": "0",
                            "egress.2557024631.protocol": "tcp",
                            "egress.2557024631.security_groups.#": "0",
                            "egress.2557024631.self": "false",
                            "egress.2557024631.to_port": "4369",
                            "egress.256376809.cidr_blocks.#": "1",
                            "egress.256376809.cidr_blocks.0": "0.0.0.0/0",
                            "egress.256376809.from_port": "3001",
                            "egress.256376809.prefix_list_ids.#": "0",
                            "egress.256376809.protocol": "tcp",
                            "egress.256376809.security_groups.#": "0",
                            "egress.256376809.self": "false",
                            "egress.256376809.to_port": "3001",
                            "egress.2586488990.cidr_blocks.#": "1",
                            "egress.2586488990.cidr_blocks.0": "10.0.0.0/16",
                            "egress.2586488990.from_port": "5000",
                            "egress.2586488990.prefix_list_ids.#": "0",
                            "egress.2586488990.protocol": "tcp",
                            "egress.2586488990.security_groups.#": "0",
                            "egress.2586488990.self": "false",
                            "egress.2586488990.to_port": "5000",
                            "egress.2617001939.cidr_blocks.#": "1",
                            "egress.2617001939.cidr_blocks.0": "0.0.0.0/0",
                            "egress.2617001939.from_port": "443",
                            "egress.2617001939.prefix_list_ids.#": "0",
                            "egress.2617001939.protocol": "tcp",
                            "egress.2617001939.security_groups.#": "0",
                            "egress.2617001939.self": "false",
                            "egress.2617001939.to_port": "443",
                            "egress.2744435564.cidr_blocks.#": "1",
                            "egress.2744435564.cidr_blocks.0": "0.0.0.0/0",
                            "egress.2744435564.from_port": "4984",
                            "egress.2744435564.prefix_list_ids.#": "0",
                            "egress.2744435564.protocol": "tcp",
                            "egress.2744435564.security_groups.#": "0",
                            "egress.2744435564.self": "false",
                            "egress.2744435564.to_port": "4984",
                            "egress.284779734.cidr_blocks.#": "1",
                            "egress.284779734.cidr_blocks.0": "10.0.0.0/16",
                            "egress.284779734.from_port": "9998",
                            "egress.284779734.prefix_list_ids.#": "0",
                            "egress.284779734.protocol": "tcp",
                            "egress.284779734.security_groups.#": "0",
                            "egress.284779734.self": "false",
                            "egress.284779734.to_port": "9999",
                            "egress.3019688685.cidr_blocks.#": "1",
                            "egress.3019688685.cidr_blocks.0": "10.0.0.0/16",
                            "egress.3019688685.from_port": "21100",
                            "egress.3019688685.prefix_list_ids.#": "0",
                            "egress.3019688685.protocol": "tcp",
                            "egress.3019688685.security_groups.#": "0",
                            "egress.3019688685.self": "false",
                            "egress.3019688685.to_port": "21299",
                            "egress.3464463693.cidr_blocks.#": "1",
                            "egress.3464463693.cidr_blocks.0": "0.0.0.0/0",
                            "egress.3464463693.from_port": "587",
                            "egress.3464463693.prefix_list_ids.#": "0",
                            "egress.3464463693.protocol": "tcp",
                            "egress.3464463693.security_groups.#": "0",
                            "egress.3464463693.self": "false",
                            "egress.3464463693.to_port": "587",
                            "egress.516175195.cidr_blocks.#": "1",
                            "egress.516175195.cidr_blocks.0": "0.0.0.0/0",
                            "egress.516175195.from_port": "8080",
                            "egress.516175195.prefix_list_ids.#": "0",
                            "egress.516175195.protocol": "tcp",
                            "egress.516175195.security_groups.#": "0",
                            "egress.516175195.self": "false",
                            "egress.516175195.to_port": "8080",
                            "egress.623811199.cidr_blocks.#": "1",
                            "egress.623811199.cidr_blocks.0": "0.0.0.0/0",
                            "egress.623811199.from_port": "123",
                            "egress.623811199.prefix_list_ids.#": "0",
                            "egress.623811199.protocol": "tcp",
                            "egress.623811199.security_groups.#": "0",
                            "egress.623811199.self": "false",
                            "egress.623811199.to_port": "123",
                            "egress.848552232.cidr_blocks.#": "1",
                            "egress.848552232.cidr_blocks.0": "10.0.0.0/16",
                            "egress.848552232.from_port": "8091",
                            "egress.848552232.prefix_list_ids.#": "0",
                            "egress.848552232.protocol": "tcp",
                            "egress.848552232.security_groups.#": "0",
                            "egress.848552232.self": "false",
                            "egress.848552232.to_port": "8095",
                            "egress.931551850.cidr_blocks.#": "1",
                            "egress.931551850.cidr_blocks.0": "10.0.0.0/16",
                            "egress.931551850.from_port": "22",
                            "egress.931551850.prefix_list_ids.#": "0",
                            "egress.931551850.protocol": "tcp",
                            "egress.931551850.security_groups.#": "0",
                            "egress.931551850.self": "false",
                            "egress.931551850.to_port": "22",
                            "egress.932818497.cidr_blocks.#": "1",
                            "egress.932818497.cidr_blocks.0": "10.0.0.0/16",
                            "egress.932818497.from_port": "11207",
                            "egress.932818497.prefix_list_ids.#": "0",
                            "egress.932818497.protocol": "tcp",
                            "egress.932818497.security_groups.#": "0",
                            "egress.932818497.self": "false",
                            "egress.932818497.to_port": "11215",
                            "id": "sg-dfb9cca6",
                            "ingress.#": "18",
                            "ingress.111625788.cidr_blocks.#": "1",
                            "ingress.111625788.cidr_blocks.0": "10.0.0.0/16",
                            "ingress.111625788.from_port": "4985",
                            "ingress.111625788.protocol": "tcp",
                            "ingress.111625788.security_groups.#": "0",
                            "ingress.111625788.self": "false",
                            "ingress.111625788.to_port": "4985",
                            "ingress.1401313523.cidr_blocks.#": "1",
                            "ingress.1401313523.cidr_blocks.0": "10.0.0.0/16",
                            "ingress.1401313523.from_port": "9500",
                            "ingress.1401313523.protocol": "tcp",
                            "ingress.1401313523.security_groups.#": "0",
                            "ingress.1401313523.self": "false",
                            "ingress.1401313523.to_port": "9500",
                            "ingress.1431762526.cidr_blocks.#": "1",
                            "ingress.1431762526.cidr_blocks.0": "0.0.0.0/0",
                            "ingress.1431762526.from_port": "9418",
                            "ingress.1431762526.protocol": "tcp",
                            "ingress.1431762526.security_groups.#": "0",
                            "ingress.1431762526.self": "false",
                            "ingress.1431762526.to_port": "9418",
                            "ingress.2214680975.cidr_blocks.#": "1",
                            "ingress.2214680975.cidr_blocks.0": "0.0.0.0/0",
                            "ingress.2214680975.from_port": "80",
                            "ingress.2214680975.protocol": "tcp",
                            "ingress.2214680975.security_groups.#": "0",
                            "ingress.2214680975.self": "false",
                            "ingress.2214680975.to_port": "80",
                            "ingress.2419663769.cidr_blocks.#": "1",
                            "ingress.2419663769.cidr_blocks.0": "0.0.0.0/0",
                            "ingress.2419663769.from_port": "5555",
                            "ingress.2419663769.protocol": "tcp",
                            "ingress.2419663769.security_groups.#": "0",
                            "ingress.2419663769.self": "false",
                            "ingress.2419663769.to_port": "5555",
                            "ingress.2491066110.cidr_blocks.#": "1",
                            "ingress.2491066110.cidr_blocks.0": "0.0.0.0/0",
                            "ingress.2491066110.from_port": "5000",
                            "ingress.2491066110.protocol": "tcp",
                            "ingress.2491066110.security_groups.#": "0",
                            "ingress.2491066110.self": "false",
                            "ingress.2491066110.to_port": "5000",
                            "ingress.2557024631.cidr_blocks.#": "1",
                            "ingress.2557024631.cidr_blocks.0": "10.0.0.0/16",
                            "ingress.2557024631.from_port": "4369",
                            "ingress.2557024631.protocol": "tcp",
                            "ingress.2557024631.security_groups.#": "0",
                            "ingress.2557024631.self": "false",
                            "ingress.2557024631.to_port": "4369",
                            "ingress.25588851.cidr_blocks.#": "1",
                            "ingress.25588851.cidr_blocks.0": "10.0.0.0/16",
                            "ingress.25588851.from_port": "18091",
                            "ingress.25588851.protocol": "tcp",
                            "ingress.25588851.security_groups.#": "0",
                            "ingress.25588851.self": "false",
                            "ingress.25588851.to_port": "18092",
                            "ingress.256376809.cidr_blocks.#": "1",
                            "ingress.256376809.cidr_blocks.0": "0.0.0.0/0",
                            "ingress.256376809.from_port": "3001",
                            "ingress.256376809.protocol": "tcp",
                            "ingress.256376809.security_groups.#": "0",
                            "ingress.256376809.self": "false",
                            "ingress.256376809.to_port": "3001",
                            "ingress.2617001939.cidr_blocks.#": "1",
                            "ingress.2617001939.cidr_blocks.0": "0.0.0.0/0",
                            "ingress.2617001939.from_port": "443",
                            "ingress.2617001939.protocol": "tcp",
                            "ingress.2617001939.security_groups.#": "0",
                            "ingress.2617001939.self": "false",
                            "ingress.2617001939.to_port": "443",
                            "ingress.2744435564.cidr_blocks.#": "1",
                            "ingress.2744435564.cidr_blocks.0": "0.0.0.0/0",
                            "ingress.2744435564.from_port": "4984",
                            "ingress.2744435564.protocol": "tcp",
                            "ingress.2744435564.security_groups.#": "0",
                            "ingress.2744435564.self": "false",
                            "ingress.2744435564.to_port": "4984",
                            "ingress.284779734.cidr_blocks.#": "1",
                            "ingress.284779734.cidr_blocks.0": "10.0.0.0/16",
                            "ingress.284779734.from_port": "9998",
                            "ingress.284779734.protocol": "tcp",
                            "ingress.284779734.security_groups.#": "0",
                            "ingress.284779734.self": "false",
                            "ingress.284779734.to_port": "9999",
                            "ingress.2863568401.cidr_blocks.#": "1",
                            "ingress.2863568401.cidr_blocks.0": "10.0.0.0/16",
                            "ingress.2863568401.from_port": "9100",
                            "ingress.2863568401.protocol": "tcp",
                            "ingress.2863568401.security_groups.#": "0",
                            "ingress.2863568401.self": "false",
                            "ingress.2863568401.to_port": "9105",
                            "ingress.3019688685.cidr_blocks.#": "1",
                            "ingress.3019688685.cidr_blocks.0": "10.0.0.0/16",
                            "ingress.3019688685.from_port": "21100",
                            "ingress.3019688685.protocol": "tcp",
                            "ingress.3019688685.security_groups.#": "0",
                            "ingress.3019688685.self": "false",
                            "ingress.3019688685.to_port": "21299",
                            "ingress.433339597.cidr_blocks.#": "1",
                            "ingress.433339597.cidr_blocks.0": "0.0.0.0/0",
                            "ingress.433339597.from_port": "8888",
                            "ingress.433339597.protocol": "tcp",
                            "ingress.433339597.security_groups.#": "0",
                            "ingress.433339597.self": "false",
                            "ingress.433339597.to_port": "8888",
                            "ingress.542945394.cidr_blocks.#": "1",
                            "ingress.542945394.cidr_blocks.0": "10.0.0.0/16",
                            "ingress.542945394.from_port": "8080",
                            "ingress.542945394.protocol": "tcp",
                            "ingress.542945394.security_groups.#": "0",
                            "ingress.542945394.self": "false",
                            "ingress.542945394.to_port": "8080",
                            "ingress.931551850.cidr_blocks.#": "1",
                            "ingress.931551850.cidr_blocks.0": "10.0.0.0/16",
                            "ingress.931551850.from_port": "22",
                            "ingress.931551850.protocol": "tcp",
                            "ingress.931551850.security_groups.#": "0",
                            "ingress.931551850.self": "false",
                            "ingress.931551850.to_port": "22",
                            "ingress.932818497.cidr_blocks.#": "1",
                            "ingress.932818497.cidr_blocks.0": "10.0.0.0/16",
                            "ingress.932818497.from_port": "11207",
                            "ingress.932818497.protocol": "tcp",
                            "ingress.932818497.security_groups.#": "0",
                            "ingress.932818497.self": "false",
                            "ingress.932818497.to_port": "11215",
                            "name": "BLUE_DRAGONAIR_public_secgroup",
                            "owner_id": "093234080301",
                            "tags.%": "3",
                            "tags.Category": "Kordata",
                            "tags.Environment": "Blue-Dragonair",
                            "tags.Name": "BLUE-DRAGONAIR.public.secgroup",
                            "vpc_id": "vpc-14a65173"
                        },
                        "meta": {},
                        "tainted": false
                    },
                    "deposed": [],
                    "provider": ""
                },
                "aws_subnet.us-west-2a-private": {
                    "type": "aws_subnet",
                    "depends_on": [
                        "aws_vpc.default"
                    ],
                    "primary": {
                        "id": "subnet-c52a39a1",
                        "attributes": {
                            "availability_zone": "us-west-2a",
                            "cidr_block": "10.0.18.0/24",
                            "id": "subnet-c52a39a1",
                            "map_public_ip_on_launch": "false",
                            "tags.%": "3",
                            "tags.Category": "Kordata",
                            "tags.Environment": "Blue-Dragonair",
                            "tags.Name": "BLUE-DRAGONAIR-private-2a",
                            "vpc_id": "vpc-14a65173"
                        },
                        "meta": {},
                        "tainted": false
                    },
                    "deposed": [],
                    "provider": ""
                },
                "aws_subnet.us-west-2a-public": {
                    "type": "aws_subnet",
                    "depends_on": [
                        "aws_vpc.default"
                    ],
                    "primary": {
                        "id": "subnet-fb2a399f",
                        "attributes": {
                            "availability_zone": "us-west-2a",
                            "cidr_block": "10.0.16.0/24",
                            "id": "subnet-fb2a399f",
                            "map_public_ip_on_launch": "false",
                            "tags.%": "3",
                            "tags.Category": "Kordata",
                            "tags.Environment": "Blue-Dragonair",
                            "tags.Name": "BLUE-DRAGONAIR-public-2a",
                            "vpc_id": "vpc-14a65173"
                        },
                        "meta": {},
                        "tainted": false
                    },
                    "deposed": [],
                    "provider": ""
                },
                "aws_subnet.us-west-2b-private": {
                    "type": "aws_subnet",
                    "depends_on": [
                        "aws_vpc.default"
                    ],
                    "primary": {
                        "id": "subnet-27deeb51",
                        "attributes": {
                            "availability_zone": "us-west-2b",
                            "cidr_block": "10.0.19.0/24",
                            "id": "subnet-27deeb51",
                            "map_public_ip_on_launch": "false",
                            "tags.%": "3",
                            "tags.Category": "Kordata",
                            "tags.Environment": "Blue-Dragonair",
                            "tags.Name": "BLUE-DRAGONAIR-private-2b",
                            "vpc_id": "vpc-14a65173"
                        },
                        "meta": {},
                        "tainted": false
                    },
                    "deposed": [],
                    "provider": ""
                },
                "aws_subnet.us-west-2b-public": {
                    "type": "aws_subnet",
                    "depends_on": [
                        "aws_vpc.default"
                    ],
                    "primary": {
                        "id": "subnet-39deeb4f",
                        "attributes": {
                            "availability_zone": "us-west-2b",
                            "cidr_block": "10.0.17.0/24",
                            "id": "subnet-39deeb4f",
                            "map_public_ip_on_launch": "false",
                            "tags.%": "3",
                            "tags.Category": "Kordata",
                            "tags.Environment": "Blue-Dragonair",
                            "tags.Name": "BLUE-DRAGONAIR-public-2b",
                            "vpc_id": "vpc-14a65173"
                        },
                        "meta": {},
                        "tainted": false
                    },
                    "deposed": [],
                    "provider": ""
                },
                "aws_vpc.default": {
                    "type": "aws_vpc",
                    "depends_on": [],
                    "primary": {
                        "id": "vpc-14a65173",
                        "attributes": {
                            "cidr_block": "10.0.16.0/22",
                            "default_network_acl_id": "acl-6a9d4e0d",
                            "default_route_table_id": "rtb-5ec67b39",
                            "default_security_group_id": "sg-e7b9cc9e",
                            "dhcp_options_id": "dopt-71bc1514",
                            "enable_classiclink": "false",
                            "enable_dns_hostnames": "true",
                            "enable_dns_support": "true",
                            "id": "vpc-14a65173",
                            "instance_tenancy": "default",
                            "main_route_table_id": "rtb-5ec67b39",
                            "tags.%": "3",
                            "tags.Category": "Kordata",
                            "tags.Environment": "Blue-Dragonair",
                            "tags.Name": "BLUE-DRAGONAIR-kordata"
                        },
                        "meta": {},
                        "tainted": false
                    },
                    "deposed": [],
                    "provider": ""
                },
                "null_resource.couchbase_cluster_formation": {
                    "type": "null_resource",
                    "depends_on": [
                        "aws_instance.bastion",
                        "aws_instance.bastion",
                        "aws_instance.couchbase_cluster_node1",
                        "aws_instance.couchbase_cluster_node1",
                        "aws_instance.couchbase_cluster_node1",
                        "aws_instance.couchbase_cluster_node2",
                        "aws_instance.couchbase_cluster_node2",
                        "aws_instance.couchbase_cluster_node3",
                        "aws_instance.couchbase_cluster_node3"
                    ],
                    "primary": {
                        "id": "7152077965341745538",
                        "attributes": {
                            "id": "7152077965341745538",
                            "triggers.%": "4",
                            "triggers.bastion_host_public_ip": "35.161.158.129",
                            "triggers.couchbase_node1_private_ip": "10.0.18.19",
                            "triggers.couchbase_node2_private_ip": "10.0.18.62",
                            "triggers.couchbase_node3_private_ip": "10.0.18.164"
                        },
                        "meta": {},
                        "tainted": false
                    },
                    "deposed": [],
                    "provider": ""
                }
            },
            "depends_on": []
        }
    ]
}
